{
  "version": 4,
  "terraform_version": "1.2.9",
  "serial": 6040,
  "lineage": "cad2499a-dc7e-ce8a-92d9-1b37226a1961",
  "outputs": {},
  "resources": [
    {
      "mode": "managed",
      "type": "cloudflare_filter",
      "name": "ALLOWED_IP",
      "provider": "provider[\"registry.terraform.io/cloudflare/cloudflare\"]",
      "instances": [
        {
          "index_key": 0,
          "schema_version": 0,
          "attributes": {
            "description": "Allowed IPs attempts which are accessable to the system",
            "expression": "(ip.src in {20.236.121.156 20.218.208.121 65.52.238.152 20.113.47.1})",
            "id": "121a7d2c5e2b4a8aaf9455b23ea971a1",
            "paused": false,
            "ref": "",
            "zone_id": "bc945a30f0f6592727d4752ecedbe0b1"
          },
          "sensitive_attributes": [],
          "private": "bnVsbA=="
        },
        {
          "index_key": 1,
          "schema_version": 0,
          "attributes": {
            "description": "Bot score greater then five",
            "expression": "(cf.bot_management.score gt 2)",
            "id": "ca5c6136f4ba4b12ba403fd06d52c7b1",
            "paused": false,
            "ref": "",
            "zone_id": "bc945a30f0f6592727d4752ecedbe0b1"
          },
          "sensitive_attributes": [],
          "private": "bnVsbA=="
        },
        {
          "index_key": 2,
          "schema_version": 0,
          "attributes": {
            "description": "Log Verified Bots filter",
            "expression": "(cf.bot_management.score lt 1)",
            "id": "fbfc4c211ffd494d840c9cd4fe23e5e5",
            "paused": false,
            "ref": "",
            "zone_id": "bc945a30f0f6592727d4752ecedbe0b1"
          },
          "sensitive_attributes": [],
          "private": "bnVsbA=="
        },
        {
          "index_key": 3,
          "schema_version": 0,
          "attributes": {
            "description": "Log Bot Score 1 filter",
            "expression": "(cf.bot_management.score eq 1)",
            "id": "3aa2481c78c24135b35e072890c18ea3",
            "paused": false,
            "ref": "",
            "zone_id": "bc945a30f0f6592727d4752ecedbe0b1"
          },
          "sensitive_attributes": [],
          "private": "bnVsbA=="
        },
        {
          "index_key": 4,
          "schema_version": 0,
          "attributes": {
            "description": "AEM_Allow_Rule filter",
            "expression": "(http.request.full_uri contains \"aem-perf\")",
            "id": "6dd9ab6d6b304bc98798c17e1cfc9f67",
            "paused": false,
            "ref": "",
            "zone_id": "bc945a30f0f6592727d4752ecedbe0b1"
          },
          "sensitive_attributes": [],
          "private": "bnVsbA=="
        },
        {
          "index_key": 5,
          "schema_version": 0,
          "attributes": {
            "description": "Allowed IPs attempts which are accessable to the system",
            "expression": "(ip.src in {20.236.121.156 20.218.208.121 65.52.238.152 20.113.47.1})",
            "id": "a790c510a89d4dbf9e3cfd7818351405",
            "paused": false,
            "ref": "",
            "zone_id": "41f222bfe675f10c038e668167848c85"
          },
          "sensitive_attributes": [],
          "private": "bnVsbA=="
        },
        {
          "index_key": 6,
          "schema_version": 0,
          "attributes": {
            "description": "Bot score greater then five",
            "expression": "(cf.bot_management.score gt 2)",
            "id": "99aba1c9d368493a9f69d0aaf777dfa7",
            "paused": false,
            "ref": "",
            "zone_id": "41f222bfe675f10c038e668167848c85"
          },
          "sensitive_attributes": [],
          "private": "bnVsbA=="
        },
        {
          "index_key": 7,
          "schema_version": 0,
          "attributes": {
            "description": "Log Verified Bots filter",
            "expression": "(cf.bot_management.score lt 1)",
            "id": "ed56624bd6bd49c4a2ac25dae1aa9bdb",
            "paused": false,
            "ref": "",
            "zone_id": "41f222bfe675f10c038e668167848c85"
          },
          "sensitive_attributes": [],
          "private": "bnVsbA=="
        },
        {
          "index_key": 8,
          "schema_version": 0,
          "attributes": {
            "description": "Log Bot Score 1 filter",
            "expression": "(cf.bot_management.score eq 1)",
            "id": "f04d0c5f306f41c3aeb63bf54b3e548e",
            "paused": false,
            "ref": "",
            "zone_id": "41f222bfe675f10c038e668167848c85"
          },
          "sensitive_attributes": [],
          "private": "bnVsbA=="
        },
        {
          "index_key": 9,
          "schema_version": 0,
          "attributes": {
            "description": "AEM_Allow_Rule filter",
            "expression": "(http.request.full_uri contains \"aem-perf\")",
            "id": "52364fe7a63f4587b0bf468d3ddbae93",
            "paused": false,
            "ref": "",
            "zone_id": "41f222bfe675f10c038e668167848c85"
          },
          "sensitive_attributes": [],
          "private": "bnVsbA=="
        },
        {
          "index_key": 10,
          "schema_version": 0,
          "attributes": {
            "description": "Allowed IPs attempts which are accessable to the system",
            "expression": "(ip.src in {20.236.121.156 20.218.208.121 65.52.238.152 20.113.47.1})",
            "id": "45fb7c9481074401a583b4c300b29ce4",
            "paused": false,
            "ref": "",
            "zone_id": "1295162607c66f092bafa705fcc9e406"
          },
          "sensitive_attributes": [],
          "private": "bnVsbA=="
        },
        {
          "index_key": 11,
          "schema_version": 0,
          "attributes": {
            "description": "Bot score greater then five",
            "expression": "(cf.bot_management.score gt 2)",
            "id": "c53cb0ba33f040798aec08c13aa22e3a",
            "paused": false,
            "ref": "",
            "zone_id": "1295162607c66f092bafa705fcc9e406"
          },
          "sensitive_attributes": [],
          "private": "bnVsbA=="
        },
        {
          "index_key": 12,
          "schema_version": 0,
          "attributes": {
            "description": "Log Verified Bots filter",
            "expression": "(cf.bot_management.score lt 1)",
            "id": "aee12ea8f3fc4897b78b2a3c4bcc7dcc",
            "paused": false,
            "ref": "",
            "zone_id": "1295162607c66f092bafa705fcc9e406"
          },
          "sensitive_attributes": [],
          "private": "bnVsbA=="
        },
        {
          "index_key": 13,
          "schema_version": 0,
          "attributes": {
            "description": "Log Bot Score 1 filter",
            "expression": "(cf.bot_management.score eq 1)",
            "id": "4b8f6dc0a25a49d5ad616f6b60236c0b",
            "paused": false,
            "ref": "",
            "zone_id": "1295162607c66f092bafa705fcc9e406"
          },
          "sensitive_attributes": [],
          "private": "bnVsbA=="
        },
        {
          "index_key": 14,
          "schema_version": 0,
          "attributes": {
            "description": "AEM_Allow_Rule filter",
            "expression": "(http.request.full_uri contains \"aem-perf\")",
            "id": "807ca1b432f64d688fbf071b2fec2af8",
            "paused": false,
            "ref": "",
            "zone_id": "1295162607c66f092bafa705fcc9e406"
          },
          "sensitive_attributes": [],
          "private": "bnVsbA=="
        },
        {
          "index_key": 15,
          "schema_version": 0,
          "attributes": {
            "description": "Allowed IPs attempts which are accessable to the system",
            "expression": "(ip.src in {20.236.121.156 20.218.208.121 65.52.238.152 20.113.47.1})",
            "id": "d6d78fccb3664a9e89a6f8828daafdcf",
            "paused": false,
            "ref": "",
            "zone_id": "e12ce5eb163d50a7520524716248c558"
          },
          "sensitive_attributes": [],
          "private": "bnVsbA=="
        },
        {
          "index_key": 16,
          "schema_version": 0,
          "attributes": {
            "description": "Bot score greater then five",
            "expression": "(cf.bot_management.score gt 2)",
            "id": "ef2bc727843f4861954ce94a8665b022",
            "paused": false,
            "ref": "",
            "zone_id": "e12ce5eb163d50a7520524716248c558"
          },
          "sensitive_attributes": [],
          "private": "bnVsbA=="
        },
        {
          "index_key": 17,
          "schema_version": 0,
          "attributes": {
            "description": "Log Verified Bots filter",
            "expression": "(cf.bot_management.score lt 1)",
            "id": "a357537b96f64cfd938a9db0cbea52f1",
            "paused": false,
            "ref": "",
            "zone_id": "e12ce5eb163d50a7520524716248c558"
          },
          "sensitive_attributes": [],
          "private": "bnVsbA=="
        },
        {
          "index_key": 18,
          "schema_version": 0,
          "attributes": {
            "description": "Log Bot Score 1 filter",
            "expression": "(cf.bot_management.score eq 1)",
            "id": "b2f668e9b64044c9a26acf61dcf2f2ce",
            "paused": false,
            "ref": "",
            "zone_id": "e12ce5eb163d50a7520524716248c558"
          },
          "sensitive_attributes": [],
          "private": "bnVsbA=="
        },
        {
          "index_key": 19,
          "schema_version": 0,
          "attributes": {
            "description": "AEM_Allow_Rule filter",
            "expression": "(http.request.full_uri contains \"aem-perf\")",
            "id": "e338941667734c20ab7d519a70a01cec",
            "paused": false,
            "ref": "",
            "zone_id": "e12ce5eb163d50a7520524716248c558"
          },
          "sensitive_attributes": [],
          "private": "bnVsbA=="
        },
        {
          "index_key": 20,
          "schema_version": 0,
          "attributes": {
            "description": "Allowed IPs attempts which are accessable to the system",
            "expression": "(ip.src in {20.236.121.156 20.218.208.121 65.52.238.152 20.113.47.1})",
            "id": "91a39510c3a44b36a5c8cc0fa358b63f",
            "paused": false,
            "ref": "",
            "zone_id": "ab2f4f118ab70e9fc5f426543c055416"
          },
          "sensitive_attributes": [],
          "private": "bnVsbA=="
        },
        {
          "index_key": 21,
          "schema_version": 0,
          "attributes": {
            "description": "Bot score greater then five",
            "expression": "(cf.bot_management.score gt 2)",
            "id": "9387f37b413443138975620e10542a02",
            "paused": false,
            "ref": "",
            "zone_id": "ab2f4f118ab70e9fc5f426543c055416"
          },
          "sensitive_attributes": [],
          "private": "bnVsbA=="
        },
        {
          "index_key": 22,
          "schema_version": 0,
          "attributes": {
            "description": "Log Verified Bots filter",
            "expression": "(cf.bot_management.score lt 1)",
            "id": "6cc94410de574b2b99118bab08381587",
            "paused": false,
            "ref": "",
            "zone_id": "ab2f4f118ab70e9fc5f426543c055416"
          },
          "sensitive_attributes": [],
          "private": "bnVsbA=="
        },
        {
          "index_key": 23,
          "schema_version": 0,
          "attributes": {
            "description": "Log Bot Score 1 filter",
            "expression": "(cf.bot_management.score eq 1)",
            "id": "4665471f043b492ba9ec155b2306785a",
            "paused": false,
            "ref": "",
            "zone_id": "ab2f4f118ab70e9fc5f426543c055416"
          },
          "sensitive_attributes": [],
          "private": "bnVsbA=="
        },
        {
          "index_key": 24,
          "schema_version": 0,
          "attributes": {
            "description": "AEM_Allow_Rule filter",
            "expression": "(http.request.full_uri contains \"aem-perf\")",
            "id": "d3d8e01ca07749e29ba612b6a30f289a",
            "paused": false,
            "ref": "",
            "zone_id": "ab2f4f118ab70e9fc5f426543c055416"
          },
          "sensitive_attributes": [],
          "private": "bnVsbA=="
        },
        {
          "index_key": 25,
          "schema_version": 0,
          "attributes": {
            "description": "Allowed IPs attempts which are accessable to the system",
            "expression": "(ip.src in {20.236.121.156 20.218.208.121 65.52.238.152 20.113.47.1})",
            "id": "da2c994682974b71b7b307babc677351",
            "paused": false,
            "ref": "",
            "zone_id": "63c5ceb68b001c2a98db309eb9d7c4b9"
          },
          "sensitive_attributes": [],
          "private": "bnVsbA=="
        },
        {
          "index_key": 26,
          "schema_version": 0,
          "attributes": {
            "description": "Bot score greater then five",
            "expression": "(cf.bot_management.score gt 2)",
            "id": "95d7ff3d6a5f4cdabd7db487f1448572",
            "paused": false,
            "ref": "",
            "zone_id": "63c5ceb68b001c2a98db309eb9d7c4b9"
          },
          "sensitive_attributes": [],
          "private": "bnVsbA=="
        },
        {
          "index_key": 27,
          "schema_version": 0,
          "attributes": {
            "description": "Log Verified Bots filter",
            "expression": "(cf.bot_management.score lt 1)",
            "id": "d2a17640910a44faae6ee8f0cc1103cc",
            "paused": false,
            "ref": "",
            "zone_id": "63c5ceb68b001c2a98db309eb9d7c4b9"
          },
          "sensitive_attributes": [],
          "private": "bnVsbA=="
        },
        {
          "index_key": 28,
          "schema_version": 0,
          "attributes": {
            "description": "Log Bot Score 1 filter",
            "expression": "(cf.bot_management.score eq 1)",
            "id": "4a4953eaadf74cc980e41ca7364d0155",
            "paused": false,
            "ref": "",
            "zone_id": "63c5ceb68b001c2a98db309eb9d7c4b9"
          },
          "sensitive_attributes": [],
          "private": "bnVsbA=="
        },
        {
          "index_key": 29,
          "schema_version": 0,
          "attributes": {
            "description": "AEM_Allow_Rule filter",
            "expression": "(http.request.full_uri contains \"aem-perf\")",
            "id": "6ca197785b0145c0956ace4ec25d09ea",
            "paused": false,
            "ref": "",
            "zone_id": "63c5ceb68b001c2a98db309eb9d7c4b9"
          },
          "sensitive_attributes": [],
          "private": "bnVsbA=="
        },
        {
          "index_key": 30,
          "schema_version": 0,
          "attributes": {
            "description": "Allowed IPs attempts which are accessable to the system",
            "expression": "(ip.src in {20.236.121.156 20.218.208.121 65.52.238.152 20.113.47.1})",
            "id": "29b981e23e7448d29d74ab5ecec03dc9",
            "paused": false,
            "ref": "",
            "zone_id": "5a9e368a43e3ff841bbb8dac3cc1254c"
          },
          "sensitive_attributes": [],
          "private": "bnVsbA=="
        },
        {
          "index_key": 31,
          "schema_version": 0,
          "attributes": {
            "description": "Bot score greater then five",
            "expression": "(cf.bot_management.score gt 2)",
            "id": "5b9b9cd95a04445c82d077e46cac2c9d",
            "paused": false,
            "ref": "",
            "zone_id": "5a9e368a43e3ff841bbb8dac3cc1254c"
          },
          "sensitive_attributes": [],
          "private": "bnVsbA=="
        },
        {
          "index_key": 32,
          "schema_version": 0,
          "attributes": {
            "description": "Log Verified Bots filter",
            "expression": "(cf.bot_management.score lt 1)",
            "id": "123615dd82414dc7a5ea55b232ecefec",
            "paused": false,
            "ref": "",
            "zone_id": "5a9e368a43e3ff841bbb8dac3cc1254c"
          },
          "sensitive_attributes": [],
          "private": "bnVsbA=="
        },
        {
          "index_key": 33,
          "schema_version": 0,
          "attributes": {
            "description": "Log Bot Score 1 filter",
            "expression": "(cf.bot_management.score eq 1)",
            "id": "2f3e09c112754adf88683933d9c71b22",
            "paused": false,
            "ref": "",
            "zone_id": "5a9e368a43e3ff841bbb8dac3cc1254c"
          },
          "sensitive_attributes": [],
          "private": "bnVsbA=="
        },
        {
          "index_key": 34,
          "schema_version": 0,
          "attributes": {
            "description": "AEM_Allow_Rule filter",
            "expression": "(http.request.full_uri contains \"aem-perf\")",
            "id": "12823d83fe6f4d159044cd199a7b3146",
            "paused": false,
            "ref": "",
            "zone_id": "5a9e368a43e3ff841bbb8dac3cc1254c"
          },
          "sensitive_attributes": [],
          "private": "bnVsbA=="
        },
        {
          "index_key": 35,
          "schema_version": 0,
          "attributes": {
            "description": "Allowed IPs attempts which are accessable to the system",
            "expression": "(ip.src in {20.236.121.156 20.218.208.121 65.52.238.152 20.113.47.1})",
            "id": "d5c2a7e1f0cf4458bf978be21aee1a9e",
            "paused": false,
            "ref": "",
            "zone_id": "5706148d9e93cc41ce218f7a78f37b09"
          },
          "sensitive_attributes": [],
          "private": "bnVsbA=="
        },
        {
          "index_key": 36,
          "schema_version": 0,
          "attributes": {
            "description": "Bot score greater then five",
            "expression": "(cf.bot_management.score gt 2)",
            "id": "283453b7317148408204f1c92bdc0f5f",
            "paused": false,
            "ref": "",
            "zone_id": "5706148d9e93cc41ce218f7a78f37b09"
          },
          "sensitive_attributes": [],
          "private": "bnVsbA=="
        },
        {
          "index_key": 37,
          "schema_version": 0,
          "attributes": {
            "description": "Log Verified Bots filter",
            "expression": "(cf.bot_management.score lt 1)",
            "id": "1464fe9bbbf84479b06e8d7ecd2663ea",
            "paused": false,
            "ref": "",
            "zone_id": "5706148d9e93cc41ce218f7a78f37b09"
          },
          "sensitive_attributes": [],
          "private": "bnVsbA=="
        },
        {
          "index_key": 38,
          "schema_version": 0,
          "attributes": {
            "description": "Log Bot Score 1 filter",
            "expression": "(cf.bot_management.score eq 1)",
            "id": "bd3cb1c39739443db1a7fca4f8c2b822",
            "paused": false,
            "ref": "",
            "zone_id": "5706148d9e93cc41ce218f7a78f37b09"
          },
          "sensitive_attributes": [],
          "private": "bnVsbA=="
        },
        {
          "index_key": 39,
          "schema_version": 0,
          "attributes": {
            "description": "AEM_Allow_Rule filter",
            "expression": "(http.request.full_uri contains \"aem-perf\")",
            "id": "3c2b0fe29bc34e1d88bc62607294acf6",
            "paused": false,
            "ref": "",
            "zone_id": "5706148d9e93cc41ce218f7a78f37b09"
          },
          "sensitive_attributes": [],
          "private": "bnVsbA=="
        },
        {
          "index_key": 40,
          "schema_version": 0,
          "attributes": {
            "description": "Allowed IPs attempts which are accessable to the system",
            "expression": "(ip.src in {20.236.121.156 20.218.208.121 65.52.238.152 20.113.47.1})",
            "id": "aaa86a14126c4290a671d75e26549913",
            "paused": false,
            "ref": "",
            "zone_id": "9ac76bca3b1aef392c8ffe71473d1072"
          },
          "sensitive_attributes": [],
          "private": "bnVsbA=="
        },
        {
          "index_key": 41,
          "schema_version": 0,
          "attributes": {
            "description": "Bot score greater then five",
            "expression": "(cf.bot_management.score gt 2)",
            "id": "4d4b1fc4f9e14da98e3f15f81b50e191",
            "paused": false,
            "ref": "",
            "zone_id": "9ac76bca3b1aef392c8ffe71473d1072"
          },
          "sensitive_attributes": [],
          "private": "bnVsbA=="
        },
        {
          "index_key": 42,
          "schema_version": 0,
          "attributes": {
            "description": "Log Verified Bots filter",
            "expression": "(cf.bot_management.score lt 1)",
            "id": "0ad237a73a5e46d1bef13ee0d525ed89",
            "paused": false,
            "ref": "",
            "zone_id": "9ac76bca3b1aef392c8ffe71473d1072"
          },
          "sensitive_attributes": [],
          "private": "bnVsbA=="
        },
        {
          "index_key": 43,
          "schema_version": 0,
          "attributes": {
            "description": "Log Bot Score 1 filter",
            "expression": "(cf.bot_management.score eq 1)",
            "id": "5a9d0024658646329d25258e361fe7ac",
            "paused": false,
            "ref": "",
            "zone_id": "9ac76bca3b1aef392c8ffe71473d1072"
          },
          "sensitive_attributes": [],
          "private": "bnVsbA=="
        },
        {
          "index_key": 44,
          "schema_version": 0,
          "attributes": {
            "description": "AEM_Allow_Rule filter",
            "expression": "(http.request.full_uri contains \"aem-perf\")",
            "id": "e3a1b8e34214409781a4db1772c8ab73",
            "paused": false,
            "ref": "",
            "zone_id": "9ac76bca3b1aef392c8ffe71473d1072"
          },
          "sensitive_attributes": [],
          "private": "bnVsbA=="
        },
        {
          "index_key": 45,
          "schema_version": 0,
          "attributes": {
            "description": "Allowed IPs attempts which are accessable to the system",
            "expression": "(ip.src in {20.236.121.156 20.218.208.121 65.52.238.152 20.113.47.1})",
            "id": "2f74f6e507724642acf968bc49fbbf74",
            "paused": false,
            "ref": "",
            "zone_id": "eae83c0029a6397afd56fe75a04b9a9c"
          },
          "sensitive_attributes": [],
          "private": "bnVsbA=="
        },
        {
          "index_key": 46,
          "schema_version": 0,
          "attributes": {
            "description": "Bot score greater then five",
            "expression": "(cf.bot_management.score gt 2)",
            "id": "bbd11242398d4a2099294f1a9be5a546",
            "paused": false,
            "ref": "",
            "zone_id": "eae83c0029a6397afd56fe75a04b9a9c"
          },
          "sensitive_attributes": [],
          "private": "bnVsbA=="
        },
        {
          "index_key": 47,
          "schema_version": 0,
          "attributes": {
            "description": "Log Verified Bots filter",
            "expression": "(cf.bot_management.score lt 1)",
            "id": "80cc0c4d24cc4df1aa920aa128a86c8e",
            "paused": false,
            "ref": "",
            "zone_id": "eae83c0029a6397afd56fe75a04b9a9c"
          },
          "sensitive_attributes": [],
          "private": "bnVsbA=="
        },
        {
          "index_key": 48,
          "schema_version": 0,
          "attributes": {
            "description": "Log Bot Score 1 filter",
            "expression": "(cf.bot_management.score eq 1)",
            "id": "149d9755859a4b9aa8bb2296a814cb07",
            "paused": false,
            "ref": "",
            "zone_id": "eae83c0029a6397afd56fe75a04b9a9c"
          },
          "sensitive_attributes": [],
          "private": "bnVsbA=="
        },
        {
          "index_key": 49,
          "schema_version": 0,
          "attributes": {
            "description": "AEM_Allow_Rule filter",
            "expression": "(http.request.full_uri contains \"aem-perf\")",
            "id": "86a1b72660394971882118f424596933",
            "paused": false,
            "ref": "",
            "zone_id": "eae83c0029a6397afd56fe75a04b9a9c"
          },
          "sensitive_attributes": [],
          "private": "bnVsbA=="
        },
        {
          "index_key": 50,
          "schema_version": 0,
          "attributes": {
            "description": "Allowed IPs attempts which are accessable to the system",
            "expression": "(ip.src in {20.236.121.156 20.218.208.121 65.52.238.152 20.113.47.1})",
            "id": "8dfb3aa92f3a445eafc2ee09d5f4e9e4",
            "paused": false,
            "ref": "",
            "zone_id": "0e19cd749d67d0924fb9265f8cb933b1"
          },
          "sensitive_attributes": [],
          "private": "bnVsbA=="
        },
        {
          "index_key": 51,
          "schema_version": 0,
          "attributes": {
            "description": "Bot score greater then five",
            "expression": "(cf.bot_management.score gt 2)",
            "id": "2ff2c008395541ad9e8ab267efba46cd",
            "paused": false,
            "ref": "",
            "zone_id": "0e19cd749d67d0924fb9265f8cb933b1"
          },
          "sensitive_attributes": [],
          "private": "bnVsbA=="
        },
        {
          "index_key": 52,
          "schema_version": 0,
          "attributes": {
            "description": "Log Verified Bots filter",
            "expression": "(cf.bot_management.score lt 1)",
            "id": "33de583083974d36bb4d040b3556cdf3",
            "paused": false,
            "ref": "",
            "zone_id": "0e19cd749d67d0924fb9265f8cb933b1"
          },
          "sensitive_attributes": [],
          "private": "bnVsbA=="
        },
        {
          "index_key": 53,
          "schema_version": 0,
          "attributes": {
            "description": "Log Bot Score 1 filter",
            "expression": "(cf.bot_management.score eq 1)",
            "id": "9f1fedbe1bd44ea3be4faf1009c6e24d",
            "paused": false,
            "ref": "",
            "zone_id": "0e19cd749d67d0924fb9265f8cb933b1"
          },
          "sensitive_attributes": [],
          "private": "bnVsbA=="
        },
        {
          "index_key": 54,
          "schema_version": 0,
          "attributes": {
            "description": "AEM_Allow_Rule filter",
            "expression": "(http.request.full_uri contains \"aem-perf\")",
            "id": "74139670bc2148fb9bcafd856dde8433",
            "paused": false,
            "ref": "",
            "zone_id": "0e19cd749d67d0924fb9265f8cb933b1"
          },
          "sensitive_attributes": [],
          "private": "bnVsbA=="
        },
        {
          "index_key": 55,
          "schema_version": 0,
          "attributes": {
            "description": "Allowed IPs attempts which are accessable to the system",
            "expression": "(ip.src in {20.236.121.156 20.218.208.121 65.52.238.152 20.113.47.1})",
            "id": "c7b38e19ab62400bb4d2901d6f096838",
            "paused": false,
            "ref": "",
            "zone_id": "0feefbdac98b7f4d4158d65b6ea61674"
          },
          "sensitive_attributes": [],
          "private": "bnVsbA=="
        },
        {
          "index_key": 56,
          "schema_version": 0,
          "attributes": {
            "description": "Bot score greater then five",
            "expression": "(cf.bot_management.score gt 2)",
            "id": "f46fb279359a4d9889417babcc2e1d70",
            "paused": false,
            "ref": "",
            "zone_id": "0feefbdac98b7f4d4158d65b6ea61674"
          },
          "sensitive_attributes": [],
          "private": "bnVsbA=="
        },
        {
          "index_key": 57,
          "schema_version": 0,
          "attributes": {
            "description": "Log Verified Bots filter",
            "expression": "(cf.bot_management.score lt 1)",
            "id": "22c62621c0d845cfaa954feaefb04c4b",
            "paused": false,
            "ref": "",
            "zone_id": "0feefbdac98b7f4d4158d65b6ea61674"
          },
          "sensitive_attributes": [],
          "private": "bnVsbA=="
        },
        {
          "index_key": 58,
          "schema_version": 0,
          "attributes": {
            "description": "Log Bot Score 1 filter",
            "expression": "(cf.bot_management.score eq 1)",
            "id": "14a9820517aa44de9ef12b3a207f830e",
            "paused": false,
            "ref": "",
            "zone_id": "0feefbdac98b7f4d4158d65b6ea61674"
          },
          "sensitive_attributes": [],
          "private": "bnVsbA=="
        },
        {
          "index_key": 59,
          "schema_version": 0,
          "attributes": {
            "description": "AEM_Allow_Rule filter",
            "expression": "(http.request.full_uri contains \"aem-perf\")",
            "id": "6c78b5a45c024e09b64e649556650f16",
            "paused": false,
            "ref": "",
            "zone_id": "0feefbdac98b7f4d4158d65b6ea61674"
          },
          "sensitive_attributes": [],
          "private": "bnVsbA=="
        },
        {
          "index_key": 60,
          "schema_version": 0,
          "attributes": {
            "description": "Allowed IPs attempts which are accessable to the system",
            "expression": "(ip.src in {20.236.121.156 20.218.208.121 65.52.238.152 20.113.47.1})",
            "id": "b449f35084a9474287e5cb07767b54e7",
            "paused": false,
            "ref": "",
            "zone_id": "acc9bd366979db49bad0326ded459086"
          },
          "sensitive_attributes": [],
          "private": "bnVsbA=="
        },
        {
          "index_key": 61,
          "schema_version": 0,
          "attributes": {
            "description": "Bot score greater then five",
            "expression": "(cf.bot_management.score gt 2)",
            "id": "6b412898b5244d57858ca6481ff143e6",
            "paused": false,
            "ref": "",
            "zone_id": "acc9bd366979db49bad0326ded459086"
          },
          "sensitive_attributes": [],
          "private": "bnVsbA=="
        },
        {
          "index_key": 62,
          "schema_version": 0,
          "attributes": {
            "description": "Log Verified Bots filter",
            "expression": "(cf.bot_management.score lt 1)",
            "id": "2ebc8eff10984c4292eb5577f8a02b5f",
            "paused": false,
            "ref": "",
            "zone_id": "acc9bd366979db49bad0326ded459086"
          },
          "sensitive_attributes": [],
          "private": "bnVsbA=="
        },
        {
          "index_key": 63,
          "schema_version": 0,
          "attributes": {
            "description": "Log Bot Score 1 filter",
            "expression": "(cf.bot_management.score eq 1)",
            "id": "7f28e715b230451ca1c88555e486b63c",
            "paused": false,
            "ref": "",
            "zone_id": "acc9bd366979db49bad0326ded459086"
          },
          "sensitive_attributes": [],
          "private": "bnVsbA=="
        },
        {
          "index_key": 64,
          "schema_version": 0,
          "attributes": {
            "description": "AEM_Allow_Rule filter",
            "expression": "(http.request.full_uri contains \"aem-perf\")",
            "id": "8d5737f0b14546c7aa97d71f1d634ec0",
            "paused": false,
            "ref": "",
            "zone_id": "acc9bd366979db49bad0326ded459086"
          },
          "sensitive_attributes": [],
          "private": "bnVsbA=="
        },
        {
          "index_key": 65,
          "schema_version": 0,
          "attributes": {
            "description": "Allowed IPs attempts which are accessable to the system",
            "expression": "(ip.src in {20.236.121.156 20.218.208.121 65.52.238.152 20.113.47.1})",
            "id": "24c92f76b60f4d0cb2378bf3a17e9dcf",
            "paused": false,
            "ref": "",
            "zone_id": "bc3d029fdfc5d277b36c8f980620adad"
          },
          "sensitive_attributes": [],
          "private": "bnVsbA=="
        },
        {
          "index_key": 66,
          "schema_version": 0,
          "attributes": {
            "description": "Bot score greater then five",
            "expression": "(cf.bot_management.score gt 2)",
            "id": "4b87c262bb2f4c54aeadd201ab990340",
            "paused": false,
            "ref": "",
            "zone_id": "bc3d029fdfc5d277b36c8f980620adad"
          },
          "sensitive_attributes": [],
          "private": "bnVsbA=="
        },
        {
          "index_key": 67,
          "schema_version": 0,
          "attributes": {
            "description": "Log Verified Bots filter",
            "expression": "(cf.bot_management.score lt 1)",
            "id": "a41e5e581dae4a92a4ae4fa0aefd471e",
            "paused": false,
            "ref": "",
            "zone_id": "bc3d029fdfc5d277b36c8f980620adad"
          },
          "sensitive_attributes": [],
          "private": "bnVsbA=="
        },
        {
          "index_key": 68,
          "schema_version": 0,
          "attributes": {
            "description": "Log Bot Score 1 filter",
            "expression": "(cf.bot_management.score eq 1)",
            "id": "44bb0bc51eda493392ed03c95965ec77",
            "paused": false,
            "ref": "",
            "zone_id": "bc3d029fdfc5d277b36c8f980620adad"
          },
          "sensitive_attributes": [],
          "private": "bnVsbA=="
        },
        {
          "index_key": 69,
          "schema_version": 0,
          "attributes": {
            "description": "AEM_Allow_Rule filter",
            "expression": "(http.request.full_uri contains \"aem-perf\")",
            "id": "3aa41d99ca174f3d993f022eebc2e8aa",
            "paused": false,
            "ref": "",
            "zone_id": "bc3d029fdfc5d277b36c8f980620adad"
          },
          "sensitive_attributes": [],
          "private": "bnVsbA=="
        },
        {
          "index_key": 70,
          "schema_version": 0,
          "attributes": {
            "description": "Allowed IPs attempts which are accessable to the system",
            "expression": "(ip.src in {20.236.121.156 20.218.208.121 65.52.238.152 20.113.47.1})",
            "id": "cbf6d805cee14d64a902515b9af96139",
            "paused": false,
            "ref": "",
            "zone_id": "b6777f950af35e035ab3bb23bb106f2f"
          },
          "sensitive_attributes": [],
          "private": "bnVsbA=="
        },
        {
          "index_key": 71,
          "schema_version": 0,
          "attributes": {
            "description": "Bot score greater then five",
            "expression": "(cf.bot_management.score gt 2)",
            "id": "aaabdac82fbd40d4b923e9f3cc6fc3ff",
            "paused": false,
            "ref": "",
            "zone_id": "b6777f950af35e035ab3bb23bb106f2f"
          },
          "sensitive_attributes": [],
          "private": "bnVsbA=="
        },
        {
          "index_key": 72,
          "schema_version": 0,
          "attributes": {
            "description": "Log Verified Bots filter",
            "expression": "(cf.bot_management.score lt 1)",
            "id": "aab66a65c6af4d77a71de674fb72ec78",
            "paused": false,
            "ref": "",
            "zone_id": "b6777f950af35e035ab3bb23bb106f2f"
          },
          "sensitive_attributes": [],
          "private": "bnVsbA=="
        },
        {
          "index_key": 73,
          "schema_version": 0,
          "attributes": {
            "description": "Log Bot Score 1 filter",
            "expression": "(cf.bot_management.score eq 1)",
            "id": "1393ff3817c1444cac419d9495827390",
            "paused": false,
            "ref": "",
            "zone_id": "b6777f950af35e035ab3bb23bb106f2f"
          },
          "sensitive_attributes": [],
          "private": "bnVsbA=="
        },
        {
          "index_key": 74,
          "schema_version": 0,
          "attributes": {
            "description": "AEM_Allow_Rule filter",
            "expression": "(http.request.full_uri contains \"aem-perf\")",
            "id": "99daf28aa9d243f5b904085fb337bdac",
            "paused": false,
            "ref": "",
            "zone_id": "b6777f950af35e035ab3bb23bb106f2f"
          },
          "sensitive_attributes": [],
          "private": "bnVsbA=="
        },
        {
          "index_key": 75,
          "schema_version": 0,
          "attributes": {
            "description": "Allowed IPs attempts which are accessable to the system",
            "expression": "(ip.src in {20.236.121.156 20.218.208.121 65.52.238.152 20.113.47.1})",
            "id": "9d66222d991c46a8965aa7ef7ca3d5a3",
            "paused": false,
            "ref": "",
            "zone_id": "f6a17df0037fbc5ab65dbea84b54e26f"
          },
          "sensitive_attributes": [],
          "private": "bnVsbA=="
        },
        {
          "index_key": 76,
          "schema_version": 0,
          "attributes": {
            "description": "Bot score greater then five",
            "expression": "(cf.bot_management.score gt 2)",
            "id": "6dce0266efea47eda149bee7a6efa938",
            "paused": false,
            "ref": "",
            "zone_id": "f6a17df0037fbc5ab65dbea84b54e26f"
          },
          "sensitive_attributes": [],
          "private": "bnVsbA=="
        },
        {
          "index_key": 77,
          "schema_version": 0,
          "attributes": {
            "description": "Log Verified Bots filter",
            "expression": "(cf.bot_management.score lt 1)",
            "id": "d219de799e4646d89203f8a0ee4733d0",
            "paused": false,
            "ref": "",
            "zone_id": "f6a17df0037fbc5ab65dbea84b54e26f"
          },
          "sensitive_attributes": [],
          "private": "bnVsbA=="
        },
        {
          "index_key": 78,
          "schema_version": 0,
          "attributes": {
            "description": "Log Bot Score 1 filter",
            "expression": "(cf.bot_management.score eq 1)",
            "id": "1fd1ee573ff54495b128977f6ec04cad",
            "paused": false,
            "ref": "",
            "zone_id": "f6a17df0037fbc5ab65dbea84b54e26f"
          },
          "sensitive_attributes": [],
          "private": "bnVsbA=="
        },
        {
          "index_key": 79,
          "schema_version": 0,
          "attributes": {
            "description": "AEM_Allow_Rule filter",
            "expression": "(http.request.full_uri contains \"aem-perf\")",
            "id": "28a09cd26f894b3893955f5a424cdb58",
            "paused": false,
            "ref": "",
            "zone_id": "f6a17df0037fbc5ab65dbea84b54e26f"
          },
          "sensitive_attributes": [],
          "private": "bnVsbA=="
        },
        {
          "index_key": 80,
          "schema_version": 0,
          "attributes": {
            "description": "Allowed IPs attempts which are accessable to the system",
            "expression": "(ip.src in {20.236.121.156 20.218.208.121 65.52.238.152 20.113.47.1})",
            "id": "e1e1fa209d5a4b06b9c3905949357a4c",
            "paused": false,
            "ref": "",
            "zone_id": "8438fdae539b4fece27056e5d6426ec3"
          },
          "sensitive_attributes": [],
          "private": "bnVsbA=="
        },
        {
          "index_key": 81,
          "schema_version": 0,
          "attributes": {
            "description": "Bot score greater then five",
            "expression": "(cf.bot_management.score gt 2)",
            "id": "a1e23d027de148778bfa547096d34e67",
            "paused": false,
            "ref": "",
            "zone_id": "8438fdae539b4fece27056e5d6426ec3"
          },
          "sensitive_attributes": [],
          "private": "bnVsbA=="
        },
        {
          "index_key": 82,
          "schema_version": 0,
          "attributes": {
            "description": "Log Verified Bots filter",
            "expression": "(cf.bot_management.score lt 1)",
            "id": "ff44a7b155414c50ab34e8787e1392a4",
            "paused": false,
            "ref": "",
            "zone_id": "8438fdae539b4fece27056e5d6426ec3"
          },
          "sensitive_attributes": [],
          "private": "bnVsbA=="
        },
        {
          "index_key": 83,
          "schema_version": 0,
          "attributes": {
            "description": "Log Bot Score 1 filter",
            "expression": "(cf.bot_management.score eq 1)",
            "id": "95ae83308f6b4b07976d1d0b7dee267b",
            "paused": false,
            "ref": "",
            "zone_id": "8438fdae539b4fece27056e5d6426ec3"
          },
          "sensitive_attributes": [],
          "private": "bnVsbA=="
        },
        {
          "index_key": 84,
          "schema_version": 0,
          "attributes": {
            "description": "AEM_Allow_Rule filter",
            "expression": "(http.request.full_uri contains \"aem-perf\")",
            "id": "8da880a1e83447f6b9f0e84ed25ff1df",
            "paused": false,
            "ref": "",
            "zone_id": "8438fdae539b4fece27056e5d6426ec3"
          },
          "sensitive_attributes": [],
          "private": "bnVsbA=="
        },
        {
          "index_key": 85,
          "schema_version": 0,
          "attributes": {
            "description": "Allowed IPs attempts which are accessable to the system",
            "expression": "(ip.src in {20.236.121.156 20.218.208.121 65.52.238.152 20.113.47.1})",
            "id": "f2df7e8df29a4d5ebd364c177992a341",
            "paused": false,
            "ref": "",
            "zone_id": "1f284d518299d821b8b5ade7f927b96c"
          },
          "sensitive_attributes": [],
          "private": "bnVsbA=="
        },
        {
          "index_key": 86,
          "schema_version": 0,
          "attributes": {
            "description": "Bot score greater then five",
            "expression": "(cf.bot_management.score gt 2)",
            "id": "064fd087858e4a0da2903385f6b56d7a",
            "paused": false,
            "ref": "",
            "zone_id": "1f284d518299d821b8b5ade7f927b96c"
          },
          "sensitive_attributes": [],
          "private": "bnVsbA=="
        },
        {
          "index_key": 87,
          "schema_version": 0,
          "attributes": {
            "description": "Log Verified Bots filter",
            "expression": "(cf.bot_management.score lt 1)",
            "id": "3d5f392d24194bbe98cbe7b1e33cfbdd",
            "paused": false,
            "ref": "",
            "zone_id": "1f284d518299d821b8b5ade7f927b96c"
          },
          "sensitive_attributes": [],
          "private": "bnVsbA=="
        },
        {
          "index_key": 88,
          "schema_version": 0,
          "attributes": {
            "description": "Log Bot Score 1 filter",
            "expression": "(cf.bot_management.score eq 1)",
            "id": "3a459f25a4cf464ea86904bc00712c09",
            "paused": false,
            "ref": "",
            "zone_id": "1f284d518299d821b8b5ade7f927b96c"
          },
          "sensitive_attributes": [],
          "private": "bnVsbA=="
        },
        {
          "index_key": 89,
          "schema_version": 0,
          "attributes": {
            "description": "AEM_Allow_Rule filter",
            "expression": "(http.request.full_uri contains \"aem-perf\")",
            "id": "8304ec12b033489ab9426bdcd3475471",
            "paused": false,
            "ref": "",
            "zone_id": "1f284d518299d821b8b5ade7f927b96c"
          },
          "sensitive_attributes": [],
          "private": "bnVsbA=="
        },
        {
          "index_key": 90,
          "schema_version": 0,
          "attributes": {
            "description": "Allowed IPs attempts which are accessable to the system",
            "expression": "(ip.src in {20.236.121.156 20.218.208.121 65.52.238.152 20.113.47.1})",
            "id": "0732459749ea4573b059f3f3bbf80d48",
            "paused": false,
            "ref": "",
            "zone_id": "b89ac351a66aebe2e7858d37234138ea"
          },
          "sensitive_attributes": [],
          "private": "bnVsbA=="
        },
        {
          "index_key": 91,
          "schema_version": 0,
          "attributes": {
            "description": "Bot score greater then five",
            "expression": "(cf.bot_management.score gt 2)",
            "id": "db8cf041871d49a4a319cd38f1fd9688",
            "paused": false,
            "ref": "",
            "zone_id": "b89ac351a66aebe2e7858d37234138ea"
          },
          "sensitive_attributes": [],
          "private": "bnVsbA=="
        },
        {
          "index_key": 92,
          "schema_version": 0,
          "attributes": {
            "description": "Log Verified Bots filter",
            "expression": "(cf.bot_management.score lt 1)",
            "id": "1e60b84b8e4d4c80b6ea1f7503b4714a",
            "paused": false,
            "ref": "",
            "zone_id": "b89ac351a66aebe2e7858d37234138ea"
          },
          "sensitive_attributes": [],
          "private": "bnVsbA=="
        },
        {
          "index_key": 93,
          "schema_version": 0,
          "attributes": {
            "description": "Log Bot Score 1 filter",
            "expression": "(cf.bot_management.score eq 1)",
            "id": "48e1ae4da0c24295ab810db553af61af",
            "paused": false,
            "ref": "",
            "zone_id": "b89ac351a66aebe2e7858d37234138ea"
          },
          "sensitive_attributes": [],
          "private": "bnVsbA=="
        },
        {
          "index_key": 94,
          "schema_version": 0,
          "attributes": {
            "description": "AEM_Allow_Rule filter",
            "expression": "(http.request.full_uri contains \"aem-perf\")",
            "id": "762998fbf7d64159b81b16473811fc2f",
            "paused": false,
            "ref": "",
            "zone_id": "b89ac351a66aebe2e7858d37234138ea"
          },
          "sensitive_attributes": [],
          "private": "bnVsbA=="
        },
        {
          "index_key": 95,
          "schema_version": 0,
          "attributes": {
            "description": "Allowed IPs attempts which are accessable to the system",
            "expression": "(ip.src in {20.236.121.156 20.218.208.121 65.52.238.152 20.113.47.1})",
            "id": "8a2203636c614445b68e1cbea77b95f0",
            "paused": false,
            "ref": "",
            "zone_id": "64a85adfbcaf6c24bc108b17996371be"
          },
          "sensitive_attributes": [],
          "private": "bnVsbA=="
        },
        {
          "index_key": 96,
          "schema_version": 0,
          "attributes": {
            "description": "Bot score greater then five",
            "expression": "(cf.bot_management.score gt 2)",
            "id": "90a94654a26f4864a0d30f72cda58977",
            "paused": false,
            "ref": "",
            "zone_id": "64a85adfbcaf6c24bc108b17996371be"
          },
          "sensitive_attributes": [],
          "private": "bnVsbA=="
        },
        {
          "index_key": 97,
          "schema_version": 0,
          "attributes": {
            "description": "Log Verified Bots filter",
            "expression": "(cf.bot_management.score lt 1)",
            "id": "d0ee6d73c9f840fd90c4a476d0175b73",
            "paused": false,
            "ref": "",
            "zone_id": "64a85adfbcaf6c24bc108b17996371be"
          },
          "sensitive_attributes": [],
          "private": "bnVsbA=="
        },
        {
          "index_key": 98,
          "schema_version": 0,
          "attributes": {
            "description": "Log Bot Score 1 filter",
            "expression": "(cf.bot_management.score eq 1)",
            "id": "b84b6acaa4f04315a7d668b04dc5f4c6",
            "paused": false,
            "ref": "",
            "zone_id": "64a85adfbcaf6c24bc108b17996371be"
          },
          "sensitive_attributes": [],
          "private": "bnVsbA=="
        },
        {
          "index_key": 99,
          "schema_version": 0,
          "attributes": {
            "description": "AEM_Allow_Rule filter",
            "expression": "(http.request.full_uri contains \"aem-perf\")",
            "id": "1074ea936190468b99e1aa77de765981",
            "paused": false,
            "ref": "",
            "zone_id": "64a85adfbcaf6c24bc108b17996371be"
          },
          "sensitive_attributes": [],
          "private": "bnVsbA=="
        },
        {
          "index_key": 100,
          "schema_version": 0,
          "attributes": {
            "description": "Allowed IPs attempts which are accessable to the system",
            "expression": "(ip.src in {20.236.121.156 20.218.208.121 65.52.238.152 20.113.47.1})",
            "id": "d2b124c3ea6c4cf2a22a193008e87cb8",
            "paused": false,
            "ref": "",
            "zone_id": "ea605703f04bf72111a0050b380aec3e"
          },
          "sensitive_attributes": [],
          "private": "bnVsbA=="
        },
        {
          "index_key": 101,
          "schema_version": 0,
          "attributes": {
            "description": "Bot score greater then five",
            "expression": "(cf.bot_management.score gt 2)",
            "id": "fb15def595c0423bbd03d3364625a6b0",
            "paused": false,
            "ref": "",
            "zone_id": "ea605703f04bf72111a0050b380aec3e"
          },
          "sensitive_attributes": [],
          "private": "bnVsbA=="
        },
        {
          "index_key": 102,
          "schema_version": 0,
          "attributes": {
            "description": "Log Verified Bots filter",
            "expression": "(cf.bot_management.score lt 1)",
            "id": "e66b186713a249958398a0fc572e5918",
            "paused": false,
            "ref": "",
            "zone_id": "ea605703f04bf72111a0050b380aec3e"
          },
          "sensitive_attributes": [],
          "private": "bnVsbA=="
        },
        {
          "index_key": 103,
          "schema_version": 0,
          "attributes": {
            "description": "Log Bot Score 1 filter",
            "expression": "(cf.bot_management.score eq 1)",
            "id": "84cd9cfa19ea4b6198ccdcea7d9363c0",
            "paused": false,
            "ref": "",
            "zone_id": "ea605703f04bf72111a0050b380aec3e"
          },
          "sensitive_attributes": [],
          "private": "bnVsbA=="
        },
        {
          "index_key": 104,
          "schema_version": 0,
          "attributes": {
            "description": "AEM_Allow_Rule filter",
            "expression": "(http.request.full_uri contains \"aem-perf\")",
            "id": "b1da3a252b464f578398719c48e6cc3a",
            "paused": false,
            "ref": "",
            "zone_id": "ea605703f04bf72111a0050b380aec3e"
          },
          "sensitive_attributes": [],
          "private": "bnVsbA=="
        },
        {
          "index_key": 105,
          "schema_version": 0,
          "attributes": {
            "description": "Allowed IPs attempts which are accessable to the system",
            "expression": "(ip.src in {20.236.121.156 20.218.208.121 65.52.238.152 20.113.47.1})",
            "id": "31dd1ab08d9b4112991cbac01178d079",
            "paused": false,
            "ref": "",
            "zone_id": "6eae54d490c5bb039fad4f8ad9bf1308"
          },
          "sensitive_attributes": [],
          "private": "bnVsbA=="
        },
        {
          "index_key": 106,
          "schema_version": 0,
          "attributes": {
            "description": "Bot score greater then five",
            "expression": "(cf.bot_management.score gt 2)",
            "id": "3cf966ecfcaf455a875f9c17fec5f733",
            "paused": false,
            "ref": "",
            "zone_id": "6eae54d490c5bb039fad4f8ad9bf1308"
          },
          "sensitive_attributes": [],
          "private": "bnVsbA=="
        },
        {
          "index_key": 107,
          "schema_version": 0,
          "attributes": {
            "description": "Log Verified Bots filter",
            "expression": "(cf.bot_management.score lt 1)",
            "id": "f520adcfaaa54f48aec9354e9e43110e",
            "paused": false,
            "ref": "",
            "zone_id": "6eae54d490c5bb039fad4f8ad9bf1308"
          },
          "sensitive_attributes": [],
          "private": "bnVsbA=="
        },
        {
          "index_key": 108,
          "schema_version": 0,
          "attributes": {
            "description": "Log Bot Score 1 filter",
            "expression": "(cf.bot_management.score eq 1)",
            "id": "f2820c8d42c74f98a7b0fb10c54f8ce2",
            "paused": false,
            "ref": "",
            "zone_id": "6eae54d490c5bb039fad4f8ad9bf1308"
          },
          "sensitive_attributes": [],
          "private": "bnVsbA=="
        },
        {
          "index_key": 109,
          "schema_version": 0,
          "attributes": {
            "description": "AEM_Allow_Rule filter",
            "expression": "(http.request.full_uri contains \"aem-perf\")",
            "id": "ed1aeef60a6a45b2aecac753e2d75b89",
            "paused": false,
            "ref": "",
            "zone_id": "6eae54d490c5bb039fad4f8ad9bf1308"
          },
          "sensitive_attributes": [],
          "private": "bnVsbA=="
        },
        {
          "index_key": 110,
          "schema_version": 0,
          "attributes": {
            "description": "Allowed IPs attempts which are accessable to the system",
            "expression": "(ip.src in {20.236.121.156 20.218.208.121 65.52.238.152 20.113.47.1})",
            "id": "6eca6fbf1cd6469c9652b71bd826968e",
            "paused": false,
            "ref": "",
            "zone_id": "090bd8ff4877b4bff7902afdd6acb3ad"
          },
          "sensitive_attributes": [],
          "private": "bnVsbA=="
        },
        {
          "index_key": 111,
          "schema_version": 0,
          "attributes": {
            "description": "Bot score greater then five",
            "expression": "(cf.bot_management.score gt 2)",
            "id": "3af7357f9abf42eebac43ffdfb22d394",
            "paused": false,
            "ref": "",
            "zone_id": "090bd8ff4877b4bff7902afdd6acb3ad"
          },
          "sensitive_attributes": [],
          "private": "bnVsbA=="
        },
        {
          "index_key": 112,
          "schema_version": 0,
          "attributes": {
            "description": "Log Verified Bots filter",
            "expression": "(cf.bot_management.score lt 1)",
            "id": "d4a5aee3e6fc47429ce7cc35e2f2f435",
            "paused": false,
            "ref": "",
            "zone_id": "090bd8ff4877b4bff7902afdd6acb3ad"
          },
          "sensitive_attributes": [],
          "private": "bnVsbA=="
        },
        {
          "index_key": 113,
          "schema_version": 0,
          "attributes": {
            "description": "Log Bot Score 1 filter",
            "expression": "(cf.bot_management.score eq 1)",
            "id": "4db587d4705a410b825132330e94f945",
            "paused": false,
            "ref": "",
            "zone_id": "090bd8ff4877b4bff7902afdd6acb3ad"
          },
          "sensitive_attributes": [],
          "private": "bnVsbA=="
        },
        {
          "index_key": 114,
          "schema_version": 0,
          "attributes": {
            "description": "AEM_Allow_Rule filter",
            "expression": "(http.request.full_uri contains \"aem-perf\")",
            "id": "855deaf6433846668ae021e067d6b03c",
            "paused": false,
            "ref": "",
            "zone_id": "090bd8ff4877b4bff7902afdd6acb3ad"
          },
          "sensitive_attributes": [],
          "private": "bnVsbA=="
        },
        {
          "index_key": 115,
          "schema_version": 0,
          "attributes": {
            "description": "Allowed IPs attempts which are accessable to the system",
            "expression": "(ip.src in {20.236.121.156 20.218.208.121 65.52.238.152 20.113.47.1})",
            "id": "0e5520a3fcf84588b4d4e75c2051ef16",
            "paused": false,
            "ref": "",
            "zone_id": "6c83765f98db6c07bdba516e26929f1d"
          },
          "sensitive_attributes": [],
          "private": "bnVsbA=="
        },
        {
          "index_key": 116,
          "schema_version": 0,
          "attributes": {
            "description": "Bot score greater then five",
            "expression": "(cf.bot_management.score gt 2)",
            "id": "b5240adeca0548dabd203c7cee4c4347",
            "paused": false,
            "ref": "",
            "zone_id": "6c83765f98db6c07bdba516e26929f1d"
          },
          "sensitive_attributes": [],
          "private": "bnVsbA=="
        },
        {
          "index_key": 117,
          "schema_version": 0,
          "attributes": {
            "description": "Log Verified Bots filter",
            "expression": "(cf.bot_management.score lt 1)",
            "id": "5f9a8782c25e4881a5d0d01fb458f491",
            "paused": false,
            "ref": "",
            "zone_id": "6c83765f98db6c07bdba516e26929f1d"
          },
          "sensitive_attributes": [],
          "private": "bnVsbA=="
        },
        {
          "index_key": 118,
          "schema_version": 0,
          "attributes": {
            "description": "Log Bot Score 1 filter",
            "expression": "(cf.bot_management.score eq 1)",
            "id": "bfd61a079be1463e917641a02f8c2dc9",
            "paused": false,
            "ref": "",
            "zone_id": "6c83765f98db6c07bdba516e26929f1d"
          },
          "sensitive_attributes": [],
          "private": "bnVsbA=="
        },
        {
          "index_key": 119,
          "schema_version": 0,
          "attributes": {
            "description": "AEM_Allow_Rule filter",
            "expression": "(http.request.full_uri contains \"aem-perf\")",
            "id": "ecd16219a4c54b7082d49ee52e47ac74",
            "paused": false,
            "ref": "",
            "zone_id": "6c83765f98db6c07bdba516e26929f1d"
          },
          "sensitive_attributes": [],
          "private": "bnVsbA=="
        },
        {
          "index_key": 120,
          "schema_version": 0,
          "attributes": {
            "description": "Allowed IPs attempts which are accessable to the system",
            "expression": "(ip.src in {20.236.121.156 20.218.208.121 65.52.238.152 20.113.47.1})",
            "id": "74663ba1a7fd4bc79933cd57c80122e7",
            "paused": false,
            "ref": "",
            "zone_id": "75cb06cc8093a6baf65d7a2b712395a4"
          },
          "sensitive_attributes": [],
          "private": "bnVsbA=="
        },
        {
          "index_key": 121,
          "schema_version": 0,
          "attributes": {
            "description": "Bot score greater then five",
            "expression": "(cf.bot_management.score gt 2)",
            "id": "d30bac00004a41b3a2bbae9f3fbc6dc3",
            "paused": false,
            "ref": "",
            "zone_id": "75cb06cc8093a6baf65d7a2b712395a4"
          },
          "sensitive_attributes": [],
          "private": "bnVsbA=="
        },
        {
          "index_key": 122,
          "schema_version": 0,
          "attributes": {
            "description": "Log Verified Bots filter",
            "expression": "(cf.bot_management.score lt 1)",
            "id": "8e7fb0c20e724acfa286bf127bda6bd1",
            "paused": false,
            "ref": "",
            "zone_id": "75cb06cc8093a6baf65d7a2b712395a4"
          },
          "sensitive_attributes": [],
          "private": "bnVsbA=="
        },
        {
          "index_key": 123,
          "schema_version": 0,
          "attributes": {
            "description": "Log Bot Score 1 filter",
            "expression": "(cf.bot_management.score eq 1)",
            "id": "e4b249260f4c43b990cbc8d6c3dccfe2",
            "paused": false,
            "ref": "",
            "zone_id": "75cb06cc8093a6baf65d7a2b712395a4"
          },
          "sensitive_attributes": [],
          "private": "bnVsbA=="
        },
        {
          "index_key": 124,
          "schema_version": 0,
          "attributes": {
            "description": "AEM_Allow_Rule filter",
            "expression": "(http.request.full_uri contains \"aem-perf\")",
            "id": "55081f96f83740eeb4f7c2dccff3a172",
            "paused": false,
            "ref": "",
            "zone_id": "75cb06cc8093a6baf65d7a2b712395a4"
          },
          "sensitive_attributes": [],
          "private": "bnVsbA=="
        },
        {
          "index_key": 125,
          "schema_version": 0,
          "attributes": {
            "description": "Allowed IPs attempts which are accessable to the system",
            "expression": "(ip.src in {20.236.121.156 20.218.208.121 65.52.238.152 20.113.47.1})",
            "id": "692001ab530e4b3386d8fae525aa1bfb",
            "paused": false,
            "ref": "",
            "zone_id": "74a43825daa642eb7b98a0e64b9d679a"
          },
          "sensitive_attributes": [],
          "private": "bnVsbA=="
        },
        {
          "index_key": 126,
          "schema_version": 0,
          "attributes": {
            "description": "Bot score greater then five",
            "expression": "(cf.bot_management.score gt 2)",
            "id": "e8444fbbcbb4477d863962fedd544e3c",
            "paused": false,
            "ref": "",
            "zone_id": "74a43825daa642eb7b98a0e64b9d679a"
          },
          "sensitive_attributes": [],
          "private": "bnVsbA=="
        },
        {
          "index_key": 127,
          "schema_version": 0,
          "attributes": {
            "description": "Log Verified Bots filter",
            "expression": "(cf.bot_management.score lt 1)",
            "id": "d32ef2871b90464cba867e5db06f8e34",
            "paused": false,
            "ref": "",
            "zone_id": "74a43825daa642eb7b98a0e64b9d679a"
          },
          "sensitive_attributes": [],
          "private": "bnVsbA=="
        },
        {
          "index_key": 128,
          "schema_version": 0,
          "attributes": {
            "description": "Log Bot Score 1 filter",
            "expression": "(cf.bot_management.score eq 1)",
            "id": "8dedc2bbc583432a884febdba1a85968",
            "paused": false,
            "ref": "",
            "zone_id": "74a43825daa642eb7b98a0e64b9d679a"
          },
          "sensitive_attributes": [],
          "private": "bnVsbA=="
        },
        {
          "index_key": 129,
          "schema_version": 0,
          "attributes": {
            "description": "AEM_Allow_Rule filter",
            "expression": "(http.request.full_uri contains \"aem-perf\")",
            "id": "19c87e8fd99a42fe9033daf299b999f9",
            "paused": false,
            "ref": "",
            "zone_id": "74a43825daa642eb7b98a0e64b9d679a"
          },
          "sensitive_attributes": [],
          "private": "bnVsbA=="
        },
        {
          "index_key": 130,
          "schema_version": 0,
          "attributes": {
            "description": "Allowed IPs attempts which are accessable to the system",
            "expression": "(ip.src in {20.236.121.156 20.218.208.121 65.52.238.152 20.113.47.1})",
            "id": "4aced39b4a5243f589787b5141dd184c",
            "paused": false,
            "ref": "",
            "zone_id": "e979bbcf2878048ff82a15c6399a9a62"
          },
          "sensitive_attributes": [],
          "private": "bnVsbA=="
        },
        {
          "index_key": 131,
          "schema_version": 0,
          "attributes": {
            "description": "Bot score greater then five",
            "expression": "(cf.bot_management.score gt 2)",
            "id": "87c8cbce362842bdaa7c4a8d01d0427f",
            "paused": false,
            "ref": "",
            "zone_id": "e979bbcf2878048ff82a15c6399a9a62"
          },
          "sensitive_attributes": [],
          "private": "bnVsbA=="
        },
        {
          "index_key": 132,
          "schema_version": 0,
          "attributes": {
            "description": "Log Verified Bots filter",
            "expression": "(cf.bot_management.score lt 1)",
            "id": "c9ac2817541340f4b7693e4544718125",
            "paused": false,
            "ref": "",
            "zone_id": "e979bbcf2878048ff82a15c6399a9a62"
          },
          "sensitive_attributes": [],
          "private": "bnVsbA=="
        },
        {
          "index_key": 133,
          "schema_version": 0,
          "attributes": {
            "description": "Log Bot Score 1 filter",
            "expression": "(cf.bot_management.score eq 1)",
            "id": "1fd903854f8242369a8577044afab604",
            "paused": false,
            "ref": "",
            "zone_id": "e979bbcf2878048ff82a15c6399a9a62"
          },
          "sensitive_attributes": [],
          "private": "bnVsbA=="
        },
        {
          "index_key": 134,
          "schema_version": 0,
          "attributes": {
            "description": "AEM_Allow_Rule filter",
            "expression": "(http.request.full_uri contains \"aem-perf\")",
            "id": "bcdd27e65086422386072399cd3c1f31",
            "paused": false,
            "ref": "",
            "zone_id": "e979bbcf2878048ff82a15c6399a9a62"
          },
          "sensitive_attributes": [],
          "private": "bnVsbA=="
        },
        {
          "index_key": 135,
          "schema_version": 0,
          "attributes": {
            "description": "Allowed IPs attempts which are accessable to the system",
            "expression": "(ip.src in {20.236.121.156 20.218.208.121 65.52.238.152 20.113.47.1})",
            "id": "fe2dec6c7e1d42a8bfa2b45c4115abe8",
            "paused": false,
            "ref": "",
            "zone_id": "7df867203515c9e4db8bf8f8717b6f61"
          },
          "sensitive_attributes": [],
          "private": "bnVsbA=="
        },
        {
          "index_key": 136,
          "schema_version": 0,
          "attributes": {
            "description": "Bot score greater then five",
            "expression": "(cf.bot_management.score gt 2)",
            "id": "73e4921f0b1848a7afd2dbb08bac671a",
            "paused": false,
            "ref": "",
            "zone_id": "7df867203515c9e4db8bf8f8717b6f61"
          },
          "sensitive_attributes": [],
          "private": "bnVsbA=="
        },
        {
          "index_key": 137,
          "schema_version": 0,
          "attributes": {
            "description": "Log Verified Bots filter",
            "expression": "(cf.bot_management.score lt 1)",
            "id": "751f4b4c3b98419494e40634245c0705",
            "paused": false,
            "ref": "",
            "zone_id": "7df867203515c9e4db8bf8f8717b6f61"
          },
          "sensitive_attributes": [],
          "private": "bnVsbA=="
        },
        {
          "index_key": 138,
          "schema_version": 0,
          "attributes": {
            "description": "Log Bot Score 1 filter",
            "expression": "(cf.bot_management.score eq 1)",
            "id": "957980c16b704297b5fb23f1ab6873ad",
            "paused": false,
            "ref": "",
            "zone_id": "7df867203515c9e4db8bf8f8717b6f61"
          },
          "sensitive_attributes": [],
          "private": "bnVsbA=="
        },
        {
          "index_key": 139,
          "schema_version": 0,
          "attributes": {
            "description": "AEM_Allow_Rule filter",
            "expression": "(http.request.full_uri contains \"aem-perf\")",
            "id": "ef00313b34f64fddbaddd3bac57395ed",
            "paused": false,
            "ref": "",
            "zone_id": "7df867203515c9e4db8bf8f8717b6f61"
          },
          "sensitive_attributes": [],
          "private": "bnVsbA=="
        },
        {
          "index_key": 140,
          "schema_version": 0,
          "attributes": {
            "description": "Allowed IPs attempts which are accessable to the system",
            "expression": "(ip.src in {20.236.121.156 20.218.208.121 65.52.238.152 20.113.47.1})",
            "id": "a57ebe85a45543ce986889ce18c5965e",
            "paused": false,
            "ref": "",
            "zone_id": "ad0a89c0b057167a5eb0bc5f8de6f01a"
          },
          "sensitive_attributes": [],
          "private": "bnVsbA=="
        },
        {
          "index_key": 141,
          "schema_version": 0,
          "attributes": {
            "description": "Bot score greater then five",
            "expression": "(cf.bot_management.score gt 2)",
            "id": "4a1d269d06be483795dfd307ba1d71eb",
            "paused": false,
            "ref": "",
            "zone_id": "ad0a89c0b057167a5eb0bc5f8de6f01a"
          },
          "sensitive_attributes": [],
          "private": "bnVsbA=="
        },
        {
          "index_key": 142,
          "schema_version": 0,
          "attributes": {
            "description": "Log Verified Bots filter",
            "expression": "(cf.bot_management.score lt 1)",
            "id": "dec2fd34936748a59080091d7779b72e",
            "paused": false,
            "ref": "",
            "zone_id": "ad0a89c0b057167a5eb0bc5f8de6f01a"
          },
          "sensitive_attributes": [],
          "private": "bnVsbA=="
        },
        {
          "index_key": 143,
          "schema_version": 0,
          "attributes": {
            "description": "Log Bot Score 1 filter",
            "expression": "(cf.bot_management.score eq 1)",
            "id": "9cb9f0a09ff740a5b42593894e5039b5",
            "paused": false,
            "ref": "",
            "zone_id": "ad0a89c0b057167a5eb0bc5f8de6f01a"
          },
          "sensitive_attributes": [],
          "private": "bnVsbA=="
        },
        {
          "index_key": 144,
          "schema_version": 0,
          "attributes": {
            "description": "AEM_Allow_Rule filter",
            "expression": "(http.request.full_uri contains \"aem-perf\")",
            "id": "4b186bcd04564ca69e15367d8dc65fa8",
            "paused": false,
            "ref": "",
            "zone_id": "ad0a89c0b057167a5eb0bc5f8de6f01a"
          },
          "sensitive_attributes": [],
          "private": "bnVsbA=="
        },
        {
          "index_key": 145,
          "schema_version": 0,
          "attributes": {
            "description": "Allowed IPs attempts which are accessable to the system",
            "expression": "(ip.src in {20.236.121.156 20.218.208.121 65.52.238.152 20.113.47.1})",
            "id": "a141e7fc8be14fecb0a03cf166b5a00a",
            "paused": false,
            "ref": "",
            "zone_id": "39552b8398bb9d11f720efc8559081ec"
          },
          "sensitive_attributes": [],
          "private": "bnVsbA=="
        },
        {
          "index_key": 146,
          "schema_version": 0,
          "attributes": {
            "description": "Bot score greater then five",
            "expression": "(cf.bot_management.score gt 2)",
            "id": "fe2a67a0b0f14b0282525f0ab7220660",
            "paused": false,
            "ref": "",
            "zone_id": "39552b8398bb9d11f720efc8559081ec"
          },
          "sensitive_attributes": [],
          "private": "bnVsbA=="
        },
        {
          "index_key": 147,
          "schema_version": 0,
          "attributes": {
            "description": "Log Verified Bots filter",
            "expression": "(cf.bot_management.score lt 1)",
            "id": "4c94db1b41934478ade77053fc47b1f1",
            "paused": false,
            "ref": "",
            "zone_id": "39552b8398bb9d11f720efc8559081ec"
          },
          "sensitive_attributes": [],
          "private": "bnVsbA=="
        },
        {
          "index_key": 148,
          "schema_version": 0,
          "attributes": {
            "description": "Log Bot Score 1 filter",
            "expression": "(cf.bot_management.score eq 1)",
            "id": "6268286489c445e482a8be4ce58c28b4",
            "paused": false,
            "ref": "",
            "zone_id": "39552b8398bb9d11f720efc8559081ec"
          },
          "sensitive_attributes": [],
          "private": "bnVsbA=="
        },
        {
          "index_key": 149,
          "schema_version": 0,
          "attributes": {
            "description": "AEM_Allow_Rule filter",
            "expression": "(http.request.full_uri contains \"aem-perf\")",
            "id": "55939a49ab404fe893844ce24c01b94d",
            "paused": false,
            "ref": "",
            "zone_id": "39552b8398bb9d11f720efc8559081ec"
          },
          "sensitive_attributes": [],
          "private": "bnVsbA=="
        },
        {
          "index_key": 150,
          "schema_version": 0,
          "attributes": {
            "description": "Allowed IPs attempts which are accessable to the system",
            "expression": "(ip.src in {20.236.121.156 20.218.208.121 65.52.238.152 20.113.47.1})",
            "id": "de783936ac68443c8d06eca0507c84a7",
            "paused": false,
            "ref": "",
            "zone_id": "c458721dd89df8a9b82a6bcff3cb2d11"
          },
          "sensitive_attributes": [],
          "private": "bnVsbA=="
        },
        {
          "index_key": 151,
          "schema_version": 0,
          "attributes": {
            "description": "Bot score greater then five",
            "expression": "(cf.bot_management.score gt 2)",
            "id": "7e44f88d1ced48b58a5231ebc9f99cc7",
            "paused": false,
            "ref": "",
            "zone_id": "c458721dd89df8a9b82a6bcff3cb2d11"
          },
          "sensitive_attributes": [],
          "private": "bnVsbA=="
        },
        {
          "index_key": 152,
          "schema_version": 0,
          "attributes": {
            "description": "Log Verified Bots filter",
            "expression": "(cf.bot_management.score lt 1)",
            "id": "1489e51ecbba46cfa61dd0c82e31628c",
            "paused": false,
            "ref": "",
            "zone_id": "c458721dd89df8a9b82a6bcff3cb2d11"
          },
          "sensitive_attributes": [],
          "private": "bnVsbA=="
        },
        {
          "index_key": 153,
          "schema_version": 0,
          "attributes": {
            "description": "Log Bot Score 1 filter",
            "expression": "(cf.bot_management.score eq 1)",
            "id": "9eb6e415ad89426bb34cfbf2721c2b62",
            "paused": false,
            "ref": "",
            "zone_id": "c458721dd89df8a9b82a6bcff3cb2d11"
          },
          "sensitive_attributes": [],
          "private": "bnVsbA=="
        },
        {
          "index_key": 154,
          "schema_version": 0,
          "attributes": {
            "description": "AEM_Allow_Rule filter",
            "expression": "(http.request.full_uri contains \"aem-perf\")",
            "id": "a3461950bee446a8b001f4c3ff867960",
            "paused": false,
            "ref": "",
            "zone_id": "c458721dd89df8a9b82a6bcff3cb2d11"
          },
          "sensitive_attributes": [],
          "private": "bnVsbA=="
        },
        {
          "index_key": 155,
          "schema_version": 0,
          "attributes": {
            "description": "Allowed IPs attempts which are accessable to the system",
            "expression": "(ip.src in {20.236.121.156 20.218.208.121 65.52.238.152 20.113.47.1})",
            "id": "ae4c740d291246af9c71f94dc2b7dfd2",
            "paused": false,
            "ref": "",
            "zone_id": "5006b4ac19d1d524b582d350b1d76271"
          },
          "sensitive_attributes": [],
          "private": "bnVsbA=="
        },
        {
          "index_key": 156,
          "schema_version": 0,
          "attributes": {
            "description": "Bot score greater then five",
            "expression": "(cf.bot_management.score gt 2)",
            "id": "dbb478d3fce946c4a604377b5f5be1fe",
            "paused": false,
            "ref": "",
            "zone_id": "5006b4ac19d1d524b582d350b1d76271"
          },
          "sensitive_attributes": [],
          "private": "bnVsbA=="
        },
        {
          "index_key": 157,
          "schema_version": 0,
          "attributes": {
            "description": "Log Verified Bots filter",
            "expression": "(cf.bot_management.score lt 1)",
            "id": "f2a899a9fb32481d9d839290c4c0eef3",
            "paused": false,
            "ref": "",
            "zone_id": "5006b4ac19d1d524b582d350b1d76271"
          },
          "sensitive_attributes": [],
          "private": "bnVsbA=="
        },
        {
          "index_key": 158,
          "schema_version": 0,
          "attributes": {
            "description": "Log Bot Score 1 filter",
            "expression": "(cf.bot_management.score eq 1)",
            "id": "fd3ff2c9e3be4aec93304fcb74f0806a",
            "paused": false,
            "ref": "",
            "zone_id": "5006b4ac19d1d524b582d350b1d76271"
          },
          "sensitive_attributes": [],
          "private": "bnVsbA=="
        },
        {
          "index_key": 159,
          "schema_version": 0,
          "attributes": {
            "description": "AEM_Allow_Rule filter",
            "expression": "(http.request.full_uri contains \"aem-perf\")",
            "id": "89c7b61476184560b1c7eaba24e7fec8",
            "paused": false,
            "ref": "",
            "zone_id": "5006b4ac19d1d524b582d350b1d76271"
          },
          "sensitive_attributes": [],
          "private": "bnVsbA=="
        },
        {
          "index_key": 160,
          "schema_version": 0,
          "attributes": {
            "description": "Allowed IPs attempts which are accessable to the system",
            "expression": "(ip.src in {20.236.121.156 20.218.208.121 65.52.238.152 20.113.47.1})",
            "id": "f6916edde0874689b6e11a7027ff3410",
            "paused": false,
            "ref": "",
            "zone_id": "c096cd0380e4ac3450d99c35e2f34696"
          },
          "sensitive_attributes": [],
          "private": "bnVsbA=="
        },
        {
          "index_key": 161,
          "schema_version": 0,
          "attributes": {
            "description": "Bot score greater then five",
            "expression": "(cf.bot_management.score gt 2)",
            "id": "acf5309976854a1497f97a9c7c38d402",
            "paused": false,
            "ref": "",
            "zone_id": "c096cd0380e4ac3450d99c35e2f34696"
          },
          "sensitive_attributes": [],
          "private": "bnVsbA=="
        },
        {
          "index_key": 162,
          "schema_version": 0,
          "attributes": {
            "description": "Log Verified Bots filter",
            "expression": "(cf.bot_management.score lt 1)",
            "id": "e16ef73db22b4e4790962514a05b634d",
            "paused": false,
            "ref": "",
            "zone_id": "c096cd0380e4ac3450d99c35e2f34696"
          },
          "sensitive_attributes": [],
          "private": "bnVsbA=="
        },
        {
          "index_key": 163,
          "schema_version": 0,
          "attributes": {
            "description": "Log Bot Score 1 filter",
            "expression": "(cf.bot_management.score eq 1)",
            "id": "549b9132ce014be39b0fbb81269c1d9d",
            "paused": false,
            "ref": "",
            "zone_id": "c096cd0380e4ac3450d99c35e2f34696"
          },
          "sensitive_attributes": [],
          "private": "bnVsbA=="
        },
        {
          "index_key": 164,
          "schema_version": 0,
          "attributes": {
            "description": "AEM_Allow_Rule filter",
            "expression": "(http.request.full_uri contains \"aem-perf\")",
            "id": "da8a4e4adf9a479b98b39e0b04805b94",
            "paused": false,
            "ref": "",
            "zone_id": "c096cd0380e4ac3450d99c35e2f34696"
          },
          "sensitive_attributes": [],
          "private": "bnVsbA=="
        },
        {
          "index_key": 165,
          "schema_version": 0,
          "attributes": {
            "description": "Allowed IPs attempts which are accessable to the system",
            "expression": "(ip.src in {20.236.121.156 20.218.208.121 65.52.238.152 20.113.47.1})",
            "id": "cb90c27b8c6f4db58b2db5ccc516993c",
            "paused": false,
            "ref": "",
            "zone_id": "90d05c83d17c8f63ce1946fb65bb966f"
          },
          "sensitive_attributes": [],
          "private": "bnVsbA=="
        },
        {
          "index_key": 166,
          "schema_version": 0,
          "attributes": {
            "description": "Bot score greater then five",
            "expression": "(cf.bot_management.score gt 2)",
            "id": "2942026edab94389aaa82caafd855a96",
            "paused": false,
            "ref": "",
            "zone_id": "90d05c83d17c8f63ce1946fb65bb966f"
          },
          "sensitive_attributes": [],
          "private": "bnVsbA=="
        },
        {
          "index_key": 167,
          "schema_version": 0,
          "attributes": {
            "description": "Log Verified Bots filter",
            "expression": "(cf.bot_management.score lt 1)",
            "id": "15280b5d6e704cc68c2e29441456e95d",
            "paused": false,
            "ref": "",
            "zone_id": "90d05c83d17c8f63ce1946fb65bb966f"
          },
          "sensitive_attributes": [],
          "private": "bnVsbA=="
        },
        {
          "index_key": 168,
          "schema_version": 0,
          "attributes": {
            "description": "Log Bot Score 1 filter",
            "expression": "(cf.bot_management.score eq 1)",
            "id": "7580d0aab50b4dc796dca8e840bca592",
            "paused": false,
            "ref": "",
            "zone_id": "90d05c83d17c8f63ce1946fb65bb966f"
          },
          "sensitive_attributes": [],
          "private": "bnVsbA=="
        },
        {
          "index_key": 169,
          "schema_version": 0,
          "attributes": {
            "description": "AEM_Allow_Rule filter",
            "expression": "(http.request.full_uri contains \"aem-perf\")",
            "id": "74f927f58e5f491986d19fef8775e133",
            "paused": false,
            "ref": "",
            "zone_id": "90d05c83d17c8f63ce1946fb65bb966f"
          },
          "sensitive_attributes": [],
          "private": "bnVsbA=="
        },
        {
          "index_key": 170,
          "schema_version": 0,
          "attributes": {
            "description": "Allowed IPs attempts which are accessable to the system",
            "expression": "(ip.src in {20.236.121.156 20.218.208.121 65.52.238.152 20.113.47.1})",
            "id": "00299a5f52ea41a299bf4a5f69c08ec0",
            "paused": false,
            "ref": "",
            "zone_id": "9b9f1ec179c9dde4857df0a0bdee9f8e"
          },
          "sensitive_attributes": [],
          "private": "bnVsbA=="
        },
        {
          "index_key": 171,
          "schema_version": 0,
          "attributes": {
            "description": "Bot score greater then five",
            "expression": "(cf.bot_management.score gt 2)",
            "id": "e0d8971828a04c98b923169d5eaf0e90",
            "paused": false,
            "ref": "",
            "zone_id": "9b9f1ec179c9dde4857df0a0bdee9f8e"
          },
          "sensitive_attributes": [],
          "private": "bnVsbA=="
        },
        {
          "index_key": 172,
          "schema_version": 0,
          "attributes": {
            "description": "Log Verified Bots filter",
            "expression": "(cf.bot_management.score lt 1)",
            "id": "0095d650006f414ebbba644e0d5cb866",
            "paused": false,
            "ref": "",
            "zone_id": "9b9f1ec179c9dde4857df0a0bdee9f8e"
          },
          "sensitive_attributes": [],
          "private": "bnVsbA=="
        },
        {
          "index_key": 173,
          "schema_version": 0,
          "attributes": {
            "description": "Log Bot Score 1 filter",
            "expression": "(cf.bot_management.score eq 1)",
            "id": "90e26568fa29454ba882954951549c06",
            "paused": false,
            "ref": "",
            "zone_id": "9b9f1ec179c9dde4857df0a0bdee9f8e"
          },
          "sensitive_attributes": [],
          "private": "bnVsbA=="
        },
        {
          "index_key": 174,
          "schema_version": 0,
          "attributes": {
            "description": "AEM_Allow_Rule filter",
            "expression": "(http.request.full_uri contains \"aem-perf\")",
            "id": "679f2c52eaec437bb9f6065e9e074522",
            "paused": false,
            "ref": "",
            "zone_id": "9b9f1ec179c9dde4857df0a0bdee9f8e"
          },
          "sensitive_attributes": [],
          "private": "bnVsbA=="
        },
        {
          "index_key": 175,
          "schema_version": 0,
          "attributes": {
            "description": "Allowed IPs attempts which are accessable to the system",
            "expression": "(ip.src in {20.236.121.156 20.218.208.121 65.52.238.152 20.113.47.1})",
            "id": "0dcd59e0334542e5afe455700ee18162",
            "paused": false,
            "ref": "",
            "zone_id": "38e2f44ff2c77ff9253a775f2a114df5"
          },
          "sensitive_attributes": [],
          "private": "bnVsbA=="
        },
        {
          "index_key": 176,
          "schema_version": 0,
          "attributes": {
            "description": "Bot score greater then five",
            "expression": "(cf.bot_management.score gt 2)",
            "id": "7f7be805d51c4ecf828863e005d01915",
            "paused": false,
            "ref": "",
            "zone_id": "38e2f44ff2c77ff9253a775f2a114df5"
          },
          "sensitive_attributes": [],
          "private": "bnVsbA=="
        },
        {
          "index_key": 177,
          "schema_version": 0,
          "attributes": {
            "description": "Log Verified Bots filter",
            "expression": "(cf.bot_management.score lt 1)",
            "id": "ffe84c6b0277426a850e5c54fd05810c",
            "paused": false,
            "ref": "",
            "zone_id": "38e2f44ff2c77ff9253a775f2a114df5"
          },
          "sensitive_attributes": [],
          "private": "bnVsbA=="
        },
        {
          "index_key": 178,
          "schema_version": 0,
          "attributes": {
            "description": "Log Bot Score 1 filter",
            "expression": "(cf.bot_management.score eq 1)",
            "id": "e82d4567d0204889a7c6f75464ed7cb4",
            "paused": false,
            "ref": "",
            "zone_id": "38e2f44ff2c77ff9253a775f2a114df5"
          },
          "sensitive_attributes": [],
          "private": "bnVsbA=="
        },
        {
          "index_key": 179,
          "schema_version": 0,
          "attributes": {
            "description": "AEM_Allow_Rule filter",
            "expression": "(http.request.full_uri contains \"aem-perf\")",
            "id": "9362a60905b040acb7205399edca1712",
            "paused": false,
            "ref": "",
            "zone_id": "38e2f44ff2c77ff9253a775f2a114df5"
          },
          "sensitive_attributes": [],
          "private": "bnVsbA=="
        },
        {
          "index_key": 180,
          "schema_version": 0,
          "attributes": {
            "description": "Allowed IPs attempts which are accessable to the system",
            "expression": "(ip.src in {20.236.121.156 20.218.208.121 65.52.238.152 20.113.47.1})",
            "id": "9aa2bfb831424f978a69d51996646f0a",
            "paused": false,
            "ref": "",
            "zone_id": "6cef6b320e2b3026dc7cd10a39e14885"
          },
          "sensitive_attributes": [],
          "private": "bnVsbA=="
        },
        {
          "index_key": 181,
          "schema_version": 0,
          "attributes": {
            "description": "Bot score greater then five",
            "expression": "(cf.bot_management.score gt 2)",
            "id": "e5ef637c47e74db8859472f582efea2c",
            "paused": false,
            "ref": "",
            "zone_id": "6cef6b320e2b3026dc7cd10a39e14885"
          },
          "sensitive_attributes": [],
          "private": "bnVsbA=="
        },
        {
          "index_key": 182,
          "schema_version": 0,
          "attributes": {
            "description": "Log Verified Bots filter",
            "expression": "(cf.bot_management.score lt 1)",
            "id": "860ebbafc9f3420bbfa43768f47b6318",
            "paused": false,
            "ref": "",
            "zone_id": "6cef6b320e2b3026dc7cd10a39e14885"
          },
          "sensitive_attributes": [],
          "private": "bnVsbA=="
        },
        {
          "index_key": 183,
          "schema_version": 0,
          "attributes": {
            "description": "Log Bot Score 1 filter",
            "expression": "(cf.bot_management.score eq 1)",
            "id": "2cd308e3d5b4430f9a04ffe234d3744a",
            "paused": false,
            "ref": "",
            "zone_id": "6cef6b320e2b3026dc7cd10a39e14885"
          },
          "sensitive_attributes": [],
          "private": "bnVsbA=="
        },
        {
          "index_key": 184,
          "schema_version": 0,
          "attributes": {
            "description": "AEM_Allow_Rule filter",
            "expression": "(http.request.full_uri contains \"aem-perf\")",
            "id": "87c18520ec114d3cababa075e46a3ced",
            "paused": false,
            "ref": "",
            "zone_id": "6cef6b320e2b3026dc7cd10a39e14885"
          },
          "sensitive_attributes": [],
          "private": "bnVsbA=="
        },
        {
          "index_key": 185,
          "schema_version": 0,
          "attributes": {
            "description": "Allowed IPs attempts which are accessable to the system",
            "expression": "(ip.src in {20.236.121.156 20.218.208.121 65.52.238.152 20.113.47.1})",
            "id": "ea921f9cef5c4aa88cff37ac82f8f1b7",
            "paused": false,
            "ref": "",
            "zone_id": "4aac1810ba9d299c28e36ecbb1169b8c"
          },
          "sensitive_attributes": [],
          "private": "bnVsbA=="
        },
        {
          "index_key": 186,
          "schema_version": 0,
          "attributes": {
            "description": "Bot score greater then five",
            "expression": "(cf.bot_management.score gt 2)",
            "id": "8621bada92824895b3ae3dbb1f0d4a3d",
            "paused": false,
            "ref": "",
            "zone_id": "4aac1810ba9d299c28e36ecbb1169b8c"
          },
          "sensitive_attributes": [],
          "private": "bnVsbA=="
        },
        {
          "index_key": 187,
          "schema_version": 0,
          "attributes": {
            "description": "Log Verified Bots filter",
            "expression": "(cf.bot_management.score lt 1)",
            "id": "5a75e6d061eb47d49bc3af5a59e63460",
            "paused": false,
            "ref": "",
            "zone_id": "4aac1810ba9d299c28e36ecbb1169b8c"
          },
          "sensitive_attributes": [],
          "private": "bnVsbA=="
        },
        {
          "index_key": 188,
          "schema_version": 0,
          "attributes": {
            "description": "Log Bot Score 1 filter",
            "expression": "(cf.bot_management.score eq 1)",
            "id": "ca437c0c4ae74bc893afaafa9426599c",
            "paused": false,
            "ref": "",
            "zone_id": "4aac1810ba9d299c28e36ecbb1169b8c"
          },
          "sensitive_attributes": [],
          "private": "bnVsbA=="
        },
        {
          "index_key": 189,
          "schema_version": 0,
          "attributes": {
            "description": "AEM_Allow_Rule filter",
            "expression": "(http.request.full_uri contains \"aem-perf\")",
            "id": "94174d4129754679ba74ee4f4a80e5f7",
            "paused": false,
            "ref": "",
            "zone_id": "4aac1810ba9d299c28e36ecbb1169b8c"
          },
          "sensitive_attributes": [],
          "private": "bnVsbA=="
        },
        {
          "index_key": 190,
          "schema_version": 0,
          "attributes": {
            "description": "Allowed IPs attempts which are accessable to the system",
            "expression": "(ip.src in {20.236.121.156 20.218.208.121 65.52.238.152 20.113.47.1})",
            "id": "471f7fa3a3954a35a7689ae98d7157f5",
            "paused": false,
            "ref": "",
            "zone_id": "484e98d797d288bd19848bf615d8bfc8"
          },
          "sensitive_attributes": [],
          "private": "bnVsbA=="
        },
        {
          "index_key": 191,
          "schema_version": 0,
          "attributes": {
            "description": "Bot score greater then five",
            "expression": "(cf.bot_management.score gt 2)",
            "id": "332d1bdb2c4b4186953a3b510a4d9451",
            "paused": false,
            "ref": "",
            "zone_id": "484e98d797d288bd19848bf615d8bfc8"
          },
          "sensitive_attributes": [],
          "private": "bnVsbA=="
        },
        {
          "index_key": 192,
          "schema_version": 0,
          "attributes": {
            "description": "Log Verified Bots filter",
            "expression": "(cf.bot_management.score lt 1)",
            "id": "3fe89c28298f44608ba21bb6d5bcbbf8",
            "paused": false,
            "ref": "",
            "zone_id": "484e98d797d288bd19848bf615d8bfc8"
          },
          "sensitive_attributes": [],
          "private": "bnVsbA=="
        },
        {
          "index_key": 193,
          "schema_version": 0,
          "attributes": {
            "description": "Log Bot Score 1 filter",
            "expression": "(cf.bot_management.score eq 1)",
            "id": "671bf50da15b42cc996c3e10675d4d03",
            "paused": false,
            "ref": "",
            "zone_id": "484e98d797d288bd19848bf615d8bfc8"
          },
          "sensitive_attributes": [],
          "private": "bnVsbA=="
        },
        {
          "index_key": 194,
          "schema_version": 0,
          "attributes": {
            "description": "AEM_Allow_Rule filter",
            "expression": "(http.request.full_uri contains \"aem-perf\")",
            "id": "58b77070bf964e2c9068b8075a0d42bf",
            "paused": false,
            "ref": "",
            "zone_id": "484e98d797d288bd19848bf615d8bfc8"
          },
          "sensitive_attributes": [],
          "private": "bnVsbA=="
        },
        {
          "index_key": 195,
          "schema_version": 0,
          "attributes": {
            "description": "Allowed IPs attempts which are accessable to the system",
            "expression": "(ip.src in {20.236.121.156 20.218.208.121 65.52.238.152 20.113.47.1})",
            "id": "701a78fc31e849f291cb1fc468e18298",
            "paused": false,
            "ref": "",
            "zone_id": "bfde4b609dfdc43525bcad2a91738656"
          },
          "sensitive_attributes": [],
          "private": "bnVsbA=="
        },
        {
          "index_key": 196,
          "schema_version": 0,
          "attributes": {
            "description": "Bot score greater then five",
            "expression": "(cf.bot_management.score gt 2)",
            "id": "4535d53972b148daa7ada9c915a4cfe0",
            "paused": false,
            "ref": "",
            "zone_id": "bfde4b609dfdc43525bcad2a91738656"
          },
          "sensitive_attributes": [],
          "private": "bnVsbA=="
        },
        {
          "index_key": 197,
          "schema_version": 0,
          "attributes": {
            "description": "Log Verified Bots filter",
            "expression": "(cf.bot_management.score lt 1)",
            "id": "a7d0fe7990ee48d0a769d61b1727d389",
            "paused": false,
            "ref": "",
            "zone_id": "bfde4b609dfdc43525bcad2a91738656"
          },
          "sensitive_attributes": [],
          "private": "bnVsbA=="
        },
        {
          "index_key": 198,
          "schema_version": 0,
          "attributes": {
            "description": "Log Bot Score 1 filter",
            "expression": "(cf.bot_management.score eq 1)",
            "id": "d5cb58a7fc734e4cb30234190bcdab88",
            "paused": false,
            "ref": "",
            "zone_id": "bfde4b609dfdc43525bcad2a91738656"
          },
          "sensitive_attributes": [],
          "private": "bnVsbA=="
        },
        {
          "index_key": 199,
          "schema_version": 0,
          "attributes": {
            "description": "AEM_Allow_Rule filter",
            "expression": "(http.request.full_uri contains \"aem-perf\")",
            "id": "cb45e551ad5b453391285a3d78178386",
            "paused": false,
            "ref": "",
            "zone_id": "bfde4b609dfdc43525bcad2a91738656"
          },
          "sensitive_attributes": [],
          "private": "bnVsbA=="
        },
        {
          "index_key": 200,
          "schema_version": 0,
          "attributes": {
            "description": "Allowed IPs attempts which are accessable to the system",
            "expression": "(ip.src in {20.236.121.156 20.218.208.121 65.52.238.152 20.113.47.1})",
            "id": "12217582f9a1417ba29fc0e1200f3d8b",
            "paused": false,
            "ref": "",
            "zone_id": "48bc337f0ab09bce2c71da1550ab78c1"
          },
          "sensitive_attributes": [],
          "private": "bnVsbA=="
        },
        {
          "index_key": 201,
          "schema_version": 0,
          "attributes": {
            "description": "Bot score greater then five",
            "expression": "(cf.bot_management.score gt 2)",
            "id": "ede9e92e7f5342568557d66d7de7c465",
            "paused": false,
            "ref": "",
            "zone_id": "48bc337f0ab09bce2c71da1550ab78c1"
          },
          "sensitive_attributes": [],
          "private": "bnVsbA=="
        },
        {
          "index_key": 202,
          "schema_version": 0,
          "attributes": {
            "description": "Log Verified Bots filter",
            "expression": "(cf.bot_management.score lt 1)",
            "id": "79230a7fe92a4088b75bf5fced039881",
            "paused": false,
            "ref": "",
            "zone_id": "48bc337f0ab09bce2c71da1550ab78c1"
          },
          "sensitive_attributes": [],
          "private": "bnVsbA=="
        },
        {
          "index_key": 203,
          "schema_version": 0,
          "attributes": {
            "description": "Log Bot Score 1 filter",
            "expression": "(cf.bot_management.score eq 1)",
            "id": "149452563b9447b9a968862733ec32c5",
            "paused": false,
            "ref": "",
            "zone_id": "48bc337f0ab09bce2c71da1550ab78c1"
          },
          "sensitive_attributes": [],
          "private": "bnVsbA=="
        },
        {
          "index_key": 204,
          "schema_version": 0,
          "attributes": {
            "description": "AEM_Allow_Rule filter",
            "expression": "(http.request.full_uri contains \"aem-perf\")",
            "id": "0b9348ed65774dd79ab0e813cb173807",
            "paused": false,
            "ref": "",
            "zone_id": "48bc337f0ab09bce2c71da1550ab78c1"
          },
          "sensitive_attributes": [],
          "private": "bnVsbA=="
        }
      ]
    },
    {
      "mode": "managed",
      "type": "cloudflare_firewall_rule",
      "name": "ALLOWED_IP",
      "provider": "provider[\"registry.terraform.io/cloudflare/cloudflare\"]",
      "instances": [
        {
          "index_key": 0,
          "schema_version": 0,
          "attributes": {
            "action": "allow",
            "description": "ALLOWED_IPs",
            "filter_id": "121a7d2c5e2b4a8aaf9455b23ea971a1",
            "id": "fcd16495d93e455b9aba90b2a4ab432e",
            "paused": false,
            "priority": 4,
            "products": [],
            "zone_id": "bc945a30f0f6592727d4752ecedbe0b1"
          },
          "sensitive_attributes": [],
          "private": "bnVsbA==",
          "dependencies": [
            "cloudflare_filter.ALLOWED_IP"
          ]
        },
        {
          "index_key": 1,
          "schema_version": 0,
          "attributes": {
            "action": "log",
            "description": "BOT-2-30-AEM-Perf",
            "filter_id": "ca5c6136f4ba4b12ba403fd06d52c7b1",
            "id": "dbe12cde01fa451caa104b926e266b33",
            "paused": false,
            "priority": 1,
            "products": [],
            "zone_id": "bc945a30f0f6592727d4752ecedbe0b1"
          },
          "sensitive_attributes": [],
          "private": "bnVsbA==",
          "dependencies": [
            "cloudflare_filter.ALLOWED_IP"
          ]
        },
        {
          "index_key": 2,
          "schema_version": 0,
          "attributes": {
            "action": "log",
            "description": "Log Verified Bots",
            "filter_id": "fbfc4c211ffd494d840c9cd4fe23e5e5",
            "id": "28ef34b2e8664255af7678eeea2f77cf",
            "paused": true,
            "priority": 2,
            "products": [],
            "zone_id": "bc945a30f0f6592727d4752ecedbe0b1"
          },
          "sensitive_attributes": [],
          "private": "bnVsbA==",
          "dependencies": [
            "cloudflare_filter.ALLOWED_IP"
          ]
        },
        {
          "index_key": 3,
          "schema_version": 0,
          "attributes": {
            "action": "log",
            "description": "Log Bot Score 1",
            "filter_id": "3aa2481c78c24135b35e072890c18ea3",
            "id": "73711c59e15b45ff8eeae1385bc3db87",
            "paused": true,
            "priority": 3,
            "products": [],
            "zone_id": "bc945a30f0f6592727d4752ecedbe0b1"
          },
          "sensitive_attributes": [],
          "private": "bnVsbA==",
          "dependencies": [
            "cloudflare_filter.ALLOWED_IP"
          ]
        },
        {
          "index_key": 4,
          "schema_version": 0,
          "attributes": {
            "action": "bypass",
            "description": "AEM_Allow_Rule ",
            "filter_id": "6dd9ab6d6b304bc98798c17e1cfc9f67",
            "id": "5649ac72b70147d3bbc655b1790bf1e2",
            "paused": false,
            "priority": 5,
            "products": [
              "bic",
              "hot",
              "rateLimit",
              "securityLevel",
              "uaBlock",
              "waf",
              "zoneLockdown"
            ],
            "zone_id": "bc945a30f0f6592727d4752ecedbe0b1"
          },
          "sensitive_attributes": [],
          "private": "bnVsbA==",
          "dependencies": [
            "cloudflare_filter.ALLOWED_IP"
          ]
        },
        {
          "index_key": 5,
          "schema_version": 0,
          "attributes": {
            "action": "allow",
            "description": "ALLOWED_IPs",
            "filter_id": "a790c510a89d4dbf9e3cfd7818351405",
            "id": "3b26bb9b10cb4579915667e671cdea43",
            "paused": false,
            "priority": 4,
            "products": [],
            "zone_id": "41f222bfe675f10c038e668167848c85"
          },
          "sensitive_attributes": [],
          "private": "bnVsbA==",
          "dependencies": [
            "cloudflare_filter.ALLOWED_IP"
          ]
        },
        {
          "index_key": 6,
          "schema_version": 0,
          "attributes": {
            "action": "log",
            "description": "BOT-2-30-AEM-Perf",
            "filter_id": "99aba1c9d368493a9f69d0aaf777dfa7",
            "id": "6b18e217ab8d4b37a74b0a568b111187",
            "paused": false,
            "priority": 1,
            "products": [],
            "zone_id": "41f222bfe675f10c038e668167848c85"
          },
          "sensitive_attributes": [],
          "private": "bnVsbA==",
          "dependencies": [
            "cloudflare_filter.ALLOWED_IP"
          ]
        },
        {
          "index_key": 7,
          "schema_version": 0,
          "attributes": {
            "action": "log",
            "description": "Log Verified Bots",
            "filter_id": "ed56624bd6bd49c4a2ac25dae1aa9bdb",
            "id": "6626feccdad34cb48a9deea1b9725439",
            "paused": true,
            "priority": 2,
            "products": [],
            "zone_id": "41f222bfe675f10c038e668167848c85"
          },
          "sensitive_attributes": [],
          "private": "bnVsbA==",
          "dependencies": [
            "cloudflare_filter.ALLOWED_IP"
          ]
        },
        {
          "index_key": 8,
          "schema_version": 0,
          "attributes": {
            "action": "log",
            "description": "Log Bot Score 1",
            "filter_id": "f04d0c5f306f41c3aeb63bf54b3e548e",
            "id": "f3830fd1ff19405c9a5de2d10540c44d",
            "paused": true,
            "priority": 3,
            "products": [],
            "zone_id": "41f222bfe675f10c038e668167848c85"
          },
          "sensitive_attributes": [],
          "private": "bnVsbA==",
          "dependencies": [
            "cloudflare_filter.ALLOWED_IP"
          ]
        },
        {
          "index_key": 9,
          "schema_version": 0,
          "attributes": {
            "action": "bypass",
            "description": "AEM_Allow_Rule ",
            "filter_id": "52364fe7a63f4587b0bf468d3ddbae93",
            "id": "73183f5dbc39482c8853b013786ff57c",
            "paused": false,
            "priority": 5,
            "products": [
              "bic",
              "hot",
              "rateLimit",
              "securityLevel",
              "uaBlock",
              "waf",
              "zoneLockdown"
            ],
            "zone_id": "41f222bfe675f10c038e668167848c85"
          },
          "sensitive_attributes": [],
          "private": "bnVsbA==",
          "dependencies": [
            "cloudflare_filter.ALLOWED_IP"
          ]
        },
        {
          "index_key": 10,
          "schema_version": 0,
          "attributes": {
            "action": "allow",
            "description": "ALLOWED_IPs",
            "filter_id": "45fb7c9481074401a583b4c300b29ce4",
            "id": "d6f4ca214a184ac889a829b27766dad5",
            "paused": false,
            "priority": 4,
            "products": [],
            "zone_id": "1295162607c66f092bafa705fcc9e406"
          },
          "sensitive_attributes": [],
          "private": "bnVsbA==",
          "dependencies": [
            "cloudflare_filter.ALLOWED_IP"
          ]
        },
        {
          "index_key": 11,
          "schema_version": 0,
          "attributes": {
            "action": "log",
            "description": "BOT-2-30-AEM-Perf",
            "filter_id": "c53cb0ba33f040798aec08c13aa22e3a",
            "id": "d446fdcfae44433f84197e85a6cea54d",
            "paused": false,
            "priority": 1,
            "products": [],
            "zone_id": "1295162607c66f092bafa705fcc9e406"
          },
          "sensitive_attributes": [],
          "private": "bnVsbA==",
          "dependencies": [
            "cloudflare_filter.ALLOWED_IP"
          ]
        },
        {
          "index_key": 12,
          "schema_version": 0,
          "attributes": {
            "action": "log",
            "description": "Log Verified Bots",
            "filter_id": "aee12ea8f3fc4897b78b2a3c4bcc7dcc",
            "id": "d746d71c84f0434cb23922aa9e10a44d",
            "paused": true,
            "priority": 2,
            "products": [],
            "zone_id": "1295162607c66f092bafa705fcc9e406"
          },
          "sensitive_attributes": [],
          "private": "bnVsbA==",
          "dependencies": [
            "cloudflare_filter.ALLOWED_IP"
          ]
        },
        {
          "index_key": 13,
          "schema_version": 0,
          "attributes": {
            "action": "log",
            "description": "Log Bot Score 1",
            "filter_id": "4b8f6dc0a25a49d5ad616f6b60236c0b",
            "id": "14c6922389b042e98d7a1d71dea32ef5",
            "paused": true,
            "priority": 3,
            "products": [],
            "zone_id": "1295162607c66f092bafa705fcc9e406"
          },
          "sensitive_attributes": [],
          "private": "bnVsbA==",
          "dependencies": [
            "cloudflare_filter.ALLOWED_IP"
          ]
        },
        {
          "index_key": 14,
          "schema_version": 0,
          "attributes": {
            "action": "bypass",
            "description": "AEM_Allow_Rule ",
            "filter_id": "807ca1b432f64d688fbf071b2fec2af8",
            "id": "2f5a6649e95c4dfbbe0dd81fd192cdba",
            "paused": false,
            "priority": 5,
            "products": [
              "bic",
              "hot",
              "rateLimit",
              "securityLevel",
              "uaBlock",
              "waf",
              "zoneLockdown"
            ],
            "zone_id": "1295162607c66f092bafa705fcc9e406"
          },
          "sensitive_attributes": [],
          "private": "bnVsbA==",
          "dependencies": [
            "cloudflare_filter.ALLOWED_IP"
          ]
        },
        {
          "index_key": 15,
          "schema_version": 0,
          "attributes": {
            "action": "allow",
            "description": "ALLOWED_IPs",
            "filter_id": "d6d78fccb3664a9e89a6f8828daafdcf",
            "id": "6eecc41ab47c4e77b12783c4ed6e2c8e",
            "paused": false,
            "priority": 4,
            "products": [],
            "zone_id": "e12ce5eb163d50a7520524716248c558"
          },
          "sensitive_attributes": [],
          "private": "bnVsbA==",
          "dependencies": [
            "cloudflare_filter.ALLOWED_IP"
          ]
        },
        {
          "index_key": 16,
          "schema_version": 0,
          "attributes": {
            "action": "log",
            "description": "BOT-2-30-AEM-Perf",
            "filter_id": "ef2bc727843f4861954ce94a8665b022",
            "id": "0dbac513a939458d9f686386f811d056",
            "paused": false,
            "priority": 1,
            "products": [],
            "zone_id": "e12ce5eb163d50a7520524716248c558"
          },
          "sensitive_attributes": [],
          "private": "bnVsbA==",
          "dependencies": [
            "cloudflare_filter.ALLOWED_IP"
          ]
        },
        {
          "index_key": 17,
          "schema_version": 0,
          "attributes": {
            "action": "log",
            "description": "Log Verified Bots",
            "filter_id": "a357537b96f64cfd938a9db0cbea52f1",
            "id": "d8f52380c48a417d911d294a83459787",
            "paused": true,
            "priority": 2,
            "products": [],
            "zone_id": "e12ce5eb163d50a7520524716248c558"
          },
          "sensitive_attributes": [],
          "private": "bnVsbA==",
          "dependencies": [
            "cloudflare_filter.ALLOWED_IP"
          ]
        },
        {
          "index_key": 18,
          "schema_version": 0,
          "attributes": {
            "action": "log",
            "description": "Log Bot Score 1",
            "filter_id": "b2f668e9b64044c9a26acf61dcf2f2ce",
            "id": "16c1386b6cb24b9da6a4759555551345",
            "paused": true,
            "priority": 3,
            "products": [],
            "zone_id": "e12ce5eb163d50a7520524716248c558"
          },
          "sensitive_attributes": [],
          "private": "bnVsbA==",
          "dependencies": [
            "cloudflare_filter.ALLOWED_IP"
          ]
        },
        {
          "index_key": 19,
          "schema_version": 0,
          "attributes": {
            "action": "bypass",
            "description": "AEM_Allow_Rule ",
            "filter_id": "e338941667734c20ab7d519a70a01cec",
            "id": "804802addacd4f81b91635945e60c7e3",
            "paused": false,
            "priority": 5,
            "products": [
              "bic",
              "hot",
              "rateLimit",
              "securityLevel",
              "uaBlock",
              "waf",
              "zoneLockdown"
            ],
            "zone_id": "e12ce5eb163d50a7520524716248c558"
          },
          "sensitive_attributes": [],
          "private": "bnVsbA==",
          "dependencies": [
            "cloudflare_filter.ALLOWED_IP"
          ]
        },
        {
          "index_key": 20,
          "schema_version": 0,
          "attributes": {
            "action": "allow",
            "description": "ALLOWED_IPs",
            "filter_id": "91a39510c3a44b36a5c8cc0fa358b63f",
            "id": "7bca34d557754551b1938e1d68e63abe",
            "paused": false,
            "priority": 4,
            "products": [],
            "zone_id": "ab2f4f118ab70e9fc5f426543c055416"
          },
          "sensitive_attributes": [],
          "private": "bnVsbA==",
          "dependencies": [
            "cloudflare_filter.ALLOWED_IP"
          ]
        },
        {
          "index_key": 21,
          "schema_version": 0,
          "attributes": {
            "action": "log",
            "description": "BOT-2-30-AEM-Perf",
            "filter_id": "9387f37b413443138975620e10542a02",
            "id": "370d861e90da420b9646e87d64a66f63",
            "paused": false,
            "priority": 1,
            "products": [],
            "zone_id": "ab2f4f118ab70e9fc5f426543c055416"
          },
          "sensitive_attributes": [],
          "private": "bnVsbA==",
          "dependencies": [
            "cloudflare_filter.ALLOWED_IP"
          ]
        },
        {
          "index_key": 22,
          "schema_version": 0,
          "attributes": {
            "action": "log",
            "description": "Log Verified Bots",
            "filter_id": "6cc94410de574b2b99118bab08381587",
            "id": "2692367c30c84426a5169c233a164125",
            "paused": true,
            "priority": 2,
            "products": [],
            "zone_id": "ab2f4f118ab70e9fc5f426543c055416"
          },
          "sensitive_attributes": [],
          "private": "bnVsbA==",
          "dependencies": [
            "cloudflare_filter.ALLOWED_IP"
          ]
        },
        {
          "index_key": 23,
          "schema_version": 0,
          "attributes": {
            "action": "log",
            "description": "Log Bot Score 1",
            "filter_id": "4665471f043b492ba9ec155b2306785a",
            "id": "0f9f1e4262344d3182624f4c9505a7c4",
            "paused": true,
            "priority": 3,
            "products": [],
            "zone_id": "ab2f4f118ab70e9fc5f426543c055416"
          },
          "sensitive_attributes": [],
          "private": "bnVsbA==",
          "dependencies": [
            "cloudflare_filter.ALLOWED_IP"
          ]
        },
        {
          "index_key": 24,
          "schema_version": 0,
          "attributes": {
            "action": "bypass",
            "description": "AEM_Allow_Rule ",
            "filter_id": "d3d8e01ca07749e29ba612b6a30f289a",
            "id": "c4ca9e8bf283431687cbe6f3b74f6520",
            "paused": false,
            "priority": 5,
            "products": [
              "bic",
              "hot",
              "rateLimit",
              "securityLevel",
              "uaBlock",
              "waf",
              "zoneLockdown"
            ],
            "zone_id": "ab2f4f118ab70e9fc5f426543c055416"
          },
          "sensitive_attributes": [],
          "private": "bnVsbA==",
          "dependencies": [
            "cloudflare_filter.ALLOWED_IP"
          ]
        },
        {
          "index_key": 25,
          "schema_version": 0,
          "attributes": {
            "action": "allow",
            "description": "ALLOWED_IPs",
            "filter_id": "da2c994682974b71b7b307babc677351",
            "id": "bed377106cf1463cb196ca31b2978bbe",
            "paused": false,
            "priority": 4,
            "products": [],
            "zone_id": "63c5ceb68b001c2a98db309eb9d7c4b9"
          },
          "sensitive_attributes": [],
          "private": "bnVsbA==",
          "dependencies": [
            "cloudflare_filter.ALLOWED_IP"
          ]
        },
        {
          "index_key": 26,
          "schema_version": 0,
          "attributes": {
            "action": "log",
            "description": "BOT-2-30-AEM-Perf",
            "filter_id": "95d7ff3d6a5f4cdabd7db487f1448572",
            "id": "19567d8cc8ad4cbcbfbb2ae005fc8abe",
            "paused": false,
            "priority": 1,
            "products": [],
            "zone_id": "63c5ceb68b001c2a98db309eb9d7c4b9"
          },
          "sensitive_attributes": [],
          "private": "bnVsbA==",
          "dependencies": [
            "cloudflare_filter.ALLOWED_IP"
          ]
        },
        {
          "index_key": 27,
          "schema_version": 0,
          "attributes": {
            "action": "log",
            "description": "Log Verified Bots",
            "filter_id": "d2a17640910a44faae6ee8f0cc1103cc",
            "id": "67c0528fa7e040a193dc98757a57f3ff",
            "paused": true,
            "priority": 2,
            "products": [],
            "zone_id": "63c5ceb68b001c2a98db309eb9d7c4b9"
          },
          "sensitive_attributes": [],
          "private": "bnVsbA==",
          "dependencies": [
            "cloudflare_filter.ALLOWED_IP"
          ]
        },
        {
          "index_key": 28,
          "schema_version": 0,
          "attributes": {
            "action": "log",
            "description": "Log Bot Score 1",
            "filter_id": "4a4953eaadf74cc980e41ca7364d0155",
            "id": "52f1ce469b91433db5d827b93ede5d4e",
            "paused": true,
            "priority": 3,
            "products": [],
            "zone_id": "63c5ceb68b001c2a98db309eb9d7c4b9"
          },
          "sensitive_attributes": [],
          "private": "bnVsbA==",
          "dependencies": [
            "cloudflare_filter.ALLOWED_IP"
          ]
        },
        {
          "index_key": 29,
          "schema_version": 0,
          "attributes": {
            "action": "bypass",
            "description": "AEM_Allow_Rule ",
            "filter_id": "6ca197785b0145c0956ace4ec25d09ea",
            "id": "8842445352cd4a22a3f588576259a5a0",
            "paused": false,
            "priority": 5,
            "products": [
              "bic",
              "hot",
              "rateLimit",
              "securityLevel",
              "uaBlock",
              "waf",
              "zoneLockdown"
            ],
            "zone_id": "63c5ceb68b001c2a98db309eb9d7c4b9"
          },
          "sensitive_attributes": [],
          "private": "bnVsbA==",
          "dependencies": [
            "cloudflare_filter.ALLOWED_IP"
          ]
        },
        {
          "index_key": 30,
          "schema_version": 0,
          "attributes": {
            "action": "allow",
            "description": "ALLOWED_IPs",
            "filter_id": "29b981e23e7448d29d74ab5ecec03dc9",
            "id": "cd7079c565ea4918bc4649113803bc52",
            "paused": false,
            "priority": 4,
            "products": [],
            "zone_id": "5a9e368a43e3ff841bbb8dac3cc1254c"
          },
          "sensitive_attributes": [],
          "private": "bnVsbA==",
          "dependencies": [
            "cloudflare_filter.ALLOWED_IP"
          ]
        },
        {
          "index_key": 31,
          "schema_version": 0,
          "attributes": {
            "action": "log",
            "description": "BOT-2-30-AEM-Perf",
            "filter_id": "5b9b9cd95a04445c82d077e46cac2c9d",
            "id": "b31c828ddfba47f9897cfef3a7912f89",
            "paused": false,
            "priority": 1,
            "products": [],
            "zone_id": "5a9e368a43e3ff841bbb8dac3cc1254c"
          },
          "sensitive_attributes": [],
          "private": "bnVsbA==",
          "dependencies": [
            "cloudflare_filter.ALLOWED_IP"
          ]
        },
        {
          "index_key": 32,
          "schema_version": 0,
          "attributes": {
            "action": "log",
            "description": "Log Verified Bots",
            "filter_id": "123615dd82414dc7a5ea55b232ecefec",
            "id": "053b2c75b79a402b94d9a2c56a64c2be",
            "paused": true,
            "priority": 2,
            "products": [],
            "zone_id": "5a9e368a43e3ff841bbb8dac3cc1254c"
          },
          "sensitive_attributes": [],
          "private": "bnVsbA==",
          "dependencies": [
            "cloudflare_filter.ALLOWED_IP"
          ]
        },
        {
          "index_key": 33,
          "schema_version": 0,
          "attributes": {
            "action": "log",
            "description": "Log Bot Score 1",
            "filter_id": "2f3e09c112754adf88683933d9c71b22",
            "id": "748a533adbde44319571b3fcea3ef127",
            "paused": true,
            "priority": 3,
            "products": [],
            "zone_id": "5a9e368a43e3ff841bbb8dac3cc1254c"
          },
          "sensitive_attributes": [],
          "private": "bnVsbA==",
          "dependencies": [
            "cloudflare_filter.ALLOWED_IP"
          ]
        },
        {
          "index_key": 34,
          "schema_version": 0,
          "attributes": {
            "action": "bypass",
            "description": "AEM_Allow_Rule ",
            "filter_id": "12823d83fe6f4d159044cd199a7b3146",
            "id": "854e668b5e1844f5ac80639c6d10ad93",
            "paused": false,
            "priority": 5,
            "products": [
              "bic",
              "hot",
              "rateLimit",
              "securityLevel",
              "uaBlock",
              "waf",
              "zoneLockdown"
            ],
            "zone_id": "5a9e368a43e3ff841bbb8dac3cc1254c"
          },
          "sensitive_attributes": [],
          "private": "bnVsbA==",
          "dependencies": [
            "cloudflare_filter.ALLOWED_IP"
          ]
        },
        {
          "index_key": 35,
          "schema_version": 0,
          "attributes": {
            "action": "allow",
            "description": "ALLOWED_IPs",
            "filter_id": "d5c2a7e1f0cf4458bf978be21aee1a9e",
            "id": "2460b88c07bf4133aed0443fe4630924",
            "paused": false,
            "priority": 4,
            "products": [],
            "zone_id": "5706148d9e93cc41ce218f7a78f37b09"
          },
          "sensitive_attributes": [],
          "private": "bnVsbA==",
          "dependencies": [
            "cloudflare_filter.ALLOWED_IP"
          ]
        },
        {
          "index_key": 36,
          "schema_version": 0,
          "attributes": {
            "action": "log",
            "description": "BOT-2-30-AEM-Perf",
            "filter_id": "283453b7317148408204f1c92bdc0f5f",
            "id": "355778f04aae45aabb38a5ee5389f1fd",
            "paused": false,
            "priority": 1,
            "products": [],
            "zone_id": "5706148d9e93cc41ce218f7a78f37b09"
          },
          "sensitive_attributes": [],
          "private": "bnVsbA==",
          "dependencies": [
            "cloudflare_filter.ALLOWED_IP"
          ]
        },
        {
          "index_key": 37,
          "schema_version": 0,
          "attributes": {
            "action": "log",
            "description": "Log Verified Bots",
            "filter_id": "1464fe9bbbf84479b06e8d7ecd2663ea",
            "id": "12f89ca54af3450bb59a7ac4f20863dd",
            "paused": true,
            "priority": 2,
            "products": [],
            "zone_id": "5706148d9e93cc41ce218f7a78f37b09"
          },
          "sensitive_attributes": [],
          "private": "bnVsbA==",
          "dependencies": [
            "cloudflare_filter.ALLOWED_IP"
          ]
        },
        {
          "index_key": 38,
          "schema_version": 0,
          "attributes": {
            "action": "log",
            "description": "Log Bot Score 1",
            "filter_id": "bd3cb1c39739443db1a7fca4f8c2b822",
            "id": "79a31345f78b4120b5fc57bc08c2e371",
            "paused": true,
            "priority": 3,
            "products": [],
            "zone_id": "5706148d9e93cc41ce218f7a78f37b09"
          },
          "sensitive_attributes": [],
          "private": "bnVsbA==",
          "dependencies": [
            "cloudflare_filter.ALLOWED_IP"
          ]
        },
        {
          "index_key": 39,
          "schema_version": 0,
          "attributes": {
            "action": "bypass",
            "description": "AEM_Allow_Rule ",
            "filter_id": "3c2b0fe29bc34e1d88bc62607294acf6",
            "id": "c90a33350b9d48448d9224dc896deba2",
            "paused": false,
            "priority": 5,
            "products": [
              "bic",
              "hot",
              "rateLimit",
              "securityLevel",
              "uaBlock",
              "waf",
              "zoneLockdown"
            ],
            "zone_id": "5706148d9e93cc41ce218f7a78f37b09"
          },
          "sensitive_attributes": [],
          "private": "bnVsbA==",
          "dependencies": [
            "cloudflare_filter.ALLOWED_IP"
          ]
        },
        {
          "index_key": 40,
          "schema_version": 0,
          "attributes": {
            "action": "allow",
            "description": "ALLOWED_IPs",
            "filter_id": "aaa86a14126c4290a671d75e26549913",
            "id": "763c42365a2b4e83a0eb785a0da40269",
            "paused": false,
            "priority": 4,
            "products": [],
            "zone_id": "9ac76bca3b1aef392c8ffe71473d1072"
          },
          "sensitive_attributes": [],
          "private": "bnVsbA==",
          "dependencies": [
            "cloudflare_filter.ALLOWED_IP"
          ]
        },
        {
          "index_key": 41,
          "schema_version": 0,
          "attributes": {
            "action": "log",
            "description": "BOT-2-30-AEM-Perf",
            "filter_id": "4d4b1fc4f9e14da98e3f15f81b50e191",
            "id": "31c8fa13de824a248377abd1022f99ab",
            "paused": false,
            "priority": 1,
            "products": [],
            "zone_id": "9ac76bca3b1aef392c8ffe71473d1072"
          },
          "sensitive_attributes": [],
          "private": "bnVsbA==",
          "dependencies": [
            "cloudflare_filter.ALLOWED_IP"
          ]
        },
        {
          "index_key": 42,
          "schema_version": 0,
          "attributes": {
            "action": "log",
            "description": "Log Verified Bots",
            "filter_id": "0ad237a73a5e46d1bef13ee0d525ed89",
            "id": "69b51833daa74327bd9e72dbb3c80ebc",
            "paused": true,
            "priority": 2,
            "products": [],
            "zone_id": "9ac76bca3b1aef392c8ffe71473d1072"
          },
          "sensitive_attributes": [],
          "private": "bnVsbA==",
          "dependencies": [
            "cloudflare_filter.ALLOWED_IP"
          ]
        },
        {
          "index_key": 43,
          "schema_version": 0,
          "attributes": {
            "action": "log",
            "description": "Log Bot Score 1",
            "filter_id": "5a9d0024658646329d25258e361fe7ac",
            "id": "fac112868fde4271a1d3e5dd629820d5",
            "paused": true,
            "priority": 3,
            "products": [],
            "zone_id": "9ac76bca3b1aef392c8ffe71473d1072"
          },
          "sensitive_attributes": [],
          "private": "bnVsbA==",
          "dependencies": [
            "cloudflare_filter.ALLOWED_IP"
          ]
        },
        {
          "index_key": 44,
          "schema_version": 0,
          "attributes": {
            "action": "bypass",
            "description": "AEM_Allow_Rule ",
            "filter_id": "e3a1b8e34214409781a4db1772c8ab73",
            "id": "997914ed4e2448d38dbfa091076a07fe",
            "paused": false,
            "priority": 5,
            "products": [
              "bic",
              "hot",
              "rateLimit",
              "securityLevel",
              "uaBlock",
              "waf",
              "zoneLockdown"
            ],
            "zone_id": "9ac76bca3b1aef392c8ffe71473d1072"
          },
          "sensitive_attributes": [],
          "private": "bnVsbA==",
          "dependencies": [
            "cloudflare_filter.ALLOWED_IP"
          ]
        },
        {
          "index_key": 45,
          "schema_version": 0,
          "attributes": {
            "action": "allow",
            "description": "ALLOWED_IPs",
            "filter_id": "2f74f6e507724642acf968bc49fbbf74",
            "id": "cefa61b10c71413ca09f14bbd9e4d2cf",
            "paused": false,
            "priority": 4,
            "products": [],
            "zone_id": "eae83c0029a6397afd56fe75a04b9a9c"
          },
          "sensitive_attributes": [],
          "private": "bnVsbA==",
          "dependencies": [
            "cloudflare_filter.ALLOWED_IP"
          ]
        },
        {
          "index_key": 46,
          "schema_version": 0,
          "attributes": {
            "action": "log",
            "description": "BOT-2-30-AEM-Perf",
            "filter_id": "bbd11242398d4a2099294f1a9be5a546",
            "id": "abd7e2e3233e4e29949b16e481b6e130",
            "paused": false,
            "priority": 1,
            "products": [],
            "zone_id": "eae83c0029a6397afd56fe75a04b9a9c"
          },
          "sensitive_attributes": [],
          "private": "bnVsbA==",
          "dependencies": [
            "cloudflare_filter.ALLOWED_IP"
          ]
        },
        {
          "index_key": 47,
          "schema_version": 0,
          "attributes": {
            "action": "log",
            "description": "Log Verified Bots",
            "filter_id": "80cc0c4d24cc4df1aa920aa128a86c8e",
            "id": "cfaf9619917843558ec8070cf80fc5ed",
            "paused": true,
            "priority": 2,
            "products": [],
            "zone_id": "eae83c0029a6397afd56fe75a04b9a9c"
          },
          "sensitive_attributes": [],
          "private": "bnVsbA==",
          "dependencies": [
            "cloudflare_filter.ALLOWED_IP"
          ]
        },
        {
          "index_key": 48,
          "schema_version": 0,
          "attributes": {
            "action": "log",
            "description": "Log Bot Score 1",
            "filter_id": "149d9755859a4b9aa8bb2296a814cb07",
            "id": "fd4078af903e41609d800f6422a3a816",
            "paused": true,
            "priority": 3,
            "products": [],
            "zone_id": "eae83c0029a6397afd56fe75a04b9a9c"
          },
          "sensitive_attributes": [],
          "private": "bnVsbA==",
          "dependencies": [
            "cloudflare_filter.ALLOWED_IP"
          ]
        },
        {
          "index_key": 49,
          "schema_version": 0,
          "attributes": {
            "action": "bypass",
            "description": "AEM_Allow_Rule ",
            "filter_id": "86a1b72660394971882118f424596933",
            "id": "852000b079e94453b6c011793944e70c",
            "paused": false,
            "priority": 5,
            "products": [
              "bic",
              "hot",
              "rateLimit",
              "securityLevel",
              "uaBlock",
              "waf",
              "zoneLockdown"
            ],
            "zone_id": "eae83c0029a6397afd56fe75a04b9a9c"
          },
          "sensitive_attributes": [],
          "private": "bnVsbA==",
          "dependencies": [
            "cloudflare_filter.ALLOWED_IP"
          ]
        },
        {
          "index_key": 50,
          "schema_version": 0,
          "attributes": {
            "action": "allow",
            "description": "ALLOWED_IPs",
            "filter_id": "8dfb3aa92f3a445eafc2ee09d5f4e9e4",
            "id": "aa2175142d054d3095fffc0214d2c4cc",
            "paused": false,
            "priority": 4,
            "products": [],
            "zone_id": "0e19cd749d67d0924fb9265f8cb933b1"
          },
          "sensitive_attributes": [],
          "private": "bnVsbA==",
          "dependencies": [
            "cloudflare_filter.ALLOWED_IP"
          ]
        },
        {
          "index_key": 51,
          "schema_version": 0,
          "attributes": {
            "action": "log",
            "description": "BOT-2-30-AEM-Perf",
            "filter_id": "2ff2c008395541ad9e8ab267efba46cd",
            "id": "39500eb30ece4727886ed00ad1ee2562",
            "paused": false,
            "priority": 1,
            "products": [],
            "zone_id": "0e19cd749d67d0924fb9265f8cb933b1"
          },
          "sensitive_attributes": [],
          "private": "bnVsbA==",
          "dependencies": [
            "cloudflare_filter.ALLOWED_IP"
          ]
        },
        {
          "index_key": 52,
          "schema_version": 0,
          "attributes": {
            "action": "log",
            "description": "Log Verified Bots",
            "filter_id": "33de583083974d36bb4d040b3556cdf3",
            "id": "2170b0dee40f46f0b870488c86341e6e",
            "paused": true,
            "priority": 2,
            "products": [],
            "zone_id": "0e19cd749d67d0924fb9265f8cb933b1"
          },
          "sensitive_attributes": [],
          "private": "bnVsbA==",
          "dependencies": [
            "cloudflare_filter.ALLOWED_IP"
          ]
        },
        {
          "index_key": 53,
          "schema_version": 0,
          "attributes": {
            "action": "log",
            "description": "Log Bot Score 1",
            "filter_id": "9f1fedbe1bd44ea3be4faf1009c6e24d",
            "id": "73e51b85ab6942c69b3133b804245e44",
            "paused": true,
            "priority": 3,
            "products": [],
            "zone_id": "0e19cd749d67d0924fb9265f8cb933b1"
          },
          "sensitive_attributes": [],
          "private": "bnVsbA==",
          "dependencies": [
            "cloudflare_filter.ALLOWED_IP"
          ]
        },
        {
          "index_key": 54,
          "schema_version": 0,
          "attributes": {
            "action": "bypass",
            "description": "AEM_Allow_Rule ",
            "filter_id": "74139670bc2148fb9bcafd856dde8433",
            "id": "48a754195a3c4bb7932668f8c3630b14",
            "paused": false,
            "priority": 5,
            "products": [
              "bic",
              "hot",
              "rateLimit",
              "securityLevel",
              "uaBlock",
              "waf",
              "zoneLockdown"
            ],
            "zone_id": "0e19cd749d67d0924fb9265f8cb933b1"
          },
          "sensitive_attributes": [],
          "private": "bnVsbA==",
          "dependencies": [
            "cloudflare_filter.ALLOWED_IP"
          ]
        },
        {
          "index_key": 55,
          "schema_version": 0,
          "attributes": {
            "action": "allow",
            "description": "ALLOWED_IPs",
            "filter_id": "c7b38e19ab62400bb4d2901d6f096838",
            "id": "59a670ecae95492bba664d74c2ec83e6",
            "paused": false,
            "priority": 4,
            "products": [],
            "zone_id": "0feefbdac98b7f4d4158d65b6ea61674"
          },
          "sensitive_attributes": [],
          "private": "bnVsbA==",
          "dependencies": [
            "cloudflare_filter.ALLOWED_IP"
          ]
        },
        {
          "index_key": 56,
          "schema_version": 0,
          "attributes": {
            "action": "log",
            "description": "BOT-2-30-AEM-Perf",
            "filter_id": "f46fb279359a4d9889417babcc2e1d70",
            "id": "a64c57490de14f7e8b155c89601e5b20",
            "paused": false,
            "priority": 1,
            "products": [],
            "zone_id": "0feefbdac98b7f4d4158d65b6ea61674"
          },
          "sensitive_attributes": [],
          "private": "bnVsbA==",
          "dependencies": [
            "cloudflare_filter.ALLOWED_IP"
          ]
        },
        {
          "index_key": 57,
          "schema_version": 0,
          "attributes": {
            "action": "log",
            "description": "Log Verified Bots",
            "filter_id": "22c62621c0d845cfaa954feaefb04c4b",
            "id": "8ca4c0fa602f449e893ba20e78d32ce2",
            "paused": true,
            "priority": 2,
            "products": [],
            "zone_id": "0feefbdac98b7f4d4158d65b6ea61674"
          },
          "sensitive_attributes": [],
          "private": "bnVsbA==",
          "dependencies": [
            "cloudflare_filter.ALLOWED_IP"
          ]
        },
        {
          "index_key": 58,
          "schema_version": 0,
          "attributes": {
            "action": "log",
            "description": "Log Bot Score 1",
            "filter_id": "14a9820517aa44de9ef12b3a207f830e",
            "id": "e11e659fe15b4cccb1c5e52983b2dce8",
            "paused": true,
            "priority": 3,
            "products": [],
            "zone_id": "0feefbdac98b7f4d4158d65b6ea61674"
          },
          "sensitive_attributes": [],
          "private": "bnVsbA==",
          "dependencies": [
            "cloudflare_filter.ALLOWED_IP"
          ]
        },
        {
          "index_key": 59,
          "schema_version": 0,
          "attributes": {
            "action": "bypass",
            "description": "AEM_Allow_Rule ",
            "filter_id": "6c78b5a45c024e09b64e649556650f16",
            "id": "0fee03c1662e4c8f87047ece9ed5b436",
            "paused": false,
            "priority": 5,
            "products": [
              "bic",
              "hot",
              "rateLimit",
              "securityLevel",
              "uaBlock",
              "waf",
              "zoneLockdown"
            ],
            "zone_id": "0feefbdac98b7f4d4158d65b6ea61674"
          },
          "sensitive_attributes": [],
          "private": "bnVsbA==",
          "dependencies": [
            "cloudflare_filter.ALLOWED_IP"
          ]
        },
        {
          "index_key": 60,
          "schema_version": 0,
          "attributes": {
            "action": "allow",
            "description": "ALLOWED_IPs",
            "filter_id": "b449f35084a9474287e5cb07767b54e7",
            "id": "8940c82569384529a819eb38fb7a41a8",
            "paused": false,
            "priority": 4,
            "products": [],
            "zone_id": "acc9bd366979db49bad0326ded459086"
          },
          "sensitive_attributes": [],
          "private": "bnVsbA==",
          "dependencies": [
            "cloudflare_filter.ALLOWED_IP"
          ]
        },
        {
          "index_key": 61,
          "schema_version": 0,
          "attributes": {
            "action": "log",
            "description": "BOT-2-30-AEM-Perf",
            "filter_id": "6b412898b5244d57858ca6481ff143e6",
            "id": "9abaf07456564b8f9d1c8b5a629454ac",
            "paused": false,
            "priority": 1,
            "products": [],
            "zone_id": "acc9bd366979db49bad0326ded459086"
          },
          "sensitive_attributes": [],
          "private": "bnVsbA==",
          "dependencies": [
            "cloudflare_filter.ALLOWED_IP"
          ]
        },
        {
          "index_key": 62,
          "schema_version": 0,
          "attributes": {
            "action": "log",
            "description": "Log Verified Bots",
            "filter_id": "2ebc8eff10984c4292eb5577f8a02b5f",
            "id": "2071f978141a4f21ab6b008897992d43",
            "paused": true,
            "priority": 2,
            "products": [],
            "zone_id": "acc9bd366979db49bad0326ded459086"
          },
          "sensitive_attributes": [],
          "private": "bnVsbA==",
          "dependencies": [
            "cloudflare_filter.ALLOWED_IP"
          ]
        },
        {
          "index_key": 63,
          "schema_version": 0,
          "attributes": {
            "action": "log",
            "description": "Log Bot Score 1",
            "filter_id": "7f28e715b230451ca1c88555e486b63c",
            "id": "c3cb9b294fd14f2aa8ff83ae1ea952f9",
            "paused": true,
            "priority": 3,
            "products": [],
            "zone_id": "acc9bd366979db49bad0326ded459086"
          },
          "sensitive_attributes": [],
          "private": "bnVsbA==",
          "dependencies": [
            "cloudflare_filter.ALLOWED_IP"
          ]
        },
        {
          "index_key": 64,
          "schema_version": 0,
          "attributes": {
            "action": "bypass",
            "description": "AEM_Allow_Rule ",
            "filter_id": "8d5737f0b14546c7aa97d71f1d634ec0",
            "id": "aa470a5420f84967954858fc68fa504b",
            "paused": false,
            "priority": 5,
            "products": [
              "bic",
              "hot",
              "rateLimit",
              "securityLevel",
              "uaBlock",
              "waf",
              "zoneLockdown"
            ],
            "zone_id": "acc9bd366979db49bad0326ded459086"
          },
          "sensitive_attributes": [],
          "private": "bnVsbA==",
          "dependencies": [
            "cloudflare_filter.ALLOWED_IP"
          ]
        },
        {
          "index_key": 65,
          "schema_version": 0,
          "attributes": {
            "action": "allow",
            "description": "ALLOWED_IPs",
            "filter_id": "24c92f76b60f4d0cb2378bf3a17e9dcf",
            "id": "22018a032f4a4b5580e748168f4b1bce",
            "paused": false,
            "priority": 4,
            "products": [],
            "zone_id": "bc3d029fdfc5d277b36c8f980620adad"
          },
          "sensitive_attributes": [],
          "private": "bnVsbA==",
          "dependencies": [
            "cloudflare_filter.ALLOWED_IP"
          ]
        },
        {
          "index_key": 66,
          "schema_version": 0,
          "attributes": {
            "action": "log",
            "description": "BOT-2-30-AEM-Perf",
            "filter_id": "4b87c262bb2f4c54aeadd201ab990340",
            "id": "65bda0edcf8b4a4a9668af876b4bbcc3",
            "paused": false,
            "priority": 1,
            "products": [],
            "zone_id": "bc3d029fdfc5d277b36c8f980620adad"
          },
          "sensitive_attributes": [],
          "private": "bnVsbA==",
          "dependencies": [
            "cloudflare_filter.ALLOWED_IP"
          ]
        },
        {
          "index_key": 67,
          "schema_version": 0,
          "attributes": {
            "action": "log",
            "description": "Log Verified Bots",
            "filter_id": "a41e5e581dae4a92a4ae4fa0aefd471e",
            "id": "1a7329bed3b7437096a67be97272c79b",
            "paused": true,
            "priority": 2,
            "products": [],
            "zone_id": "bc3d029fdfc5d277b36c8f980620adad"
          },
          "sensitive_attributes": [],
          "private": "bnVsbA==",
          "dependencies": [
            "cloudflare_filter.ALLOWED_IP"
          ]
        },
        {
          "index_key": 68,
          "schema_version": 0,
          "attributes": {
            "action": "log",
            "description": "Log Bot Score 1",
            "filter_id": "44bb0bc51eda493392ed03c95965ec77",
            "id": "53e3bcecbabc44548db4371adc2070bf",
            "paused": true,
            "priority": 3,
            "products": [],
            "zone_id": "bc3d029fdfc5d277b36c8f980620adad"
          },
          "sensitive_attributes": [],
          "private": "bnVsbA==",
          "dependencies": [
            "cloudflare_filter.ALLOWED_IP"
          ]
        },
        {
          "index_key": 69,
          "schema_version": 0,
          "attributes": {
            "action": "bypass",
            "description": "AEM_Allow_Rule ",
            "filter_id": "3aa41d99ca174f3d993f022eebc2e8aa",
            "id": "a71c35a12ed846bd9737d795f61a0474",
            "paused": false,
            "priority": 5,
            "products": [
              "bic",
              "hot",
              "rateLimit",
              "securityLevel",
              "uaBlock",
              "waf",
              "zoneLockdown"
            ],
            "zone_id": "bc3d029fdfc5d277b36c8f980620adad"
          },
          "sensitive_attributes": [],
          "private": "bnVsbA==",
          "dependencies": [
            "cloudflare_filter.ALLOWED_IP"
          ]
        },
        {
          "index_key": 70,
          "schema_version": 0,
          "attributes": {
            "action": "allow",
            "description": "ALLOWED_IPs",
            "filter_id": "cbf6d805cee14d64a902515b9af96139",
            "id": "3cdb5d4cf40844fd8c4d8c69aeaca385",
            "paused": false,
            "priority": 4,
            "products": [],
            "zone_id": "b6777f950af35e035ab3bb23bb106f2f"
          },
          "sensitive_attributes": [],
          "private": "bnVsbA==",
          "dependencies": [
            "cloudflare_filter.ALLOWED_IP"
          ]
        },
        {
          "index_key": 71,
          "schema_version": 0,
          "attributes": {
            "action": "log",
            "description": "BOT-2-30-AEM-Perf",
            "filter_id": "aaabdac82fbd40d4b923e9f3cc6fc3ff",
            "id": "7fc4816271c34a3d9405bfcb006c8f3f",
            "paused": false,
            "priority": 1,
            "products": [],
            "zone_id": "b6777f950af35e035ab3bb23bb106f2f"
          },
          "sensitive_attributes": [],
          "private": "bnVsbA==",
          "dependencies": [
            "cloudflare_filter.ALLOWED_IP"
          ]
        },
        {
          "index_key": 72,
          "schema_version": 0,
          "attributes": {
            "action": "log",
            "description": "Log Verified Bots",
            "filter_id": "aab66a65c6af4d77a71de674fb72ec78",
            "id": "a5046e99323e4b6cad454e0c34088df7",
            "paused": true,
            "priority": 2,
            "products": [],
            "zone_id": "b6777f950af35e035ab3bb23bb106f2f"
          },
          "sensitive_attributes": [],
          "private": "bnVsbA==",
          "dependencies": [
            "cloudflare_filter.ALLOWED_IP"
          ]
        },
        {
          "index_key": 73,
          "schema_version": 0,
          "attributes": {
            "action": "log",
            "description": "Log Bot Score 1",
            "filter_id": "1393ff3817c1444cac419d9495827390",
            "id": "39e270c50f974bb2a77978618a8cfc39",
            "paused": true,
            "priority": 3,
            "products": [],
            "zone_id": "b6777f950af35e035ab3bb23bb106f2f"
          },
          "sensitive_attributes": [],
          "private": "bnVsbA==",
          "dependencies": [
            "cloudflare_filter.ALLOWED_IP"
          ]
        },
        {
          "index_key": 74,
          "schema_version": 0,
          "attributes": {
            "action": "bypass",
            "description": "AEM_Allow_Rule ",
            "filter_id": "99daf28aa9d243f5b904085fb337bdac",
            "id": "1f0248d7ec6b49fe924681bb4564b6b2",
            "paused": false,
            "priority": 5,
            "products": [
              "bic",
              "hot",
              "rateLimit",
              "securityLevel",
              "uaBlock",
              "waf",
              "zoneLockdown"
            ],
            "zone_id": "b6777f950af35e035ab3bb23bb106f2f"
          },
          "sensitive_attributes": [],
          "private": "bnVsbA==",
          "dependencies": [
            "cloudflare_filter.ALLOWED_IP"
          ]
        },
        {
          "index_key": 75,
          "schema_version": 0,
          "attributes": {
            "action": "allow",
            "description": "ALLOWED_IPs",
            "filter_id": "9d66222d991c46a8965aa7ef7ca3d5a3",
            "id": "9e069df57b5e426987b19314f67237bd",
            "paused": false,
            "priority": 4,
            "products": [],
            "zone_id": "f6a17df0037fbc5ab65dbea84b54e26f"
          },
          "sensitive_attributes": [],
          "private": "bnVsbA==",
          "dependencies": [
            "cloudflare_filter.ALLOWED_IP"
          ]
        },
        {
          "index_key": 76,
          "schema_version": 0,
          "attributes": {
            "action": "log",
            "description": "BOT-2-30-AEM-Perf",
            "filter_id": "6dce0266efea47eda149bee7a6efa938",
            "id": "c7a7b7476d994c6e97c88f2bccdbf9a8",
            "paused": false,
            "priority": 1,
            "products": [],
            "zone_id": "f6a17df0037fbc5ab65dbea84b54e26f"
          },
          "sensitive_attributes": [],
          "private": "bnVsbA==",
          "dependencies": [
            "cloudflare_filter.ALLOWED_IP"
          ]
        },
        {
          "index_key": 77,
          "schema_version": 0,
          "attributes": {
            "action": "log",
            "description": "Log Verified Bots",
            "filter_id": "d219de799e4646d89203f8a0ee4733d0",
            "id": "aeca39a8d5364787976d669c39b1a72d",
            "paused": true,
            "priority": 2,
            "products": [],
            "zone_id": "f6a17df0037fbc5ab65dbea84b54e26f"
          },
          "sensitive_attributes": [],
          "private": "bnVsbA==",
          "dependencies": [
            "cloudflare_filter.ALLOWED_IP"
          ]
        },
        {
          "index_key": 78,
          "schema_version": 0,
          "attributes": {
            "action": "log",
            "description": "Log Bot Score 1",
            "filter_id": "1fd1ee573ff54495b128977f6ec04cad",
            "id": "f31163c6ca2d44878101932064d02b07",
            "paused": true,
            "priority": 3,
            "products": [],
            "zone_id": "f6a17df0037fbc5ab65dbea84b54e26f"
          },
          "sensitive_attributes": [],
          "private": "bnVsbA==",
          "dependencies": [
            "cloudflare_filter.ALLOWED_IP"
          ]
        },
        {
          "index_key": 79,
          "schema_version": 0,
          "attributes": {
            "action": "bypass",
            "description": "AEM_Allow_Rule ",
            "filter_id": "28a09cd26f894b3893955f5a424cdb58",
            "id": "2dade138bb314fcca702d35dbd22bfba",
            "paused": false,
            "priority": 5,
            "products": [
              "bic",
              "hot",
              "rateLimit",
              "securityLevel",
              "uaBlock",
              "waf",
              "zoneLockdown"
            ],
            "zone_id": "f6a17df0037fbc5ab65dbea84b54e26f"
          },
          "sensitive_attributes": [],
          "private": "bnVsbA==",
          "dependencies": [
            "cloudflare_filter.ALLOWED_IP"
          ]
        },
        {
          "index_key": 80,
          "schema_version": 0,
          "attributes": {
            "action": "allow",
            "description": "ALLOWED_IPs",
            "filter_id": "e1e1fa209d5a4b06b9c3905949357a4c",
            "id": "c661520fbccc4554a0665daa622f91b2",
            "paused": false,
            "priority": 4,
            "products": [],
            "zone_id": "8438fdae539b4fece27056e5d6426ec3"
          },
          "sensitive_attributes": [],
          "private": "bnVsbA==",
          "dependencies": [
            "cloudflare_filter.ALLOWED_IP"
          ]
        },
        {
          "index_key": 81,
          "schema_version": 0,
          "attributes": {
            "action": "log",
            "description": "BOT-2-30-AEM-Perf",
            "filter_id": "a1e23d027de148778bfa547096d34e67",
            "id": "7675ac50baf44dc892af6a788ec46f7b",
            "paused": false,
            "priority": 1,
            "products": [],
            "zone_id": "8438fdae539b4fece27056e5d6426ec3"
          },
          "sensitive_attributes": [],
          "private": "bnVsbA==",
          "dependencies": [
            "cloudflare_filter.ALLOWED_IP"
          ]
        },
        {
          "index_key": 82,
          "schema_version": 0,
          "attributes": {
            "action": "log",
            "description": "Log Verified Bots",
            "filter_id": "ff44a7b155414c50ab34e8787e1392a4",
            "id": "9bec05d3a5c6469fa5f64d7b4602f1ca",
            "paused": true,
            "priority": 2,
            "products": [],
            "zone_id": "8438fdae539b4fece27056e5d6426ec3"
          },
          "sensitive_attributes": [],
          "private": "bnVsbA==",
          "dependencies": [
            "cloudflare_filter.ALLOWED_IP"
          ]
        },
        {
          "index_key": 83,
          "schema_version": 0,
          "attributes": {
            "action": "log",
            "description": "Log Bot Score 1",
            "filter_id": "95ae83308f6b4b07976d1d0b7dee267b",
            "id": "2edf7b647bd94be4b7fef11310b4fe52",
            "paused": true,
            "priority": 3,
            "products": [],
            "zone_id": "8438fdae539b4fece27056e5d6426ec3"
          },
          "sensitive_attributes": [],
          "private": "bnVsbA==",
          "dependencies": [
            "cloudflare_filter.ALLOWED_IP"
          ]
        },
        {
          "index_key": 84,
          "schema_version": 0,
          "attributes": {
            "action": "bypass",
            "description": "AEM_Allow_Rule ",
            "filter_id": "8da880a1e83447f6b9f0e84ed25ff1df",
            "id": "12627351df0d40e6a618cbb310899a90",
            "paused": false,
            "priority": 5,
            "products": [
              "bic",
              "hot",
              "rateLimit",
              "securityLevel",
              "uaBlock",
              "waf",
              "zoneLockdown"
            ],
            "zone_id": "8438fdae539b4fece27056e5d6426ec3"
          },
          "sensitive_attributes": [],
          "private": "bnVsbA==",
          "dependencies": [
            "cloudflare_filter.ALLOWED_IP"
          ]
        },
        {
          "index_key": 85,
          "schema_version": 0,
          "attributes": {
            "action": "allow",
            "description": "ALLOWED_IPs",
            "filter_id": "f2df7e8df29a4d5ebd364c177992a341",
            "id": "348ca49121e043109327d77757bb8b44",
            "paused": false,
            "priority": 4,
            "products": [],
            "zone_id": "1f284d518299d821b8b5ade7f927b96c"
          },
          "sensitive_attributes": [],
          "private": "bnVsbA==",
          "dependencies": [
            "cloudflare_filter.ALLOWED_IP"
          ]
        },
        {
          "index_key": 86,
          "schema_version": 0,
          "attributes": {
            "action": "log",
            "description": "BOT-2-30-AEM-Perf",
            "filter_id": "064fd087858e4a0da2903385f6b56d7a",
            "id": "4ed2e8e36749433d9e9e4ea6e72cd7ac",
            "paused": false,
            "priority": 1,
            "products": [],
            "zone_id": "1f284d518299d821b8b5ade7f927b96c"
          },
          "sensitive_attributes": [],
          "private": "bnVsbA==",
          "dependencies": [
            "cloudflare_filter.ALLOWED_IP"
          ]
        },
        {
          "index_key": 87,
          "schema_version": 0,
          "attributes": {
            "action": "log",
            "description": "Log Verified Bots",
            "filter_id": "3d5f392d24194bbe98cbe7b1e33cfbdd",
            "id": "e4a8a130cd97468dbbd72fdd513bf55d",
            "paused": true,
            "priority": 2,
            "products": [],
            "zone_id": "1f284d518299d821b8b5ade7f927b96c"
          },
          "sensitive_attributes": [],
          "private": "bnVsbA==",
          "dependencies": [
            "cloudflare_filter.ALLOWED_IP"
          ]
        },
        {
          "index_key": 88,
          "schema_version": 0,
          "attributes": {
            "action": "log",
            "description": "Log Bot Score 1",
            "filter_id": "3a459f25a4cf464ea86904bc00712c09",
            "id": "847ad579e9d4484c9969676530932343",
            "paused": true,
            "priority": 3,
            "products": [],
            "zone_id": "1f284d518299d821b8b5ade7f927b96c"
          },
          "sensitive_attributes": [],
          "private": "bnVsbA==",
          "dependencies": [
            "cloudflare_filter.ALLOWED_IP"
          ]
        },
        {
          "index_key": 89,
          "schema_version": 0,
          "attributes": {
            "action": "bypass",
            "description": "AEM_Allow_Rule ",
            "filter_id": "8304ec12b033489ab9426bdcd3475471",
            "id": "7fcd5d10f3e945a3985744f2169de84f",
            "paused": false,
            "priority": 5,
            "products": [
              "bic",
              "hot",
              "rateLimit",
              "securityLevel",
              "uaBlock",
              "waf",
              "zoneLockdown"
            ],
            "zone_id": "1f284d518299d821b8b5ade7f927b96c"
          },
          "sensitive_attributes": [],
          "private": "bnVsbA==",
          "dependencies": [
            "cloudflare_filter.ALLOWED_IP"
          ]
        },
        {
          "index_key": 90,
          "schema_version": 0,
          "attributes": {
            "action": "allow",
            "description": "ALLOWED_IPs",
            "filter_id": "0732459749ea4573b059f3f3bbf80d48",
            "id": "4c27bbe3f7a4469793df4fe51cefec34",
            "paused": false,
            "priority": 4,
            "products": [],
            "zone_id": "b89ac351a66aebe2e7858d37234138ea"
          },
          "sensitive_attributes": [],
          "private": "bnVsbA==",
          "dependencies": [
            "cloudflare_filter.ALLOWED_IP"
          ]
        },
        {
          "index_key": 91,
          "schema_version": 0,
          "attributes": {
            "action": "log",
            "description": "BOT-2-30-AEM-Perf",
            "filter_id": "db8cf041871d49a4a319cd38f1fd9688",
            "id": "d1afa287a420457eabeb3ecb7698519c",
            "paused": false,
            "priority": 1,
            "products": [],
            "zone_id": "b89ac351a66aebe2e7858d37234138ea"
          },
          "sensitive_attributes": [],
          "private": "bnVsbA==",
          "dependencies": [
            "cloudflare_filter.ALLOWED_IP"
          ]
        },
        {
          "index_key": 92,
          "schema_version": 0,
          "attributes": {
            "action": "log",
            "description": "Log Verified Bots",
            "filter_id": "1e60b84b8e4d4c80b6ea1f7503b4714a",
            "id": "86e4c4840eda4845bdfe01357cd7bec8",
            "paused": true,
            "priority": 2,
            "products": [],
            "zone_id": "b89ac351a66aebe2e7858d37234138ea"
          },
          "sensitive_attributes": [],
          "private": "bnVsbA==",
          "dependencies": [
            "cloudflare_filter.ALLOWED_IP"
          ]
        },
        {
          "index_key": 93,
          "schema_version": 0,
          "attributes": {
            "action": "log",
            "description": "Log Bot Score 1",
            "filter_id": "48e1ae4da0c24295ab810db553af61af",
            "id": "c23045e1246441ca9a83b5a090af1bbe",
            "paused": true,
            "priority": 3,
            "products": [],
            "zone_id": "b89ac351a66aebe2e7858d37234138ea"
          },
          "sensitive_attributes": [],
          "private": "bnVsbA==",
          "dependencies": [
            "cloudflare_filter.ALLOWED_IP"
          ]
        },
        {
          "index_key": 94,
          "schema_version": 0,
          "attributes": {
            "action": "bypass",
            "description": "AEM_Allow_Rule ",
            "filter_id": "762998fbf7d64159b81b16473811fc2f",
            "id": "b5f8aa12a92f4e10bbc9ec12c7eabfd0",
            "paused": false,
            "priority": 5,
            "products": [
              "bic",
              "hot",
              "rateLimit",
              "securityLevel",
              "uaBlock",
              "waf",
              "zoneLockdown"
            ],
            "zone_id": "b89ac351a66aebe2e7858d37234138ea"
          },
          "sensitive_attributes": [],
          "private": "bnVsbA==",
          "dependencies": [
            "cloudflare_filter.ALLOWED_IP"
          ]
        },
        {
          "index_key": 95,
          "schema_version": 0,
          "attributes": {
            "action": "allow",
            "description": "ALLOWED_IPs",
            "filter_id": "8a2203636c614445b68e1cbea77b95f0",
            "id": "3d3a343c86574142b2e31ba4946367b9",
            "paused": false,
            "priority": 4,
            "products": [],
            "zone_id": "64a85adfbcaf6c24bc108b17996371be"
          },
          "sensitive_attributes": [],
          "private": "bnVsbA==",
          "dependencies": [
            "cloudflare_filter.ALLOWED_IP"
          ]
        },
        {
          "index_key": 96,
          "schema_version": 0,
          "attributes": {
            "action": "log",
            "description": "BOT-2-30-AEM-Perf",
            "filter_id": "90a94654a26f4864a0d30f72cda58977",
            "id": "fcf90e6dd55b4e6f8fa94c7bf8103582",
            "paused": false,
            "priority": 1,
            "products": [],
            "zone_id": "64a85adfbcaf6c24bc108b17996371be"
          },
          "sensitive_attributes": [],
          "private": "bnVsbA==",
          "dependencies": [
            "cloudflare_filter.ALLOWED_IP"
          ]
        },
        {
          "index_key": 97,
          "schema_version": 0,
          "attributes": {
            "action": "log",
            "description": "Log Verified Bots",
            "filter_id": "d0ee6d73c9f840fd90c4a476d0175b73",
            "id": "16db547aa7634825909215b44fa01b39",
            "paused": true,
            "priority": 2,
            "products": [],
            "zone_id": "64a85adfbcaf6c24bc108b17996371be"
          },
          "sensitive_attributes": [],
          "private": "bnVsbA==",
          "dependencies": [
            "cloudflare_filter.ALLOWED_IP"
          ]
        },
        {
          "index_key": 98,
          "schema_version": 0,
          "attributes": {
            "action": "log",
            "description": "Log Bot Score 1",
            "filter_id": "b84b6acaa4f04315a7d668b04dc5f4c6",
            "id": "b06a50191da44c68b9482d40b80e28fc",
            "paused": true,
            "priority": 3,
            "products": [],
            "zone_id": "64a85adfbcaf6c24bc108b17996371be"
          },
          "sensitive_attributes": [],
          "private": "bnVsbA==",
          "dependencies": [
            "cloudflare_filter.ALLOWED_IP"
          ]
        },
        {
          "index_key": 99,
          "schema_version": 0,
          "attributes": {
            "action": "bypass",
            "description": "AEM_Allow_Rule ",
            "filter_id": "1074ea936190468b99e1aa77de765981",
            "id": "295839d6f47047b39d5e6f6a7c3bae71",
            "paused": false,
            "priority": 5,
            "products": [
              "bic",
              "hot",
              "rateLimit",
              "securityLevel",
              "uaBlock",
              "waf",
              "zoneLockdown"
            ],
            "zone_id": "64a85adfbcaf6c24bc108b17996371be"
          },
          "sensitive_attributes": [],
          "private": "bnVsbA==",
          "dependencies": [
            "cloudflare_filter.ALLOWED_IP"
          ]
        },
        {
          "index_key": 100,
          "schema_version": 0,
          "attributes": {
            "action": "allow",
            "description": "ALLOWED_IPs",
            "filter_id": "d2b124c3ea6c4cf2a22a193008e87cb8",
            "id": "d11b4c7e661c4233a7460fdbb2418764",
            "paused": false,
            "priority": 4,
            "products": [],
            "zone_id": "ea605703f04bf72111a0050b380aec3e"
          },
          "sensitive_attributes": [],
          "private": "bnVsbA==",
          "dependencies": [
            "cloudflare_filter.ALLOWED_IP"
          ]
        },
        {
          "index_key": 101,
          "schema_version": 0,
          "attributes": {
            "action": "log",
            "description": "BOT-2-30-AEM-Perf",
            "filter_id": "fb15def595c0423bbd03d3364625a6b0",
            "id": "22c57fc7057343da8c8b5f0d152b68f5",
            "paused": false,
            "priority": 1,
            "products": [],
            "zone_id": "ea605703f04bf72111a0050b380aec3e"
          },
          "sensitive_attributes": [],
          "private": "bnVsbA==",
          "dependencies": [
            "cloudflare_filter.ALLOWED_IP"
          ]
        },
        {
          "index_key": 102,
          "schema_version": 0,
          "attributes": {
            "action": "log",
            "description": "Log Verified Bots",
            "filter_id": "e66b186713a249958398a0fc572e5918",
            "id": "cea20ba884454761815f971985a912f3",
            "paused": true,
            "priority": 2,
            "products": [],
            "zone_id": "ea605703f04bf72111a0050b380aec3e"
          },
          "sensitive_attributes": [],
          "private": "bnVsbA==",
          "dependencies": [
            "cloudflare_filter.ALLOWED_IP"
          ]
        },
        {
          "index_key": 103,
          "schema_version": 0,
          "attributes": {
            "action": "log",
            "description": "Log Bot Score 1",
            "filter_id": "84cd9cfa19ea4b6198ccdcea7d9363c0",
            "id": "151a54b41f5140c5999d39877416c66d",
            "paused": true,
            "priority": 3,
            "products": [],
            "zone_id": "ea605703f04bf72111a0050b380aec3e"
          },
          "sensitive_attributes": [],
          "private": "bnVsbA==",
          "dependencies": [
            "cloudflare_filter.ALLOWED_IP"
          ]
        },
        {
          "index_key": 104,
          "schema_version": 0,
          "attributes": {
            "action": "bypass",
            "description": "AEM_Allow_Rule ",
            "filter_id": "b1da3a252b464f578398719c48e6cc3a",
            "id": "5ea6a467eb544a39845c2b9a165c9aaf",
            "paused": false,
            "priority": 5,
            "products": [
              "bic",
              "hot",
              "rateLimit",
              "securityLevel",
              "uaBlock",
              "waf",
              "zoneLockdown"
            ],
            "zone_id": "ea605703f04bf72111a0050b380aec3e"
          },
          "sensitive_attributes": [],
          "private": "bnVsbA==",
          "dependencies": [
            "cloudflare_filter.ALLOWED_IP"
          ]
        },
        {
          "index_key": 105,
          "schema_version": 0,
          "attributes": {
            "action": "allow",
            "description": "ALLOWED_IPs",
            "filter_id": "31dd1ab08d9b4112991cbac01178d079",
            "id": "79bf398f1f31490ba13394bb6b68ff14",
            "paused": false,
            "priority": 4,
            "products": [],
            "zone_id": "6eae54d490c5bb039fad4f8ad9bf1308"
          },
          "sensitive_attributes": [],
          "private": "bnVsbA==",
          "dependencies": [
            "cloudflare_filter.ALLOWED_IP"
          ]
        },
        {
          "index_key": 106,
          "schema_version": 0,
          "attributes": {
            "action": "log",
            "description": "BOT-2-30-AEM-Perf",
            "filter_id": "3cf966ecfcaf455a875f9c17fec5f733",
            "id": "6f09587d967e4ae69e85b0f39453d1e2",
            "paused": false,
            "priority": 1,
            "products": [],
            "zone_id": "6eae54d490c5bb039fad4f8ad9bf1308"
          },
          "sensitive_attributes": [],
          "private": "bnVsbA==",
          "dependencies": [
            "cloudflare_filter.ALLOWED_IP"
          ]
        },
        {
          "index_key": 107,
          "schema_version": 0,
          "attributes": {
            "action": "log",
            "description": "Log Verified Bots",
            "filter_id": "f520adcfaaa54f48aec9354e9e43110e",
            "id": "3ba9263323c747959215331ee1085c3d",
            "paused": true,
            "priority": 2,
            "products": [],
            "zone_id": "6eae54d490c5bb039fad4f8ad9bf1308"
          },
          "sensitive_attributes": [],
          "private": "bnVsbA==",
          "dependencies": [
            "cloudflare_filter.ALLOWED_IP"
          ]
        },
        {
          "index_key": 108,
          "schema_version": 0,
          "attributes": {
            "action": "log",
            "description": "Log Bot Score 1",
            "filter_id": "f2820c8d42c74f98a7b0fb10c54f8ce2",
            "id": "ce533bbc34a0484aa80780619387270c",
            "paused": true,
            "priority": 3,
            "products": [],
            "zone_id": "6eae54d490c5bb039fad4f8ad9bf1308"
          },
          "sensitive_attributes": [],
          "private": "bnVsbA==",
          "dependencies": [
            "cloudflare_filter.ALLOWED_IP"
          ]
        },
        {
          "index_key": 109,
          "schema_version": 0,
          "attributes": {
            "action": "bypass",
            "description": "AEM_Allow_Rule ",
            "filter_id": "ed1aeef60a6a45b2aecac753e2d75b89",
            "id": "0930d7dbb4ab41119860c7f166feef7a",
            "paused": false,
            "priority": 5,
            "products": [
              "bic",
              "hot",
              "rateLimit",
              "securityLevel",
              "uaBlock",
              "waf",
              "zoneLockdown"
            ],
            "zone_id": "6eae54d490c5bb039fad4f8ad9bf1308"
          },
          "sensitive_attributes": [],
          "private": "bnVsbA==",
          "dependencies": [
            "cloudflare_filter.ALLOWED_IP"
          ]
        },
        {
          "index_key": 110,
          "schema_version": 0,
          "attributes": {
            "action": "allow",
            "description": "ALLOWED_IPs",
            "filter_id": "6eca6fbf1cd6469c9652b71bd826968e",
            "id": "73d165d99b6345c58520e988e447ea6b",
            "paused": false,
            "priority": 4,
            "products": [],
            "zone_id": "090bd8ff4877b4bff7902afdd6acb3ad"
          },
          "sensitive_attributes": [],
          "private": "bnVsbA==",
          "dependencies": [
            "cloudflare_filter.ALLOWED_IP"
          ]
        },
        {
          "index_key": 111,
          "schema_version": 0,
          "attributes": {
            "action": "log",
            "description": "BOT-2-30-AEM-Perf",
            "filter_id": "3af7357f9abf42eebac43ffdfb22d394",
            "id": "9b861e3388da4bd88f7ea7b837c8c4ae",
            "paused": false,
            "priority": 1,
            "products": [],
            "zone_id": "090bd8ff4877b4bff7902afdd6acb3ad"
          },
          "sensitive_attributes": [],
          "private": "bnVsbA==",
          "dependencies": [
            "cloudflare_filter.ALLOWED_IP"
          ]
        },
        {
          "index_key": 112,
          "schema_version": 0,
          "attributes": {
            "action": "log",
            "description": "Log Verified Bots",
            "filter_id": "d4a5aee3e6fc47429ce7cc35e2f2f435",
            "id": "ca1aa835274945bcbc013995025d959b",
            "paused": true,
            "priority": 2,
            "products": [],
            "zone_id": "090bd8ff4877b4bff7902afdd6acb3ad"
          },
          "sensitive_attributes": [],
          "private": "bnVsbA==",
          "dependencies": [
            "cloudflare_filter.ALLOWED_IP"
          ]
        },
        {
          "index_key": 113,
          "schema_version": 0,
          "attributes": {
            "action": "log",
            "description": "Log Bot Score 1",
            "filter_id": "4db587d4705a410b825132330e94f945",
            "id": "66ef6ea443fe4834b10dd960d5c17e67",
            "paused": true,
            "priority": 3,
            "products": [],
            "zone_id": "090bd8ff4877b4bff7902afdd6acb3ad"
          },
          "sensitive_attributes": [],
          "private": "bnVsbA==",
          "dependencies": [
            "cloudflare_filter.ALLOWED_IP"
          ]
        },
        {
          "index_key": 114,
          "schema_version": 0,
          "attributes": {
            "action": "bypass",
            "description": "AEM_Allow_Rule ",
            "filter_id": "855deaf6433846668ae021e067d6b03c",
            "id": "1dcc917c2187415bb212506858bed321",
            "paused": false,
            "priority": 5,
            "products": [
              "bic",
              "hot",
              "rateLimit",
              "securityLevel",
              "uaBlock",
              "waf",
              "zoneLockdown"
            ],
            "zone_id": "090bd8ff4877b4bff7902afdd6acb3ad"
          },
          "sensitive_attributes": [],
          "private": "bnVsbA==",
          "dependencies": [
            "cloudflare_filter.ALLOWED_IP"
          ]
        },
        {
          "index_key": 115,
          "schema_version": 0,
          "attributes": {
            "action": "allow",
            "description": "ALLOWED_IPs",
            "filter_id": "0e5520a3fcf84588b4d4e75c2051ef16",
            "id": "98c0234bf08a48bf9d25caabd16cf63f",
            "paused": false,
            "priority": 4,
            "products": [],
            "zone_id": "6c83765f98db6c07bdba516e26929f1d"
          },
          "sensitive_attributes": [],
          "private": "bnVsbA==",
          "dependencies": [
            "cloudflare_filter.ALLOWED_IP"
          ]
        },
        {
          "index_key": 116,
          "schema_version": 0,
          "attributes": {
            "action": "log",
            "description": "BOT-2-30-AEM-Perf",
            "filter_id": "b5240adeca0548dabd203c7cee4c4347",
            "id": "5f52ad28350c48f78c999c0e5137f06a",
            "paused": false,
            "priority": 1,
            "products": [],
            "zone_id": "6c83765f98db6c07bdba516e26929f1d"
          },
          "sensitive_attributes": [],
          "private": "bnVsbA==",
          "dependencies": [
            "cloudflare_filter.ALLOWED_IP"
          ]
        },
        {
          "index_key": 117,
          "schema_version": 0,
          "attributes": {
            "action": "log",
            "description": "Log Verified Bots",
            "filter_id": "5f9a8782c25e4881a5d0d01fb458f491",
            "id": "e75b0ad1bf7f47dab7a2f5976e966d9d",
            "paused": true,
            "priority": 2,
            "products": [],
            "zone_id": "6c83765f98db6c07bdba516e26929f1d"
          },
          "sensitive_attributes": [],
          "private": "bnVsbA==",
          "dependencies": [
            "cloudflare_filter.ALLOWED_IP"
          ]
        },
        {
          "index_key": 118,
          "schema_version": 0,
          "attributes": {
            "action": "log",
            "description": "Log Bot Score 1",
            "filter_id": "bfd61a079be1463e917641a02f8c2dc9",
            "id": "09756685e01e40a3bd54890181d2c4f4",
            "paused": true,
            "priority": 3,
            "products": [],
            "zone_id": "6c83765f98db6c07bdba516e26929f1d"
          },
          "sensitive_attributes": [],
          "private": "bnVsbA==",
          "dependencies": [
            "cloudflare_filter.ALLOWED_IP"
          ]
        },
        {
          "index_key": 119,
          "schema_version": 0,
          "attributes": {
            "action": "bypass",
            "description": "AEM_Allow_Rule ",
            "filter_id": "ecd16219a4c54b7082d49ee52e47ac74",
            "id": "c75372305f284f28b9593f39b05bb1ac",
            "paused": false,
            "priority": 5,
            "products": [
              "bic",
              "hot",
              "rateLimit",
              "securityLevel",
              "uaBlock",
              "waf",
              "zoneLockdown"
            ],
            "zone_id": "6c83765f98db6c07bdba516e26929f1d"
          },
          "sensitive_attributes": [],
          "private": "bnVsbA==",
          "dependencies": [
            "cloudflare_filter.ALLOWED_IP"
          ]
        },
        {
          "index_key": 120,
          "schema_version": 0,
          "attributes": {
            "action": "allow",
            "description": "ALLOWED_IPs",
            "filter_id": "74663ba1a7fd4bc79933cd57c80122e7",
            "id": "143683800baf4a4896026811b1fd3987",
            "paused": false,
            "priority": 4,
            "products": [],
            "zone_id": "75cb06cc8093a6baf65d7a2b712395a4"
          },
          "sensitive_attributes": [],
          "private": "bnVsbA==",
          "dependencies": [
            "cloudflare_filter.ALLOWED_IP"
          ]
        },
        {
          "index_key": 121,
          "schema_version": 0,
          "attributes": {
            "action": "log",
            "description": "BOT-2-30-AEM-Perf",
            "filter_id": "d30bac00004a41b3a2bbae9f3fbc6dc3",
            "id": "a49d614931ba4a1cbfe9db463025ab72",
            "paused": false,
            "priority": 1,
            "products": [],
            "zone_id": "75cb06cc8093a6baf65d7a2b712395a4"
          },
          "sensitive_attributes": [],
          "private": "bnVsbA==",
          "dependencies": [
            "cloudflare_filter.ALLOWED_IP"
          ]
        },
        {
          "index_key": 122,
          "schema_version": 0,
          "attributes": {
            "action": "log",
            "description": "Log Verified Bots",
            "filter_id": "8e7fb0c20e724acfa286bf127bda6bd1",
            "id": "27e061dbeb9348b8971c97a1c5cf4136",
            "paused": true,
            "priority": 2,
            "products": [],
            "zone_id": "75cb06cc8093a6baf65d7a2b712395a4"
          },
          "sensitive_attributes": [],
          "private": "bnVsbA==",
          "dependencies": [
            "cloudflare_filter.ALLOWED_IP"
          ]
        },
        {
          "index_key": 123,
          "schema_version": 0,
          "attributes": {
            "action": "log",
            "description": "Log Bot Score 1",
            "filter_id": "e4b249260f4c43b990cbc8d6c3dccfe2",
            "id": "2f74c2c13d8047b8927863672114d19c",
            "paused": true,
            "priority": 3,
            "products": [],
            "zone_id": "75cb06cc8093a6baf65d7a2b712395a4"
          },
          "sensitive_attributes": [],
          "private": "bnVsbA==",
          "dependencies": [
            "cloudflare_filter.ALLOWED_IP"
          ]
        },
        {
          "index_key": 124,
          "schema_version": 0,
          "attributes": {
            "action": "bypass",
            "description": "AEM_Allow_Rule ",
            "filter_id": "55081f96f83740eeb4f7c2dccff3a172",
            "id": "ddd0b858380d48a8a49d2670122e82e7",
            "paused": false,
            "priority": 5,
            "products": [
              "bic",
              "hot",
              "rateLimit",
              "securityLevel",
              "uaBlock",
              "waf",
              "zoneLockdown"
            ],
            "zone_id": "75cb06cc8093a6baf65d7a2b712395a4"
          },
          "sensitive_attributes": [],
          "private": "bnVsbA==",
          "dependencies": [
            "cloudflare_filter.ALLOWED_IP"
          ]
        },
        {
          "index_key": 125,
          "schema_version": 0,
          "attributes": {
            "action": "allow",
            "description": "ALLOWED_IPs",
            "filter_id": "692001ab530e4b3386d8fae525aa1bfb",
            "id": "a4b47643240b4d20b66212582fcbcf8a",
            "paused": false,
            "priority": 4,
            "products": [],
            "zone_id": "74a43825daa642eb7b98a0e64b9d679a"
          },
          "sensitive_attributes": [],
          "private": "bnVsbA==",
          "dependencies": [
            "cloudflare_filter.ALLOWED_IP"
          ]
        },
        {
          "index_key": 126,
          "schema_version": 0,
          "attributes": {
            "action": "log",
            "description": "BOT-2-30-AEM-Perf",
            "filter_id": "e8444fbbcbb4477d863962fedd544e3c",
            "id": "3860d58a1f064982ba338e6a0148497c",
            "paused": false,
            "priority": 1,
            "products": [],
            "zone_id": "74a43825daa642eb7b98a0e64b9d679a"
          },
          "sensitive_attributes": [],
          "private": "bnVsbA==",
          "dependencies": [
            "cloudflare_filter.ALLOWED_IP"
          ]
        },
        {
          "index_key": 127,
          "schema_version": 0,
          "attributes": {
            "action": "log",
            "description": "Log Verified Bots",
            "filter_id": "d32ef2871b90464cba867e5db06f8e34",
            "id": "9f886e4b409f47998116ffa202b34a4c",
            "paused": true,
            "priority": 2,
            "products": [],
            "zone_id": "74a43825daa642eb7b98a0e64b9d679a"
          },
          "sensitive_attributes": [],
          "private": "bnVsbA==",
          "dependencies": [
            "cloudflare_filter.ALLOWED_IP"
          ]
        },
        {
          "index_key": 128,
          "schema_version": 0,
          "attributes": {
            "action": "log",
            "description": "Log Bot Score 1",
            "filter_id": "8dedc2bbc583432a884febdba1a85968",
            "id": "dd5e2f213477402899ec1a265f22c6da",
            "paused": true,
            "priority": 3,
            "products": [],
            "zone_id": "74a43825daa642eb7b98a0e64b9d679a"
          },
          "sensitive_attributes": [],
          "private": "bnVsbA==",
          "dependencies": [
            "cloudflare_filter.ALLOWED_IP"
          ]
        },
        {
          "index_key": 129,
          "schema_version": 0,
          "attributes": {
            "action": "bypass",
            "description": "AEM_Allow_Rule ",
            "filter_id": "19c87e8fd99a42fe9033daf299b999f9",
            "id": "4a1d6f53a4934de597cd0fac15c95dd5",
            "paused": false,
            "priority": 5,
            "products": [
              "bic",
              "hot",
              "rateLimit",
              "securityLevel",
              "uaBlock",
              "waf",
              "zoneLockdown"
            ],
            "zone_id": "74a43825daa642eb7b98a0e64b9d679a"
          },
          "sensitive_attributes": [],
          "private": "bnVsbA==",
          "dependencies": [
            "cloudflare_filter.ALLOWED_IP"
          ]
        },
        {
          "index_key": 130,
          "schema_version": 0,
          "attributes": {
            "action": "allow",
            "description": "ALLOWED_IPs",
            "filter_id": "4aced39b4a5243f589787b5141dd184c",
            "id": "5f03aa1c35a54836a2db27746e6ee1e2",
            "paused": false,
            "priority": 4,
            "products": [],
            "zone_id": "e979bbcf2878048ff82a15c6399a9a62"
          },
          "sensitive_attributes": [],
          "private": "bnVsbA==",
          "dependencies": [
            "cloudflare_filter.ALLOWED_IP"
          ]
        },
        {
          "index_key": 131,
          "schema_version": 0,
          "attributes": {
            "action": "log",
            "description": "BOT-2-30-AEM-Perf",
            "filter_id": "87c8cbce362842bdaa7c4a8d01d0427f",
            "id": "190e06eee42e42a7b4c52dcdaa97ac44",
            "paused": false,
            "priority": 1,
            "products": [],
            "zone_id": "e979bbcf2878048ff82a15c6399a9a62"
          },
          "sensitive_attributes": [],
          "private": "bnVsbA==",
          "dependencies": [
            "cloudflare_filter.ALLOWED_IP"
          ]
        },
        {
          "index_key": 132,
          "schema_version": 0,
          "attributes": {
            "action": "log",
            "description": "Log Verified Bots",
            "filter_id": "c9ac2817541340f4b7693e4544718125",
            "id": "7efb8967a08d459e836e3221a807b73d",
            "paused": true,
            "priority": 2,
            "products": [],
            "zone_id": "e979bbcf2878048ff82a15c6399a9a62"
          },
          "sensitive_attributes": [],
          "private": "bnVsbA==",
          "dependencies": [
            "cloudflare_filter.ALLOWED_IP"
          ]
        },
        {
          "index_key": 133,
          "schema_version": 0,
          "attributes": {
            "action": "log",
            "description": "Log Bot Score 1",
            "filter_id": "1fd903854f8242369a8577044afab604",
            "id": "1f0afceba0dd49de8deb8b047e3c82da",
            "paused": true,
            "priority": 3,
            "products": [],
            "zone_id": "e979bbcf2878048ff82a15c6399a9a62"
          },
          "sensitive_attributes": [],
          "private": "bnVsbA==",
          "dependencies": [
            "cloudflare_filter.ALLOWED_IP"
          ]
        },
        {
          "index_key": 134,
          "schema_version": 0,
          "attributes": {
            "action": "bypass",
            "description": "AEM_Allow_Rule ",
            "filter_id": "bcdd27e65086422386072399cd3c1f31",
            "id": "ef07a4573f6445759ee32295cfec2b79",
            "paused": false,
            "priority": 5,
            "products": [
              "bic",
              "hot",
              "rateLimit",
              "securityLevel",
              "uaBlock",
              "waf",
              "zoneLockdown"
            ],
            "zone_id": "e979bbcf2878048ff82a15c6399a9a62"
          },
          "sensitive_attributes": [],
          "private": "bnVsbA==",
          "dependencies": [
            "cloudflare_filter.ALLOWED_IP"
          ]
        },
        {
          "index_key": 135,
          "schema_version": 0,
          "attributes": {
            "action": "allow",
            "description": "ALLOWED_IPs",
            "filter_id": "fe2dec6c7e1d42a8bfa2b45c4115abe8",
            "id": "b712d68136cd42e58eb092b967762476",
            "paused": false,
            "priority": 4,
            "products": [],
            "zone_id": "7df867203515c9e4db8bf8f8717b6f61"
          },
          "sensitive_attributes": [],
          "private": "bnVsbA==",
          "dependencies": [
            "cloudflare_filter.ALLOWED_IP"
          ]
        },
        {
          "index_key": 136,
          "schema_version": 0,
          "attributes": {
            "action": "log",
            "description": "BOT-2-30-AEM-Perf",
            "filter_id": "73e4921f0b1848a7afd2dbb08bac671a",
            "id": "72eb7646ce2d4e58a43189ba352c9cc3",
            "paused": false,
            "priority": 1,
            "products": [],
            "zone_id": "7df867203515c9e4db8bf8f8717b6f61"
          },
          "sensitive_attributes": [],
          "private": "bnVsbA==",
          "dependencies": [
            "cloudflare_filter.ALLOWED_IP"
          ]
        },
        {
          "index_key": 137,
          "schema_version": 0,
          "attributes": {
            "action": "log",
            "description": "Log Verified Bots",
            "filter_id": "751f4b4c3b98419494e40634245c0705",
            "id": "e89719adb34d4788a43dd33931e9431e",
            "paused": true,
            "priority": 2,
            "products": [],
            "zone_id": "7df867203515c9e4db8bf8f8717b6f61"
          },
          "sensitive_attributes": [],
          "private": "bnVsbA==",
          "dependencies": [
            "cloudflare_filter.ALLOWED_IP"
          ]
        },
        {
          "index_key": 138,
          "schema_version": 0,
          "attributes": {
            "action": "log",
            "description": "Log Bot Score 1",
            "filter_id": "957980c16b704297b5fb23f1ab6873ad",
            "id": "01f198939f17404c815ebc42646bc34d",
            "paused": true,
            "priority": 3,
            "products": [],
            "zone_id": "7df867203515c9e4db8bf8f8717b6f61"
          },
          "sensitive_attributes": [],
          "private": "bnVsbA==",
          "dependencies": [
            "cloudflare_filter.ALLOWED_IP"
          ]
        },
        {
          "index_key": 139,
          "schema_version": 0,
          "attributes": {
            "action": "bypass",
            "description": "AEM_Allow_Rule ",
            "filter_id": "ef00313b34f64fddbaddd3bac57395ed",
            "id": "ba053c6cc2834eba8003634b8bc52d25",
            "paused": false,
            "priority": 5,
            "products": [
              "bic",
              "hot",
              "rateLimit",
              "securityLevel",
              "uaBlock",
              "waf",
              "zoneLockdown"
            ],
            "zone_id": "7df867203515c9e4db8bf8f8717b6f61"
          },
          "sensitive_attributes": [],
          "private": "bnVsbA==",
          "dependencies": [
            "cloudflare_filter.ALLOWED_IP"
          ]
        },
        {
          "index_key": 140,
          "schema_version": 0,
          "attributes": {
            "action": "allow",
            "description": "ALLOWED_IPs",
            "filter_id": "a57ebe85a45543ce986889ce18c5965e",
            "id": "0cd5025da55547ac82c0cdbf518fafec",
            "paused": false,
            "priority": 4,
            "products": [],
            "zone_id": "ad0a89c0b057167a5eb0bc5f8de6f01a"
          },
          "sensitive_attributes": [],
          "private": "bnVsbA==",
          "dependencies": [
            "cloudflare_filter.ALLOWED_IP"
          ]
        },
        {
          "index_key": 141,
          "schema_version": 0,
          "attributes": {
            "action": "log",
            "description": "BOT-2-30-AEM-Perf",
            "filter_id": "4a1d269d06be483795dfd307ba1d71eb",
            "id": "15e11fbe694e4f22a62ac3b5a03e049d",
            "paused": false,
            "priority": 1,
            "products": [],
            "zone_id": "ad0a89c0b057167a5eb0bc5f8de6f01a"
          },
          "sensitive_attributes": [],
          "private": "bnVsbA==",
          "dependencies": [
            "cloudflare_filter.ALLOWED_IP"
          ]
        },
        {
          "index_key": 142,
          "schema_version": 0,
          "attributes": {
            "action": "log",
            "description": "Log Verified Bots",
            "filter_id": "dec2fd34936748a59080091d7779b72e",
            "id": "4f5e4ad6161e4c15abeb724ec302bf95",
            "paused": true,
            "priority": 2,
            "products": [],
            "zone_id": "ad0a89c0b057167a5eb0bc5f8de6f01a"
          },
          "sensitive_attributes": [],
          "private": "bnVsbA==",
          "dependencies": [
            "cloudflare_filter.ALLOWED_IP"
          ]
        },
        {
          "index_key": 143,
          "schema_version": 0,
          "attributes": {
            "action": "log",
            "description": "Log Bot Score 1",
            "filter_id": "9cb9f0a09ff740a5b42593894e5039b5",
            "id": "0871153516e24476bb2b4371f7311756",
            "paused": true,
            "priority": 3,
            "products": [],
            "zone_id": "ad0a89c0b057167a5eb0bc5f8de6f01a"
          },
          "sensitive_attributes": [],
          "private": "bnVsbA==",
          "dependencies": [
            "cloudflare_filter.ALLOWED_IP"
          ]
        },
        {
          "index_key": 144,
          "schema_version": 0,
          "attributes": {
            "action": "bypass",
            "description": "AEM_Allow_Rule ",
            "filter_id": "4b186bcd04564ca69e15367d8dc65fa8",
            "id": "ae87c79f0e66428fb518962ff6fb671d",
            "paused": false,
            "priority": 5,
            "products": [
              "bic",
              "hot",
              "rateLimit",
              "securityLevel",
              "uaBlock",
              "waf",
              "zoneLockdown"
            ],
            "zone_id": "ad0a89c0b057167a5eb0bc5f8de6f01a"
          },
          "sensitive_attributes": [],
          "private": "bnVsbA==",
          "dependencies": [
            "cloudflare_filter.ALLOWED_IP"
          ]
        },
        {
          "index_key": 145,
          "schema_version": 0,
          "attributes": {
            "action": "allow",
            "description": "ALLOWED_IPs",
            "filter_id": "a141e7fc8be14fecb0a03cf166b5a00a",
            "id": "5ce682f0a90c4e3b96a1440fee90942b",
            "paused": false,
            "priority": 4,
            "products": [],
            "zone_id": "39552b8398bb9d11f720efc8559081ec"
          },
          "sensitive_attributes": [],
          "private": "bnVsbA==",
          "dependencies": [
            "cloudflare_filter.ALLOWED_IP"
          ]
        },
        {
          "index_key": 146,
          "schema_version": 0,
          "attributes": {
            "action": "log",
            "description": "BOT-2-30-AEM-Perf",
            "filter_id": "fe2a67a0b0f14b0282525f0ab7220660",
            "id": "16e6bbb1aba145879c053529f7363d7f",
            "paused": false,
            "priority": 1,
            "products": [],
            "zone_id": "39552b8398bb9d11f720efc8559081ec"
          },
          "sensitive_attributes": [],
          "private": "bnVsbA==",
          "dependencies": [
            "cloudflare_filter.ALLOWED_IP"
          ]
        },
        {
          "index_key": 147,
          "schema_version": 0,
          "attributes": {
            "action": "log",
            "description": "Log Verified Bots",
            "filter_id": "4c94db1b41934478ade77053fc47b1f1",
            "id": "9b7404c5be3e488c915fe390a9419adc",
            "paused": true,
            "priority": 2,
            "products": [],
            "zone_id": "39552b8398bb9d11f720efc8559081ec"
          },
          "sensitive_attributes": [],
          "private": "bnVsbA==",
          "dependencies": [
            "cloudflare_filter.ALLOWED_IP"
          ]
        },
        {
          "index_key": 148,
          "schema_version": 0,
          "attributes": {
            "action": "log",
            "description": "Log Bot Score 1",
            "filter_id": "6268286489c445e482a8be4ce58c28b4",
            "id": "b4c64ac9c7254920bc6461f3e4375d4c",
            "paused": true,
            "priority": 3,
            "products": [],
            "zone_id": "39552b8398bb9d11f720efc8559081ec"
          },
          "sensitive_attributes": [],
          "private": "bnVsbA==",
          "dependencies": [
            "cloudflare_filter.ALLOWED_IP"
          ]
        },
        {
          "index_key": 149,
          "schema_version": 0,
          "attributes": {
            "action": "bypass",
            "description": "AEM_Allow_Rule ",
            "filter_id": "55939a49ab404fe893844ce24c01b94d",
            "id": "94ac05e007504cf5acaf044703631c7f",
            "paused": false,
            "priority": 5,
            "products": [
              "bic",
              "hot",
              "rateLimit",
              "securityLevel",
              "uaBlock",
              "waf",
              "zoneLockdown"
            ],
            "zone_id": "39552b8398bb9d11f720efc8559081ec"
          },
          "sensitive_attributes": [],
          "private": "bnVsbA==",
          "dependencies": [
            "cloudflare_filter.ALLOWED_IP"
          ]
        },
        {
          "index_key": 150,
          "schema_version": 0,
          "attributes": {
            "action": "allow",
            "description": "ALLOWED_IPs",
            "filter_id": "de783936ac68443c8d06eca0507c84a7",
            "id": "4440b87a13034963aa0c84b0e8cc9ffb",
            "paused": false,
            "priority": 4,
            "products": [],
            "zone_id": "c458721dd89df8a9b82a6bcff3cb2d11"
          },
          "sensitive_attributes": [],
          "private": "bnVsbA==",
          "dependencies": [
            "cloudflare_filter.ALLOWED_IP"
          ]
        },
        {
          "index_key": 151,
          "schema_version": 0,
          "attributes": {
            "action": "log",
            "description": "BOT-2-30-AEM-Perf",
            "filter_id": "7e44f88d1ced48b58a5231ebc9f99cc7",
            "id": "f6674d38bb03404f85ee05bc54a82d5b",
            "paused": false,
            "priority": 1,
            "products": [],
            "zone_id": "c458721dd89df8a9b82a6bcff3cb2d11"
          },
          "sensitive_attributes": [],
          "private": "bnVsbA==",
          "dependencies": [
            "cloudflare_filter.ALLOWED_IP"
          ]
        },
        {
          "index_key": 152,
          "schema_version": 0,
          "attributes": {
            "action": "log",
            "description": "Log Verified Bots",
            "filter_id": "1489e51ecbba46cfa61dd0c82e31628c",
            "id": "c051217faacc4d9e9f150479abfe547c",
            "paused": true,
            "priority": 2,
            "products": [],
            "zone_id": "c458721dd89df8a9b82a6bcff3cb2d11"
          },
          "sensitive_attributes": [],
          "private": "bnVsbA==",
          "dependencies": [
            "cloudflare_filter.ALLOWED_IP"
          ]
        },
        {
          "index_key": 153,
          "schema_version": 0,
          "attributes": {
            "action": "log",
            "description": "Log Bot Score 1",
            "filter_id": "9eb6e415ad89426bb34cfbf2721c2b62",
            "id": "7d15a109ddee440db966f7f36e9d9e52",
            "paused": true,
            "priority": 3,
            "products": [],
            "zone_id": "c458721dd89df8a9b82a6bcff3cb2d11"
          },
          "sensitive_attributes": [],
          "private": "bnVsbA==",
          "dependencies": [
            "cloudflare_filter.ALLOWED_IP"
          ]
        },
        {
          "index_key": 154,
          "schema_version": 0,
          "attributes": {
            "action": "bypass",
            "description": "AEM_Allow_Rule ",
            "filter_id": "a3461950bee446a8b001f4c3ff867960",
            "id": "987e879f4bfb48c792c7b3c3f273e3c5",
            "paused": false,
            "priority": 5,
            "products": [
              "bic",
              "hot",
              "rateLimit",
              "securityLevel",
              "uaBlock",
              "waf",
              "zoneLockdown"
            ],
            "zone_id": "c458721dd89df8a9b82a6bcff3cb2d11"
          },
          "sensitive_attributes": [],
          "private": "bnVsbA==",
          "dependencies": [
            "cloudflare_filter.ALLOWED_IP"
          ]
        },
        {
          "index_key": 155,
          "schema_version": 0,
          "attributes": {
            "action": "allow",
            "description": "ALLOWED_IPs",
            "filter_id": "ae4c740d291246af9c71f94dc2b7dfd2",
            "id": "cf822a5e37d2423bb9a9f02872055fc2",
            "paused": false,
            "priority": 4,
            "products": [],
            "zone_id": "5006b4ac19d1d524b582d350b1d76271"
          },
          "sensitive_attributes": [],
          "private": "bnVsbA==",
          "dependencies": [
            "cloudflare_filter.ALLOWED_IP"
          ]
        },
        {
          "index_key": 156,
          "schema_version": 0,
          "attributes": {
            "action": "log",
            "description": "BOT-2-30-AEM-Perf",
            "filter_id": "dbb478d3fce946c4a604377b5f5be1fe",
            "id": "7ce9c3e6ba074188920452b765999bc9",
            "paused": false,
            "priority": 1,
            "products": [],
            "zone_id": "5006b4ac19d1d524b582d350b1d76271"
          },
          "sensitive_attributes": [],
          "private": "bnVsbA==",
          "dependencies": [
            "cloudflare_filter.ALLOWED_IP"
          ]
        },
        {
          "index_key": 157,
          "schema_version": 0,
          "attributes": {
            "action": "log",
            "description": "Log Verified Bots",
            "filter_id": "f2a899a9fb32481d9d839290c4c0eef3",
            "id": "d809014d517a4a4da6d492fecab0a434",
            "paused": true,
            "priority": 2,
            "products": [],
            "zone_id": "5006b4ac19d1d524b582d350b1d76271"
          },
          "sensitive_attributes": [],
          "private": "bnVsbA==",
          "dependencies": [
            "cloudflare_filter.ALLOWED_IP"
          ]
        },
        {
          "index_key": 158,
          "schema_version": 0,
          "attributes": {
            "action": "log",
            "description": "Log Bot Score 1",
            "filter_id": "fd3ff2c9e3be4aec93304fcb74f0806a",
            "id": "2b4437a0f49248649e8d7d771fde8eb2",
            "paused": true,
            "priority": 3,
            "products": [],
            "zone_id": "5006b4ac19d1d524b582d350b1d76271"
          },
          "sensitive_attributes": [],
          "private": "bnVsbA==",
          "dependencies": [
            "cloudflare_filter.ALLOWED_IP"
          ]
        },
        {
          "index_key": 159,
          "schema_version": 0,
          "attributes": {
            "action": "bypass",
            "description": "AEM_Allow_Rule ",
            "filter_id": "89c7b61476184560b1c7eaba24e7fec8",
            "id": "a135b30b8a58443eb6bc44505f9e74ce",
            "paused": false,
            "priority": 5,
            "products": [
              "bic",
              "hot",
              "rateLimit",
              "securityLevel",
              "uaBlock",
              "waf",
              "zoneLockdown"
            ],
            "zone_id": "5006b4ac19d1d524b582d350b1d76271"
          },
          "sensitive_attributes": [],
          "private": "bnVsbA==",
          "dependencies": [
            "cloudflare_filter.ALLOWED_IP"
          ]
        },
        {
          "index_key": 160,
          "schema_version": 0,
          "attributes": {
            "action": "allow",
            "description": "ALLOWED_IPs",
            "filter_id": "f6916edde0874689b6e11a7027ff3410",
            "id": "5db47d7bbf4948ecabb4b4bea05d1de2",
            "paused": false,
            "priority": 4,
            "products": [],
            "zone_id": "c096cd0380e4ac3450d99c35e2f34696"
          },
          "sensitive_attributes": [],
          "private": "bnVsbA==",
          "dependencies": [
            "cloudflare_filter.ALLOWED_IP"
          ]
        },
        {
          "index_key": 161,
          "schema_version": 0,
          "attributes": {
            "action": "log",
            "description": "BOT-2-30-AEM-Perf",
            "filter_id": "acf5309976854a1497f97a9c7c38d402",
            "id": "7ad233b0b6fa4c99b312e7e0ca61e8ab",
            "paused": false,
            "priority": 1,
            "products": [],
            "zone_id": "c096cd0380e4ac3450d99c35e2f34696"
          },
          "sensitive_attributes": [],
          "private": "bnVsbA==",
          "dependencies": [
            "cloudflare_filter.ALLOWED_IP"
          ]
        },
        {
          "index_key": 162,
          "schema_version": 0,
          "attributes": {
            "action": "log",
            "description": "Log Verified Bots",
            "filter_id": "e16ef73db22b4e4790962514a05b634d",
            "id": "8a043dc981c3439dbabe6696b6ef39ce",
            "paused": true,
            "priority": 2,
            "products": [],
            "zone_id": "c096cd0380e4ac3450d99c35e2f34696"
          },
          "sensitive_attributes": [],
          "private": "bnVsbA==",
          "dependencies": [
            "cloudflare_filter.ALLOWED_IP"
          ]
        },
        {
          "index_key": 163,
          "schema_version": 0,
          "attributes": {
            "action": "log",
            "description": "Log Bot Score 1",
            "filter_id": "549b9132ce014be39b0fbb81269c1d9d",
            "id": "36042f2912984542b147cb929ad627ac",
            "paused": true,
            "priority": 3,
            "products": [],
            "zone_id": "c096cd0380e4ac3450d99c35e2f34696"
          },
          "sensitive_attributes": [],
          "private": "bnVsbA==",
          "dependencies": [
            "cloudflare_filter.ALLOWED_IP"
          ]
        },
        {
          "index_key": 164,
          "schema_version": 0,
          "attributes": {
            "action": "bypass",
            "description": "AEM_Allow_Rule ",
            "filter_id": "da8a4e4adf9a479b98b39e0b04805b94",
            "id": "d08cc12a737846b2bb0e051ff5d8a36d",
            "paused": false,
            "priority": 5,
            "products": [
              "bic",
              "hot",
              "rateLimit",
              "securityLevel",
              "uaBlock",
              "waf",
              "zoneLockdown"
            ],
            "zone_id": "c096cd0380e4ac3450d99c35e2f34696"
          },
          "sensitive_attributes": [],
          "private": "bnVsbA==",
          "dependencies": [
            "cloudflare_filter.ALLOWED_IP"
          ]
        },
        {
          "index_key": 165,
          "schema_version": 0,
          "attributes": {
            "action": "allow",
            "description": "ALLOWED_IPs",
            "filter_id": "cb90c27b8c6f4db58b2db5ccc516993c",
            "id": "39c69b9dd7d3401eb1fc48e296ae487d",
            "paused": false,
            "priority": 4,
            "products": [],
            "zone_id": "90d05c83d17c8f63ce1946fb65bb966f"
          },
          "sensitive_attributes": [],
          "private": "bnVsbA==",
          "dependencies": [
            "cloudflare_filter.ALLOWED_IP"
          ]
        },
        {
          "index_key": 166,
          "schema_version": 0,
          "attributes": {
            "action": "log",
            "description": "BOT-2-30-AEM-Perf",
            "filter_id": "2942026edab94389aaa82caafd855a96",
            "id": "1cbe3e21e90947769b592e0eac0706a3",
            "paused": false,
            "priority": 1,
            "products": [],
            "zone_id": "90d05c83d17c8f63ce1946fb65bb966f"
          },
          "sensitive_attributes": [],
          "private": "bnVsbA==",
          "dependencies": [
            "cloudflare_filter.ALLOWED_IP"
          ]
        },
        {
          "index_key": 167,
          "schema_version": 0,
          "attributes": {
            "action": "log",
            "description": "Log Verified Bots",
            "filter_id": "15280b5d6e704cc68c2e29441456e95d",
            "id": "226e2403f4a24ae78c62ad8bc50b490b",
            "paused": true,
            "priority": 2,
            "products": [],
            "zone_id": "90d05c83d17c8f63ce1946fb65bb966f"
          },
          "sensitive_attributes": [],
          "private": "bnVsbA==",
          "dependencies": [
            "cloudflare_filter.ALLOWED_IP"
          ]
        },
        {
          "index_key": 168,
          "schema_version": 0,
          "attributes": {
            "action": "log",
            "description": "Log Bot Score 1",
            "filter_id": "7580d0aab50b4dc796dca8e840bca592",
            "id": "1796649c6ceb4128a9653c1d51b27ca5",
            "paused": true,
            "priority": 3,
            "products": [],
            "zone_id": "90d05c83d17c8f63ce1946fb65bb966f"
          },
          "sensitive_attributes": [],
          "private": "bnVsbA==",
          "dependencies": [
            "cloudflare_filter.ALLOWED_IP"
          ]
        },
        {
          "index_key": 169,
          "schema_version": 0,
          "attributes": {
            "action": "bypass",
            "description": "AEM_Allow_Rule ",
            "filter_id": "74f927f58e5f491986d19fef8775e133",
            "id": "c7042de4968f49e99fc709c4b83d6f99",
            "paused": false,
            "priority": 5,
            "products": [
              "bic",
              "hot",
              "rateLimit",
              "securityLevel",
              "uaBlock",
              "waf",
              "zoneLockdown"
            ],
            "zone_id": "90d05c83d17c8f63ce1946fb65bb966f"
          },
          "sensitive_attributes": [],
          "private": "bnVsbA==",
          "dependencies": [
            "cloudflare_filter.ALLOWED_IP"
          ]
        },
        {
          "index_key": 170,
          "schema_version": 0,
          "attributes": {
            "action": "allow",
            "description": "ALLOWED_IPs",
            "filter_id": "00299a5f52ea41a299bf4a5f69c08ec0",
            "id": "f455107c8cb449ba9412bcdd69b24083",
            "paused": false,
            "priority": 4,
            "products": [],
            "zone_id": "9b9f1ec179c9dde4857df0a0bdee9f8e"
          },
          "sensitive_attributes": [],
          "private": "bnVsbA==",
          "dependencies": [
            "cloudflare_filter.ALLOWED_IP"
          ]
        },
        {
          "index_key": 171,
          "schema_version": 0,
          "attributes": {
            "action": "log",
            "description": "BOT-2-30-AEM-Perf",
            "filter_id": "e0d8971828a04c98b923169d5eaf0e90",
            "id": "42c7ef940ea74cb7b24dc4ddde8e47d2",
            "paused": false,
            "priority": 1,
            "products": [],
            "zone_id": "9b9f1ec179c9dde4857df0a0bdee9f8e"
          },
          "sensitive_attributes": [],
          "private": "bnVsbA==",
          "dependencies": [
            "cloudflare_filter.ALLOWED_IP"
          ]
        },
        {
          "index_key": 172,
          "schema_version": 0,
          "attributes": {
            "action": "log",
            "description": "Log Verified Bots",
            "filter_id": "0095d650006f414ebbba644e0d5cb866",
            "id": "0ad1f836538e4d2ea66de31199b1474c",
            "paused": true,
            "priority": 2,
            "products": [],
            "zone_id": "9b9f1ec179c9dde4857df0a0bdee9f8e"
          },
          "sensitive_attributes": [],
          "private": "bnVsbA==",
          "dependencies": [
            "cloudflare_filter.ALLOWED_IP"
          ]
        },
        {
          "index_key": 173,
          "schema_version": 0,
          "attributes": {
            "action": "log",
            "description": "Log Bot Score 1",
            "filter_id": "90e26568fa29454ba882954951549c06",
            "id": "0026db562a8e409cb9e7a4e741391bac",
            "paused": true,
            "priority": 3,
            "products": [],
            "zone_id": "9b9f1ec179c9dde4857df0a0bdee9f8e"
          },
          "sensitive_attributes": [],
          "private": "bnVsbA==",
          "dependencies": [
            "cloudflare_filter.ALLOWED_IP"
          ]
        },
        {
          "index_key": 174,
          "schema_version": 0,
          "attributes": {
            "action": "bypass",
            "description": "AEM_Allow_Rule ",
            "filter_id": "679f2c52eaec437bb9f6065e9e074522",
            "id": "f3128a2ca0e449e9936d95036bea2ef4",
            "paused": false,
            "priority": 5,
            "products": [
              "bic",
              "hot",
              "rateLimit",
              "securityLevel",
              "uaBlock",
              "waf",
              "zoneLockdown"
            ],
            "zone_id": "9b9f1ec179c9dde4857df0a0bdee9f8e"
          },
          "sensitive_attributes": [],
          "private": "bnVsbA==",
          "dependencies": [
            "cloudflare_filter.ALLOWED_IP"
          ]
        },
        {
          "index_key": 175,
          "schema_version": 0,
          "attributes": {
            "action": "allow",
            "description": "ALLOWED_IPs",
            "filter_id": "0dcd59e0334542e5afe455700ee18162",
            "id": "89af7050d24c49629f93180d290bd2d9",
            "paused": false,
            "priority": 4,
            "products": [],
            "zone_id": "38e2f44ff2c77ff9253a775f2a114df5"
          },
          "sensitive_attributes": [],
          "private": "bnVsbA==",
          "dependencies": [
            "cloudflare_filter.ALLOWED_IP"
          ]
        },
        {
          "index_key": 176,
          "schema_version": 0,
          "attributes": {
            "action": "log",
            "description": "BOT-2-30-AEM-Perf",
            "filter_id": "7f7be805d51c4ecf828863e005d01915",
            "id": "a67ebc9cfb6d45fd842d5b3f2cc61de9",
            "paused": false,
            "priority": 1,
            "products": [],
            "zone_id": "38e2f44ff2c77ff9253a775f2a114df5"
          },
          "sensitive_attributes": [],
          "private": "bnVsbA==",
          "dependencies": [
            "cloudflare_filter.ALLOWED_IP"
          ]
        },
        {
          "index_key": 177,
          "schema_version": 0,
          "attributes": {
            "action": "log",
            "description": "Log Verified Bots",
            "filter_id": "ffe84c6b0277426a850e5c54fd05810c",
            "id": "8c7d9c07e8b04cf3a8407e2ef7261b2b",
            "paused": true,
            "priority": 2,
            "products": [],
            "zone_id": "38e2f44ff2c77ff9253a775f2a114df5"
          },
          "sensitive_attributes": [],
          "private": "bnVsbA==",
          "dependencies": [
            "cloudflare_filter.ALLOWED_IP"
          ]
        },
        {
          "index_key": 178,
          "schema_version": 0,
          "attributes": {
            "action": "log",
            "description": "Log Bot Score 1",
            "filter_id": "e82d4567d0204889a7c6f75464ed7cb4",
            "id": "c3efb07229344bfa874e914fee51bf3b",
            "paused": true,
            "priority": 3,
            "products": [],
            "zone_id": "38e2f44ff2c77ff9253a775f2a114df5"
          },
          "sensitive_attributes": [],
          "private": "bnVsbA==",
          "dependencies": [
            "cloudflare_filter.ALLOWED_IP"
          ]
        },
        {
          "index_key": 179,
          "schema_version": 0,
          "attributes": {
            "action": "bypass",
            "description": "AEM_Allow_Rule ",
            "filter_id": "9362a60905b040acb7205399edca1712",
            "id": "86eecbb58d794490a92a1a8f61eb0638",
            "paused": false,
            "priority": 5,
            "products": [
              "bic",
              "hot",
              "rateLimit",
              "securityLevel",
              "uaBlock",
              "waf",
              "zoneLockdown"
            ],
            "zone_id": "38e2f44ff2c77ff9253a775f2a114df5"
          },
          "sensitive_attributes": [],
          "private": "bnVsbA==",
          "dependencies": [
            "cloudflare_filter.ALLOWED_IP"
          ]
        },
        {
          "index_key": 180,
          "schema_version": 0,
          "attributes": {
            "action": "allow",
            "description": "ALLOWED_IPs",
            "filter_id": "9aa2bfb831424f978a69d51996646f0a",
            "id": "c000b54887f148a3869c4d2863e3a4d2",
            "paused": false,
            "priority": 4,
            "products": [],
            "zone_id": "6cef6b320e2b3026dc7cd10a39e14885"
          },
          "sensitive_attributes": [],
          "private": "bnVsbA==",
          "dependencies": [
            "cloudflare_filter.ALLOWED_IP"
          ]
        },
        {
          "index_key": 181,
          "schema_version": 0,
          "attributes": {
            "action": "log",
            "description": "BOT-2-30-AEM-Perf",
            "filter_id": "e5ef637c47e74db8859472f582efea2c",
            "id": "313aa553503c4c01bee8c29709ad379b",
            "paused": false,
            "priority": 1,
            "products": [],
            "zone_id": "6cef6b320e2b3026dc7cd10a39e14885"
          },
          "sensitive_attributes": [],
          "private": "bnVsbA==",
          "dependencies": [
            "cloudflare_filter.ALLOWED_IP"
          ]
        },
        {
          "index_key": 182,
          "schema_version": 0,
          "attributes": {
            "action": "log",
            "description": "Log Verified Bots",
            "filter_id": "860ebbafc9f3420bbfa43768f47b6318",
            "id": "915efa8a8abc44a1b4ec58b40c682d84",
            "paused": true,
            "priority": 2,
            "products": [],
            "zone_id": "6cef6b320e2b3026dc7cd10a39e14885"
          },
          "sensitive_attributes": [],
          "private": "bnVsbA==",
          "dependencies": [
            "cloudflare_filter.ALLOWED_IP"
          ]
        },
        {
          "index_key": 183,
          "schema_version": 0,
          "attributes": {
            "action": "log",
            "description": "Log Bot Score 1",
            "filter_id": "2cd308e3d5b4430f9a04ffe234d3744a",
            "id": "d78d88c7fa3b4a50ac018b5c88be86c4",
            "paused": true,
            "priority": 3,
            "products": [],
            "zone_id": "6cef6b320e2b3026dc7cd10a39e14885"
          },
          "sensitive_attributes": [],
          "private": "bnVsbA==",
          "dependencies": [
            "cloudflare_filter.ALLOWED_IP"
          ]
        },
        {
          "index_key": 184,
          "schema_version": 0,
          "attributes": {
            "action": "bypass",
            "description": "AEM_Allow_Rule ",
            "filter_id": "87c18520ec114d3cababa075e46a3ced",
            "id": "8da5cdf7c2cc4d0f88266de522270838",
            "paused": false,
            "priority": 5,
            "products": [
              "bic",
              "hot",
              "rateLimit",
              "securityLevel",
              "uaBlock",
              "waf",
              "zoneLockdown"
            ],
            "zone_id": "6cef6b320e2b3026dc7cd10a39e14885"
          },
          "sensitive_attributes": [],
          "private": "bnVsbA==",
          "dependencies": [
            "cloudflare_filter.ALLOWED_IP"
          ]
        },
        {
          "index_key": 185,
          "schema_version": 0,
          "attributes": {
            "action": "allow",
            "description": "ALLOWED_IPs",
            "filter_id": "ea921f9cef5c4aa88cff37ac82f8f1b7",
            "id": "d61daac4c4f84328b81abeb5fcc7e160",
            "paused": false,
            "priority": 4,
            "products": [],
            "zone_id": "4aac1810ba9d299c28e36ecbb1169b8c"
          },
          "sensitive_attributes": [],
          "private": "bnVsbA==",
          "dependencies": [
            "cloudflare_filter.ALLOWED_IP"
          ]
        },
        {
          "index_key": 186,
          "schema_version": 0,
          "attributes": {
            "action": "log",
            "description": "BOT-2-30-AEM-Perf",
            "filter_id": "8621bada92824895b3ae3dbb1f0d4a3d",
            "id": "1bc7129efba04699aa7fe621175d957d",
            "paused": false,
            "priority": 1,
            "products": [],
            "zone_id": "4aac1810ba9d299c28e36ecbb1169b8c"
          },
          "sensitive_attributes": [],
          "private": "bnVsbA==",
          "dependencies": [
            "cloudflare_filter.ALLOWED_IP"
          ]
        },
        {
          "index_key": 187,
          "schema_version": 0,
          "attributes": {
            "action": "log",
            "description": "Log Verified Bots",
            "filter_id": "5a75e6d061eb47d49bc3af5a59e63460",
            "id": "a0e4efdbdce14da6bdc04f9b96a8a172",
            "paused": true,
            "priority": 2,
            "products": [],
            "zone_id": "4aac1810ba9d299c28e36ecbb1169b8c"
          },
          "sensitive_attributes": [],
          "private": "bnVsbA==",
          "dependencies": [
            "cloudflare_filter.ALLOWED_IP"
          ]
        },
        {
          "index_key": 188,
          "schema_version": 0,
          "attributes": {
            "action": "log",
            "description": "Log Bot Score 1",
            "filter_id": "ca437c0c4ae74bc893afaafa9426599c",
            "id": "ebd8511a26664735a6931d71b3fc69fa",
            "paused": true,
            "priority": 3,
            "products": [],
            "zone_id": "4aac1810ba9d299c28e36ecbb1169b8c"
          },
          "sensitive_attributes": [],
          "private": "bnVsbA==",
          "dependencies": [
            "cloudflare_filter.ALLOWED_IP"
          ]
        },
        {
          "index_key": 189,
          "schema_version": 0,
          "attributes": {
            "action": "bypass",
            "description": "AEM_Allow_Rule ",
            "filter_id": "94174d4129754679ba74ee4f4a80e5f7",
            "id": "211b3e53c209444f9084e1a4c7f3085e",
            "paused": false,
            "priority": 5,
            "products": [
              "bic",
              "hot",
              "rateLimit",
              "securityLevel",
              "uaBlock",
              "waf",
              "zoneLockdown"
            ],
            "zone_id": "4aac1810ba9d299c28e36ecbb1169b8c"
          },
          "sensitive_attributes": [],
          "private": "bnVsbA==",
          "dependencies": [
            "cloudflare_filter.ALLOWED_IP"
          ]
        },
        {
          "index_key": 190,
          "schema_version": 0,
          "attributes": {
            "action": "allow",
            "description": "ALLOWED_IPs",
            "filter_id": "471f7fa3a3954a35a7689ae98d7157f5",
            "id": "a6d9ee47f3924b199b92b2c7d2f480d5",
            "paused": false,
            "priority": 4,
            "products": [],
            "zone_id": "484e98d797d288bd19848bf615d8bfc8"
          },
          "sensitive_attributes": [],
          "private": "bnVsbA==",
          "dependencies": [
            "cloudflare_filter.ALLOWED_IP"
          ]
        },
        {
          "index_key": 191,
          "schema_version": 0,
          "attributes": {
            "action": "log",
            "description": "BOT-2-30-AEM-Perf",
            "filter_id": "332d1bdb2c4b4186953a3b510a4d9451",
            "id": "f248f9a3e7ba4bda958ef1776a6e6db0",
            "paused": false,
            "priority": 1,
            "products": [],
            "zone_id": "484e98d797d288bd19848bf615d8bfc8"
          },
          "sensitive_attributes": [],
          "private": "bnVsbA==",
          "dependencies": [
            "cloudflare_filter.ALLOWED_IP"
          ]
        },
        {
          "index_key": 192,
          "schema_version": 0,
          "attributes": {
            "action": "log",
            "description": "Log Verified Bots",
            "filter_id": "3fe89c28298f44608ba21bb6d5bcbbf8",
            "id": "d2a88e5fa53144f7828163ae48cc809c",
            "paused": true,
            "priority": 2,
            "products": [],
            "zone_id": "484e98d797d288bd19848bf615d8bfc8"
          },
          "sensitive_attributes": [],
          "private": "bnVsbA==",
          "dependencies": [
            "cloudflare_filter.ALLOWED_IP"
          ]
        },
        {
          "index_key": 193,
          "schema_version": 0,
          "attributes": {
            "action": "log",
            "description": "Log Bot Score 1",
            "filter_id": "671bf50da15b42cc996c3e10675d4d03",
            "id": "057e2b5fcbfd4b75aaabad7943be735d",
            "paused": true,
            "priority": 3,
            "products": [],
            "zone_id": "484e98d797d288bd19848bf615d8bfc8"
          },
          "sensitive_attributes": [],
          "private": "bnVsbA==",
          "dependencies": [
            "cloudflare_filter.ALLOWED_IP"
          ]
        },
        {
          "index_key": 194,
          "schema_version": 0,
          "attributes": {
            "action": "bypass",
            "description": "AEM_Allow_Rule ",
            "filter_id": "58b77070bf964e2c9068b8075a0d42bf",
            "id": "4e6e07a9ab6e453a8985414f22a1e77a",
            "paused": false,
            "priority": 5,
            "products": [
              "bic",
              "hot",
              "rateLimit",
              "securityLevel",
              "uaBlock",
              "waf",
              "zoneLockdown"
            ],
            "zone_id": "484e98d797d288bd19848bf615d8bfc8"
          },
          "sensitive_attributes": [],
          "private": "bnVsbA==",
          "dependencies": [
            "cloudflare_filter.ALLOWED_IP"
          ]
        },
        {
          "index_key": 195,
          "schema_version": 0,
          "attributes": {
            "action": "allow",
            "description": "ALLOWED_IPs",
            "filter_id": "701a78fc31e849f291cb1fc468e18298",
            "id": "b1643413d6bf4ba1ac59b7deacf528a1",
            "paused": false,
            "priority": 4,
            "products": [],
            "zone_id": "bfde4b609dfdc43525bcad2a91738656"
          },
          "sensitive_attributes": [],
          "private": "bnVsbA==",
          "dependencies": [
            "cloudflare_filter.ALLOWED_IP"
          ]
        },
        {
          "index_key": 196,
          "schema_version": 0,
          "attributes": {
            "action": "log",
            "description": "BOT-2-30-AEM-Perf",
            "filter_id": "4535d53972b148daa7ada9c915a4cfe0",
            "id": "fa48489398404bb4ab390fec2cfa4533",
            "paused": false,
            "priority": 1,
            "products": [],
            "zone_id": "bfde4b609dfdc43525bcad2a91738656"
          },
          "sensitive_attributes": [],
          "private": "bnVsbA==",
          "dependencies": [
            "cloudflare_filter.ALLOWED_IP"
          ]
        },
        {
          "index_key": 197,
          "schema_version": 0,
          "attributes": {
            "action": "log",
            "description": "Log Verified Bots",
            "filter_id": "a7d0fe7990ee48d0a769d61b1727d389",
            "id": "f4ad5b38ab084083933559abeb7408e6",
            "paused": true,
            "priority": 2,
            "products": [],
            "zone_id": "bfde4b609dfdc43525bcad2a91738656"
          },
          "sensitive_attributes": [],
          "private": "bnVsbA==",
          "dependencies": [
            "cloudflare_filter.ALLOWED_IP"
          ]
        },
        {
          "index_key": 198,
          "schema_version": 0,
          "attributes": {
            "action": "log",
            "description": "Log Bot Score 1",
            "filter_id": "d5cb58a7fc734e4cb30234190bcdab88",
            "id": "c8b2687de6db433bb0a52fd613fc7c20",
            "paused": true,
            "priority": 3,
            "products": [],
            "zone_id": "bfde4b609dfdc43525bcad2a91738656"
          },
          "sensitive_attributes": [],
          "private": "bnVsbA==",
          "dependencies": [
            "cloudflare_filter.ALLOWED_IP"
          ]
        },
        {
          "index_key": 199,
          "schema_version": 0,
          "attributes": {
            "action": "bypass",
            "description": "AEM_Allow_Rule ",
            "filter_id": "cb45e551ad5b453391285a3d78178386",
            "id": "c186902480f142ab9dee25174dd64185",
            "paused": false,
            "priority": 5,
            "products": [
              "bic",
              "hot",
              "rateLimit",
              "securityLevel",
              "uaBlock",
              "waf",
              "zoneLockdown"
            ],
            "zone_id": "bfde4b609dfdc43525bcad2a91738656"
          },
          "sensitive_attributes": [],
          "private": "bnVsbA==",
          "dependencies": [
            "cloudflare_filter.ALLOWED_IP"
          ]
        },
        {
          "index_key": 200,
          "schema_version": 0,
          "attributes": {
            "action": "allow",
            "description": "ALLOWED_IPs",
            "filter_id": "12217582f9a1417ba29fc0e1200f3d8b",
            "id": "7a2549c6acf842a5a27cefc63fab3ed8",
            "paused": false,
            "priority": 4,
            "products": [],
            "zone_id": "48bc337f0ab09bce2c71da1550ab78c1"
          },
          "sensitive_attributes": [],
          "private": "bnVsbA==",
          "dependencies": [
            "cloudflare_filter.ALLOWED_IP"
          ]
        },
        {
          "index_key": 201,
          "schema_version": 0,
          "attributes": {
            "action": "log",
            "description": "BOT-2-30-AEM-Perf",
            "filter_id": "ede9e92e7f5342568557d66d7de7c465",
            "id": "d9c999e58d2549a6bd1e351e1f476981",
            "paused": false,
            "priority": 1,
            "products": [],
            "zone_id": "48bc337f0ab09bce2c71da1550ab78c1"
          },
          "sensitive_attributes": [],
          "private": "bnVsbA==",
          "dependencies": [
            "cloudflare_filter.ALLOWED_IP"
          ]
        },
        {
          "index_key": 202,
          "schema_version": 0,
          "attributes": {
            "action": "log",
            "description": "Log Verified Bots",
            "filter_id": "79230a7fe92a4088b75bf5fced039881",
            "id": "cc5cb69d4c0b4f38b97d4ef033930538",
            "paused": true,
            "priority": 2,
            "products": [],
            "zone_id": "48bc337f0ab09bce2c71da1550ab78c1"
          },
          "sensitive_attributes": [],
          "private": "bnVsbA==",
          "dependencies": [
            "cloudflare_filter.ALLOWED_IP"
          ]
        },
        {
          "index_key": 203,
          "schema_version": 0,
          "attributes": {
            "action": "log",
            "description": "Log Bot Score 1",
            "filter_id": "149452563b9447b9a968862733ec32c5",
            "id": "a1393ec065454b8f9d5ba20983335313",
            "paused": true,
            "priority": 3,
            "products": [],
            "zone_id": "48bc337f0ab09bce2c71da1550ab78c1"
          },
          "sensitive_attributes": [],
          "private": "bnVsbA==",
          "dependencies": [
            "cloudflare_filter.ALLOWED_IP"
          ]
        },
        {
          "index_key": 204,
          "schema_version": 0,
          "attributes": {
            "action": "bypass",
            "description": "AEM_Allow_Rule ",
            "filter_id": "0b9348ed65774dd79ab0e813cb173807",
            "id": "3213a36888a84c49b47cba3f2fd9c9a6",
            "paused": false,
            "priority": 5,
            "products": [
              "bic",
              "hot",
              "rateLimit",
              "securityLevel",
              "uaBlock",
              "waf",
              "zoneLockdown"
            ],
            "zone_id": "48bc337f0ab09bce2c71da1550ab78c1"
          },
          "sensitive_attributes": [],
          "private": "bnVsbA==",
          "dependencies": [
            "cloudflare_filter.ALLOWED_IP"
          ]
        }
      ]
    }
  ]
}
