{
  "version": 4,
  "terraform_version": "1.2.9",
  "serial": 918,
  "lineage": "67287c7f-961e-7dc3-770a-c62b22582bf5",
  "outputs": {},
  "resources": [
    {
      "mode": "managed",
      "type": "cloudflare_worker_route",
      "name": "catch_all_route",
      "provider": "provider[\"registry.terraform.io/cloudflare/cloudflare\"]",
      "instances": [
        {
          "index_key": 0,
          "schema_version": 0,
          "attributes": {
            "id": "6fd64a3dc91c4d50b3de15ff55f127da",
            "pattern": "https://action-aem-perf.scholastic.com/*",
            "script_name": "scholastic-aem-perf",
            "zone_id": "bc945a30f0f6592727d4752ecedbe0b1"
          },
          "sensitive_attributes": [],
          "private": "bnVsbA==",
          "dependencies": [
            "cloudflare_worker_script.main_script"
          ]
        },
        {
          "index_key": 1,
          "schema_version": 0,
          "attributes": {
            "id": "7c41430842fb45ce9667e25266b238e0",
            "pattern": "https://art-aem-perf.scholastic.com/*",
            "script_name": "scholastic-aem-perf",
            "zone_id": "41f222bfe675f10c038e668167848c85"
          },
          "sensitive_attributes": [],
          "private": "bnVsbA==",
          "dependencies": [
            "cloudflare_worker_script.main_script"
          ]
        },
        {
          "index_key": 2,
          "schema_version": 0,
          "attributes": {
            "id": "fc289505d0584a6b888e4d544a0fe777",
            "pattern": "https://choices-aem-perf.scholastic.com/*",
            "script_name": "scholastic-aem-perf",
            "zone_id": "ab2f4f118ab70e9fc5f426543c055416"
          },
          "sensitive_attributes": [],
          "private": "bnVsbA==",
          "dependencies": [
            "cloudflare_worker_script.main_script"
          ]
        },
        {
          "index_key": 3,
          "schema_version": 0,
          "attributes": {
            "id": "1523732ab5f64a88a414d65e73a0c563",
            "pattern": "https://classroommagazines-aem-perf.scholastic.com/*",
            "script_name": "scholastic-aem-perf",
            "zone_id": "63c5ceb68b001c2a98db309eb9d7c4b9"
          },
          "sensitive_attributes": [],
          "private": "bnVsbA==",
          "dependencies": [
            "cloudflare_worker_script.main_script"
          ]
        },
        {
          "index_key": 4,
          "schema_version": 0,
          "attributes": {
            "id": "caa80990104443449266fc40629165c3",
            "pattern": "https://dynamath-aem-perf.scholastic.com/*",
            "script_name": "scholastic-aem-perf",
            "zone_id": "5a9e368a43e3ff841bbb8dac3cc1254c"
          },
          "sensitive_attributes": [],
          "private": "bnVsbA==",
          "dependencies": [
            "cloudflare_worker_script.main_script"
          ]
        },
        {
          "index_key": 5,
          "schema_version": 0,
          "attributes": {
            "id": "b72a58ee0c1e4f869a7409df2e0f3952",
            "pattern": "https://junior-aem-perf.scholastic.com/*",
            "script_name": "scholastic-aem-perf",
            "zone_id": "9ac76bca3b1aef392c8ffe71473d1072"
          },
          "sensitive_attributes": [],
          "private": "bnVsbA==",
          "dependencies": [
            "cloudflare_worker_script.main_script"
          ]
        },
        {
          "index_key": 6,
          "schema_version": 0,
          "attributes": {
            "id": "feb6bc8c4e5d4ede92471c562c7b819a",
            "pattern": "https://learnathome-aem-perf.scholastic.com/*",
            "script_name": "scholastic-aem-perf",
            "zone_id": "eae83c0029a6397afd56fe75a04b9a9c"
          },
          "sensitive_attributes": [],
          "private": "bnVsbA==",
          "dependencies": [
            "cloudflare_worker_script.main_script"
          ]
        },
        {
          "index_key": 7,
          "schema_version": 0,
          "attributes": {
            "id": "ad53a17c8c1849c79d5c8cb85e5a76ef",
            "pattern": "https://letsfindout-aem-perf.scholastic.com/*",
            "script_name": "scholastic-aem-perf",
            "zone_id": "0e19cd749d67d0924fb9265f8cb933b1"
          },
          "sensitive_attributes": [],
          "private": "bnVsbA==",
          "dependencies": [
            "cloudflare_worker_script.main_script"
          ]
        },
        {
          "index_key": 8,
          "schema_version": 0,
          "attributes": {
            "id": "efc780afecbe48988880747f003b168b",
            "pattern": "https://magazines-aem-perf.scholastic.com/*",
            "script_name": "scholastic-aem-perf",
            "zone_id": "0feefbdac98b7f4d4158d65b6ea61674"
          },
          "sensitive_attributes": [],
          "private": "bnVsbA==",
          "dependencies": [
            "cloudflare_worker_script.main_script"
          ]
        },
        {
          "index_key": 9,
          "schema_version": 0,
          "attributes": {
            "id": "854085b3fe3d429aa33866ed75f2b43f",
            "pattern": "https://math-aem-perf.scholastic.com/*",
            "script_name": "scholastic-aem-perf",
            "zone_id": "acc9bd366979db49bad0326ded459086"
          },
          "sensitive_attributes": [],
          "private": "bnVsbA==",
          "dependencies": [
            "cloudflare_worker_script.main_script"
          ]
        },
        {
          "index_key": 10,
          "schema_version": 0,
          "attributes": {
            "id": "37d764f01b9e465fa317f9700c0cd744",
            "pattern": "https://mybigworld-aem-perf.scholastic.com/*",
            "script_name": "scholastic-aem-perf",
            "zone_id": "bc3d029fdfc5d277b36c8f980620adad"
          },
          "sensitive_attributes": [],
          "private": "bnVsbA==",
          "dependencies": [
            "cloudflare_worker_script.main_script"
          ]
        },
        {
          "index_key": 11,
          "schema_version": 0,
          "attributes": {
            "id": "85e426b69fc94047ad1e1894afc15346",
            "pattern": "https://sciencespin2-aem-perf.scholastic.com/*",
            "script_name": "scholastic-aem-perf",
            "zone_id": "b89ac351a66aebe2e7858d37234138ea"
          },
          "sensitive_attributes": [],
          "private": "bnVsbA==",
          "dependencies": [
            "cloudflare_worker_script.main_script"
          ]
        },
        {
          "index_key": 12,
          "schema_version": 0,
          "attributes": {
            "id": "1406d16b888445368e2d530134c98f15",
            "pattern": "https://sciencespin36-aem-perf.scholastic.com/*",
            "script_name": "scholastic-aem-perf",
            "zone_id": "64a85adfbcaf6c24bc108b17996371be"
          },
          "sensitive_attributes": [],
          "private": "bnVsbA==",
          "dependencies": [
            "cloudflare_worker_script.main_script"
          ]
        },
        {
          "index_key": 13,
          "schema_version": 0,
          "attributes": {
            "id": "749872cd02ea48e4b820daa769d43e0a",
            "pattern": "https://sciencespink1-aem-perf.scholastic.com/*",
            "script_name": "scholastic-aem-perf",
            "zone_id": "ea605703f04bf72111a0050b380aec3e"
          },
          "sensitive_attributes": [],
          "private": "bnVsbA==",
          "dependencies": [
            "cloudflare_worker_script.main_script"
          ]
        },
        {
          "index_key": 14,
          "schema_version": 0,
          "attributes": {
            "id": "f6e47ea66a6f479682d17a70d78693aa",
            "pattern": "https://scienceworld-aem-perf.scholastic.com/*",
            "script_name": "scholastic-aem-perf",
            "zone_id": "6eae54d490c5bb039fad4f8ad9bf1308"
          },
          "sensitive_attributes": [],
          "private": "bnVsbA==",
          "dependencies": [
            "cloudflare_worker_script.main_script"
          ]
        },
        {
          "index_key": 15,
          "schema_version": 0,
          "attributes": {
            "id": "6e2a303916624bcc896e5cdc4c6e7415",
            "pattern": "https://scope-aem-perf.scholastic.com/*",
            "script_name": "scholastic-aem-perf",
            "zone_id": "090bd8ff4877b4bff7902afdd6acb3ad"
          },
          "sensitive_attributes": [],
          "private": "bnVsbA==",
          "dependencies": [
            "cloudflare_worker_script.main_script"
          ]
        },
        {
          "index_key": 16,
          "schema_version": 0,
          "attributes": {
            "id": "58df5d8a55a14a45bdad8b89b927a766",
            "pattern": "https://sn56-aem-perf.scholastic.com/*",
            "script_name": "scholastic-aem-perf",
            "zone_id": "7df867203515c9e4db8bf8f8717b6f61"
          },
          "sensitive_attributes": [],
          "private": "bnVsbA==",
          "dependencies": [
            "cloudflare_worker_script.main_script"
          ]
        },
        {
          "index_key": 17,
          "schema_version": 0,
          "attributes": {
            "id": "fd7bf036a48c4288af48af124c875ac0",
            "pattern": "https://sn1-aem-perf.scholastic.com/*",
            "script_name": "scholastic-aem-perf",
            "zone_id": "6c83765f98db6c07bdba516e26929f1d"
          },
          "sensitive_attributes": [],
          "private": "bnVsbA==",
          "dependencies": [
            "cloudflare_worker_script.main_script"
          ]
        },
        {
          "index_key": 18,
          "schema_version": 0,
          "attributes": {
            "id": "0414dbad04cc414b948dddcdb1ae669a",
            "pattern": "https://sn2-aem-perf.scholastic.com/*",
            "script_name": "scholastic-aem-perf",
            "zone_id": "75cb06cc8093a6baf65d7a2b712395a4"
          },
          "sensitive_attributes": [],
          "private": "bnVsbA==",
          "dependencies": [
            "cloudflare_worker_script.main_script"
          ]
        },
        {
          "index_key": 19,
          "schema_version": 0,
          "attributes": {
            "id": "16da1aca9c1d4e5994b4a5d1cfe1a78e",
            "pattern": "https://sn3-aem-perf.scholastic.com/*",
            "script_name": "scholastic-aem-perf",
            "zone_id": "74a43825daa642eb7b98a0e64b9d679a"
          },
          "sensitive_attributes": [],
          "private": "bnVsbA==",
          "dependencies": [
            "cloudflare_worker_script.main_script"
          ]
        },
        {
          "index_key": 20,
          "schema_version": 0,
          "attributes": {
            "id": "d8b4b800aa6442598b60cf3d171cdd50",
            "pattern": "https://sn4-aem-perf.scholastic.com/*",
            "script_name": "scholastic-aem-perf",
            "zone_id": "e979bbcf2878048ff82a15c6399a9a62"
          },
          "sensitive_attributes": [],
          "private": "bnVsbA==",
          "dependencies": [
            "cloudflare_worker_script.main_script"
          ]
        },
        {
          "index_key": 21,
          "schema_version": 0,
          "attributes": {
            "id": "41267276ae564afeb0a5910eac10149f",
            "pattern": "https://storyworks-aem-perf.scholastic.com/*",
            "script_name": "scholastic-aem-perf",
            "zone_id": "9b9f1ec179c9dde4857df0a0bdee9f8e"
          },
          "sensitive_attributes": [],
          "private": "bnVsbA==",
          "dependencies": [
            "cloudflare_worker_script.main_script"
          ]
        },
        {
          "index_key": 22,
          "schema_version": 0,
          "attributes": {
            "id": "e682487c78834060b6c1a4d71ed8ca14",
            "pattern": "https://storyworks2-aem-perf.scholastic.com/*",
            "script_name": "scholastic-aem-perf",
            "zone_id": "c096cd0380e4ac3450d99c35e2f34696"
          },
          "sensitive_attributes": [],
          "private": "bnVsbA==",
          "dependencies": [
            "cloudflare_worker_script.main_script"
          ]
        },
        {
          "index_key": 23,
          "schema_version": 0,
          "attributes": {
            "id": "7b4c6fe716d54b1aad0bfb2365a9488b",
            "pattern": "https://storyworks3-aem-perf.scholastic.com/*",
            "script_name": "scholastic-aem-perf",
            "zone_id": "90d05c83d17c8f63ce1946fb65bb966f"
          },
          "sensitive_attributes": [],
          "private": "bnVsbA==",
          "dependencies": [
            "cloudflare_worker_script.main_script"
          ]
        },
        {
          "index_key": 24,
          "schema_version": 0,
          "attributes": {
            "id": "3954e314158a4232b8830ba320d0cb30",
            "pattern": "https://storyworksjr-aem-perf.scholastic.com/*",
            "script_name": "scholastic-aem-perf",
            "zone_id": "38e2f44ff2c77ff9253a775f2a114df5"
          },
          "sensitive_attributes": [],
          "private": "bnVsbA==",
          "dependencies": [
            "cloudflare_worker_script.main_script"
          ]
        },
        {
          "index_key": 25,
          "schema_version": 0,
          "attributes": {
            "id": "dca976ddb2e74f959c8fa17438b3ce99",
            "pattern": "https://superscience-aem-perf.scholastic.com/*",
            "script_name": "scholastic-aem-perf",
            "zone_id": "6cef6b320e2b3026dc7cd10a39e14885"
          },
          "sensitive_attributes": [],
          "private": "bnVsbA==",
          "dependencies": [
            "cloudflare_worker_script.main_script"
          ]
        },
        {
          "index_key": 26,
          "schema_version": 0,
          "attributes": {
            "id": "cef2c303b8f247888ec1b22113e1c67d",
            "pattern": "https://upfront-aem-perf.scholastic.com/*",
            "script_name": "scholastic-aem-perf",
            "zone_id": "484e98d797d288bd19848bf615d8bfc8"
          },
          "sensitive_attributes": [],
          "private": "bnVsbA==",
          "dependencies": [
            "cloudflare_worker_script.main_script"
          ]
        },
        {
          "index_key": 27,
          "schema_version": 0,
          "attributes": {
            "id": "9da25d51198e42fab163d7bf91b77441",
            "pattern": "https://watchandlearn-aem-perf.scholastic.com/*",
            "script_name": "scholastic-aem-perf",
            "zone_id": "bfde4b609dfdc43525bcad2a91738656"
          },
          "sensitive_attributes": [],
          "private": "bnVsbA==",
          "dependencies": [
            "cloudflare_worker_script.main_script"
          ]
        }
      ]
    },
    {
      "mode": "managed",
      "type": "cloudflare_worker_script",
      "name": "main_script",
      "provider": "provider[\"registry.terraform.io/cloudflare/cloudflare\"]",
      "instances": [
        {
          "schema_version": 0,
          "attributes": {
            "content": "addEventListener(\"fetch\", (event) =\u003e {\n  let { pathname } = new URL(event.request.url);\n  // Allow \"/ignore/*\" URLs to hit origin\n  if (pathname.includes('/bin/')) return;\n  event.respondWith(handleRequest(event.request).catch(\n    (err) =\u003e new Response(err.stack, { status: 500 })\n  )\n  );\n});\n\n\n/**\n* @description request handler method to inject business rules on fly.\n* @param {Request} request\n* @returns {Promise\u003cResponse\u003e}\n*/\n\nasync function handleRequest(request) {\n\n  const decodedUrlPath = decodeURI(encodeURI(new URL(request.url.toLowerCase())))\n  const params = new URLSearchParams(decodedUrlPath.search)\n\n  let clientRequest = new URL(request.url.toLowerCase())\n  let requestMethod = request.method\n  let hostname = (clientRequest.host.split(\".\")[0] == \"www\") ? clientRequest.host.split(\".\")[1] : clientRequest.host.split(\".\")[0] // retrieve subdomain i.e. art, sni choice etc\n  let desiredURL = \"\"\n\n\n  let isHTTPSRequest = decodedUrlPath.startsWith(\"https\")\n\n  //Logic to get the formData so that the request can be passed without missing any params during a simple forward (fetch)\n  //let existingFormData = await clientRequest.formData\n  //console.log(\"The existing Form Data from the request is \",existingFormData)\n\n  const redirectRule = async (keyValueList) =\u003e {\n    exactURLMatch = await keyValueList.get(decodeURI(request.url.toLowerCase()))\n    // console.log(\"exactURLMatch : \",exactURLMatch)\n    if (exactURLMatch) {\n      desiredURL = exactURLMatch\n      if (params.toString() != \"\") {\n        desiredURL = desiredURL + \"?\" + params.toString()\n      }\n      console.log(\"Exact URL Matched returning: redirecting to URL # \", desiredURL)\n      return Response.redirect(desiredURL, 301)\n    } else {\n      // replace https to http\n      requestedURL = new URL(request.url.toLowerCase())\n      console.log(\"The requestedURL's protocol is: \", requestedURL.protocol)\n      //switch to http\n      // requestedURL.protocol = \"http\" //Todo: remove this http logic \n      console.log(\"The newly requested http prefixed URL is \", requestedURL)\n      console.log(\"The newly requested http URL encodeURI \", encodeURI(requestedURL))\n      console.log(\"The newly requested http URL encodeURI \u003e decodeURI \", decodeURI(encodeURI(requestedURL)))\n      console.log(\"The newly requested http URL plain decodeURIComponent \", decodeURIComponent(requestedURL))\n      exactUrlMatchWithHttp = await keyValueList.get(decodeURI(encodeURI(requestedURL)))\n      console.log(\"The exactUrlMatchWithHttp status with HTTP URL is\", exactUrlMatchWithHttp)\n      if (exactUrlMatchWithHttp) {\n        desiredURL = exactUrlMatchWithHttp\n        if (params.toString() != \"\") {\n          desiredURL = desiredURL + \"?\" + params.toString()\n        }\n        console.log(\"Exact URL Matched with HTTP Protocol returning: redirecting to URL # \", desiredURL)\n        return Response.redirect(desiredURL, 301)\n      } \n      decryptedExactUrlMatchWithHttp = await keyValueList.get(decodeURIComponent(requestedURL))\n       if (decryptedExactUrlMatchWithHttp) {\n        desiredURL = decryptedExactUrlMatchWithHttp\n        if (params.toString() != \"\") {\n          desiredURL = desiredURL + \"?\" + params.toString()\n        }\n        console.log(\"Exact decrypted URL Matched with HTTP Protocol returning: redirecting to URL # \", desiredURL)\n        return Response.redirect(desiredURL, 301)\n      }\n    }\n\n\n    // Logic to handle http://domain.com/path/* rule  \n    let tempPath = decodedUrlPath.replace(\"https\", \"http\") // Todo:  decodeURI(request.url)\n\n    tempPath = decodedUrlPath.split(\"/\") // Todo:  decodeURI(request.url)\n    tempPath[tempPath.length - 1] = \"*\"\n    tempPath = tempPath.toString().replace(/,/g, \"/\")\n    console.log(\"The Temp Path constructed is :\", tempPath)\n\n    const partialMatch = await keyValueList.list({ prefix: tempPath }) // retrieve the list of URLs from KVs under list\n\n    if (partialMatch \u0026\u0026 partialMatch.keys.length \u003e 0) {\n      const desiredURL = (await keyValueList.getWithMetadata(partialMatch.keys[0].name)).value\n        if (params.toString() != \"\") {\n          desiredURL = desiredURL + \"?\" + params.toString()\n        }\n      console.log(\"Partial URL Matched: redirecting to URL # \", desiredURL, partialMatch)\n      return Response.redirect(desiredURL, 301)\n    }\n\n    let finalUrlPath = isHTTPSRequest ? decodedUrlPath : decodedUrlPath.replace(\"http\", \"https\")\n    console.log(\"Going to forward Requested default URL return (After replacing http to https): with formData\", finalUrlPath)\n\n    //return fetch(finalUrlPath,{method:requestMethod,body:existingFormData})\n    // We don't need to do finalUrlPath as the original request itself has https. so a simple fetch(request) takes care of retaining HTTPS\n    return fetch(request)\n\n  }\n\n\n  switch (hostname) {\n    case \"action\":\n      return redirectRule(ACTION)\n\n    case \"action-aem-perf\":\n      return redirectRule(ACTION)\n\n    case \"art\":\n      return redirectRule(ART)\n\n    case \"art-aem-perf\":\n      return redirectRule(ART)\n\n    case \"art-beta\":\n      return redirectRule(ART)\n\n    case \"choices\":\n      return redirectRule(CHOICES)\n\n    case \"choices-aem-perf\":\n      return redirectRule(CHOICES)\n\n    case \"choices-beta\":\n      return redirectRule(CHOICES)\n\n    case \"choicesideabook\":\n      return redirectRule(CHOICESIDEABOOK)\n\n    case \"choicesideabook-aem-perf\":\n      return redirectRule(CHOICESIDEABOOK)\n\n    case \"classroommagazines-aem-perf\":\n      return redirectRule(CLASSROOMMAGAZINES)\n\n    case \"clifford-aem-perf\":\n      return redirectRule(CLIFFORD)\n\n    case \"dynamath-aem-perf\":\n      return redirectRule(DYNAMATH)\n\n    case \"geographyspin-aem-perf\":\n      return redirectRule(GEOGRAPHYSPIN)\n\n    case \"junior-aem-perf\":\n      return redirectRule(JUNIOR)\n\n    case \"learnathome-aem-perf\":\n      return redirectRule(LEARNATHOME)\n\n    case \"letsfindout-aem-perf\":\n      return redirectRule(LETSFINDOUT)\n\n    case \"magazines-aem-perf\":\n      return redirectRule(MAGAZINES)\n      \n    case \"mybigworld-aem-perf\":\n      return redirectRule(MYBIGWORLD)\n\n    case \"math\":\n      return redirectRule(MATH)\n\n    case \"math-aem-perf\":\n      return redirectRule(MATH)\n\n    case \"sciencespin-2\":\n      return redirectRule(SCIENCESPIN2)\n\n    case \"sciencespin2\":\n      return redirectRule(SCIENCESPIN2)\n\n    case \"sciencespin2-aem-perf\":\n      return redirectRule(SCIENCESPIN2)\n\n    case \"sciencespin-k1\":\n      return redirectRule(SCIENCESPINK1)\n\n    case \"sciencespink1\":\n      return redirectRule(SCIENCESPINK1)\n\n    case \"sciencespink1-aem-perf\":\n      return redirectRule(SCIENCESPINK1)\n\n    case \"scienceworld-aem-perf\":\n      return redirectRule(SCIENCEWORLD)\n\n    case \"scope-aem-perf\":\n      return redirectRule(SCOPE)\n\n    case \"scopeideabook\":\n      return redirectRule(SCOPEIDEABOOK)\n\n    case \"sn56-aem-perf\":\n      return redirectRule(SN56)\n\n    case \"sni\":\n      return redirectRule(SNI)\n\n    case \"sn1-aem-perf\":\n      return redirectRule(SNI1)\n\n    case \"sni1-aem-perf\":\n      return redirectRule(SNI1)\n\n    case \"sn2-aem-perf\":\n      return redirectRule(SNI2)\n\n    case \"sni2-aem-perf\":\n      return redirectRule(SNI2)\n\n    case \"sn3-aem-perf\":\n      return redirectRule(SNI3)\n\n    case \"sni3-aem-perf\":\n      return redirectRule(SNI3)\n\n    case \"sn4-aem-perf\":\n      return redirectRule(SNI4)\n\n    case \"sni4-aem-perf\":\n      return redirectRule(SNI4)\n\n    case \"storyworks-aem-perf\":\n      return redirectRule(STORYWORKS)\n\n    case \"storyworks2-aem-perf\":\n      return redirectRule(STORYWORKS2)\n\n    case \"storyworks3-aem-perf\":\n      return redirectRule(STORYWORKS3)\n\n    case \"storyworksideabook\":\n      return redirectRule(STORYWORKSIDEABOOK)\n\n    case \"storyworksjr-aem-perf\":\n      return redirectRule(STORYWORKSJR)\n\n    case \"superscience-aem-perf\":\n      return redirectRule(SUPERSCIENCE)\n\n    case \"upfront-aem-perf\":\n      return redirectRule(UPFRONT)\n\n    case \"sciencespin36-aem-perf\":\n      return redirectRule(SCIENCESPIN36)\n\n    case \"watchandlearn-aem-perf\":\n      return redirectRule(WATCHANDLEARN)\n  \n    default:\n      console.log(\"Domain not programmed with worker, forward to : \", decodedUrlPath)\n      let finalUrlPath = isHTTPSRequest ? decodedUrlPath : decodedUrlPath.replace(\"http\", \"https\")\n      console.log(\"Domain not programmed with worker, redirect to https path : \", finalUrlPath)\n      return fetch(request)\n  }\n\n}",
            "id": "scholastic-aem-perf",
            "kv_namespace_binding": [
              {
                "name": "ACTION",
                "namespace_id": "59b56664a98144a49e668d8bab8486cd"
              },
              {
                "name": "ART",
                "namespace_id": "632ba17380a540d2a4271f9dd2127b5b"
              },
              {
                "name": "CHOICES",
                "namespace_id": "015a31e4f77e4cbbb9e9d6e2be946a46"
              },
              {
                "name": "CHOICESIDEABOOK",
                "namespace_id": "30e645ac43434b8982214da532886a95"
              },
              {
                "name": "CLASSROOMMAGAZINES",
                "namespace_id": "092f04fd07a34b08b705b97834babe8a"
              },
              {
                "name": "DYNAMATH",
                "namespace_id": "d3b0bdef38c64778a0c73d27ae5a771a"
              },
              {
                "name": "JUNIOR",
                "namespace_id": "868230be584a486b829cac766738cb0d"
              },
              {
                "name": "LEARNATHOME",
                "namespace_id": "7d89de141db04287827d9a7c800e7235"
              },
              {
                "name": "LETSFINDOUT",
                "namespace_id": "9773099ccc644be6b4b767ca978a55ca"
              },
              {
                "name": "MAGAZINES",
                "namespace_id": "fe594d22d2d844ca97cbada334f883a8"
              },
              {
                "name": "MATH",
                "namespace_id": "cf51d23842744b38aa1c25c447e47c92"
              },
              {
                "name": "MYBIGWORLD",
                "namespace_id": "d03f8492cd14440983dbf1d1d5e732ba"
              },
              {
                "name": "SCIENCESPIN2",
                "namespace_id": "8b61469898b34d75946e495667ec115d"
              },
              {
                "name": "SCIENCESPIN36",
                "namespace_id": "b96e5769bda64d65810a66bcda42fd77"
              },
              {
                "name": "SCIENCESPINK1",
                "namespace_id": "5ee652dfc19a45c384728e3cff21cd50"
              },
              {
                "name": "SCIENCEWORLD",
                "namespace_id": "32ece752a7354210a1b3d9d4627c7391"
              },
              {
                "name": "SCOPE",
                "namespace_id": "56b07d9fe3c24e6194697c635ee4af98"
              },
              {
                "name": "SCOPEIDEABOOK",
                "namespace_id": "8eeed66786c94e8d81cb795e10d7cb6a"
              },
              {
                "name": "SN56",
                "namespace_id": "eaac8aa1a1f34cdbaffdb5465a9b4552"
              },
              {
                "name": "SNI",
                "namespace_id": "5e997e18a8174e34a18d34e7a092820c"
              },
              {
                "name": "SNI1",
                "namespace_id": "3e649614a289410f83d087c8266ccf62"
              },
              {
                "name": "SNI2",
                "namespace_id": "1e329bb8ca444bc0ab1f1e9ae855a0c4"
              },
              {
                "name": "SNI3",
                "namespace_id": "7bd988cf005a43679057a2258a437b5a"
              },
              {
                "name": "SNI4",
                "namespace_id": "a37c74c125dc4d30aa86ec809057ee21"
              },
              {
                "name": "STORYWORKS",
                "namespace_id": "efe7130fdbcb4e4fa1df347a0cd174d7"
              },
              {
                "name": "STORYWORKS2",
                "namespace_id": "f9920e417870477fa5792d0c404ad645"
              },
              {
                "name": "STORYWORKS3",
                "namespace_id": "33272c1a8dca4a67a1f43d5424b1f8f5"
              },
              {
                "name": "STORYWORKSIDEABOOK",
                "namespace_id": "4de66e83d51c47e3bff4248bafd4ab97"
              },
              {
                "name": "STORYWORKSJR",
                "namespace_id": "de33adbd9c6a48d188c3b5347dea91a1"
              },
              {
                "name": "SUPERSCIENCE",
                "namespace_id": "3643a1781e43446dae18a067335bf951"
              },
              {
                "name": "UPFRONT",
                "namespace_id": "3d5685eec0954bf896f80f06390c5530"
              },
              {
                "name": "WATCHANDLEARN",
                "namespace_id": "e4db24a900274fceb62685d8139253a5"
              }
            ],
            "name": "scholastic-aem-perf",
            "plain_text_binding": [],
            "secret_text_binding": [],
            "webassembly_binding": []
          },
          "sensitive_attributes": [],
          "private": "bnVsbA=="
        }
      ]
    }
  ]
}
